U2FsdGVkX19TWxZQievm8HjIM27AF8WWJPzjU8ryZaM77YQzedjkTe+1L4pcWi94
WFlTAY6Ms1dvAwU0XmFAkJ/kwfJ8KHaKeQGoKGybFVt23XrojUCSwY+tcJzFtEaM
9iGmpwqXdji07xshgCllUm5WE3Gbp3/aUxHIE+Eh5boWjBYwNMmOWaKajsP3cMUe
9C3xFVEIpwMAB+dsqeqkvgMn1KE6G4NOUmpe196osqCrY8sUaZLAnr+rPfXj8e6X
fLUngqBmEJ5kBYzPdavDpKeitpbWoeLrE70i4ceELbdSx070JXIPOUgHp1i/V86Y
tg3IFpANWdvdLL5H4yZuVTOZ8c2qGhwKbcbGQvH31nQ/DvkFlQX/ccltmboRUBVR
rT83Ak9qqo4pLZMLUDwbRyABv4UL8Wn3ALmfIvK3dcixQSY/J+ZUg0uyje9VZIjf
YEnnT/xQWr9PTYW5/JTSExmz7ciX3w5dg6yuF4jvXTvGMxmLfSKk5V/D7IW4dZim
dyGf/yRfxW5KLLIbWZ9i+yuy6q9qhK8iqswmQhhNxyrj4NK1Gh8sMxNuGAW7zGc8
Hm8xIyZvw/y/Fuq+z+WmIJ7SKljt+85+uIpfLm7R5GkQ8PyD89asAeIU6+bln2sY
i2uPl7V4nZOxqiKWxnYPTH18UR8w73hE9IFRy8FmjGWqZY8OPefrvSqcJdwQgqCp
et03HS7uHFVY5yK9VNHVazQrWxzcJBMvM7ZzVftAKRZ1HUlsrOfZLBPABJhdwZbK
Rk0hZ0IpbEKLlhP6mgEqtPsWogBKVSxnlViOLdJi1g0Lx9qY+9r7l/6U3eQxy/7G
GPTKnOQAd7LObKZfsnek7NYibloHxeEQh68w+9yJtEIMWr+Z2WfcFQOel5h2z61E
BAC9DTK9eKn0ILWr0oimIAeqjBGeZtlAM//IEARxGffRWMs3FOn5VW7q/kbzqA+l
/j6JERQcZQFfS/GX5dvFX7YJJRw2Kr9cTuEfvRe7/slQXN27tT7yUwMmAHxtkKdr
0KoXaDZc+jSsWDBb+dsQ2uc9RsLskPaG18kKsppz8g2IvAA85ni8ZIIqC4YjKI2v
N2R6wKCuruLrVV2Eq/A0vm4P9sZCg8Bpojjk6PsNlXa7+QO0rXJbdi6b2XwuntGq
Ijc4/oWgeI/WBSIpoZYbS4AfGAwsmJEKt9/SYRRJMyMd/dIQyyfWFDFJWl2bsTo/
