U2FsdGVkX19TWxZQievm8HjIM27AF8WWJPzjU8ryZaM77YQzedjkTe+1L4pcWi94
WFlTAY6Ms1dvAwU0XmFAkJ/kwfJ8KHaKeQGoKGybFVt23XrojUCSwY+tcJzFtEaM
9iGmpwqXdji07xshgCllUm5WE3Gbp3/aUxHIE+Eh5boWjBYwNMmOWaKajsP3cMUe
9C3xFVEIpwMAB+dsqeqkvgMn1KE6G4NOUmpe196osqCrY8sUaZLAnr+rPfXj8e6X
fLUngqBmEJ5kBYzPdavDpKeitpbWoeLrE70i4ceELbdSx070JXIPOUgHp1i/V86Y
tg3IFpANWdvdLL5H4yZuVTOZ8c2qGhwKbcbGQvH31nQ/DvkFlQX/ccltmboRUBVR
rT83Ak9qqo4pLZMLUDwbRyABv4UL8Wn3ALmfIvK3dcixQSY/J+ZUg0uyje9VZIjf
YEnnT/xQWr9PTYW5/JTSExmz7ciX3w5dg6yuF4jvXTvGMxmLfSKk5V/D7IW4dZim
dyGf/yRfxW5KLLIbWZ9i+yuy6q9qhK8iqswmQhhNxyrj4NK1Gh8sMxNuGAW7zGc8
NHdrCsOWGzSi9NN3yBjTdlE3aHsMyyemXBuyyoj8QLpdbzY7Xzk8RJJxDMYPsofO
i2uPl7V4nZOxqiKWxnYPTJjqumxUoPPzXkibRB7yxJvt2Adnt85RoI4fC/2NcFtZ
piuXAfzJm6izFFVbuWIl4xmz7ciX3w5dg6yuF4jvXTuhT90SA1ZmDLSNNclFVGTs
vcGJslThBnPl5XwnzWf0suKnBfaZ0Gck8KnN1hjGq19p53WE8Kj4fnnHceXkGDLZ
aXlTnSZ/JHCmLZ75KI8z+tpXSYK4U4wjawp8RHrfMrj7FqIASlUsZ5VYji3SYtYN
C8famPva+5f+lN3kMcv+xhj0ypzkAHeyzmymX7J3pOzWIm5aB8XhEIevMPvcibRC
DFq/mdln3BUDnpeYds+tRGZJAaFlq1+rTs9KB3pkva7f3Au5UfHgkx/sn3lDkmYV
jG6z6J3lqIdGSfR2wo4O7gfoyn3QEmcwIC1/cXlePGmvnsgIaerqQEGKKmE20EVt
GxYURnF74+Xjo/j2lS7y7nlOMq4w+eE0UEy1v1o3NpgE4ezffGsYpDCEJQ6UIX+g
wdDuC7PlQJVEd9i/4TiobpUD8ksbiPGzFnEREGRnxJxVDANxz70AybO+zfjoqmQm
OzmRVM7Pe3xOalHmtdZbxzsFWfLEzbmalyeCpPhXhZmIWTFI8xYPijjg86KBiHEi
5beCD8ZmdLCBzoA/EsWJEyeMOis3/nfdKLSCCDgAUgw=
