U2FsdGVkX19TWxZQievm8HjIM27AF8WWJPzjU8ryZaM77YQzedjkTe+1L4pcWi94
WFlTAY6Ms1dvAwU0XmFAkJ/kwfJ8KHaKeQGoKGybFVt23XrojUCSwY+tcJzFtEaM
9iGmpwqXdji07xshgCllUm5WE3Gbp3/aUxHIE+Eh5boWjBYwNMmOWaKajsP3cMUe
9C3xFVEIpwMAB+dsqeqkvgMn1KE6G4NOUmpe196osqCrY8sUaZLAnr+rPfXj8e6X
fLUngqBmEJ5kBYzPdavDpKeitpbWoeLrE70i4ceELbdSx070JXIPOUgHp1i/V86Y
tg3IFpANWdvdLL5H4yZuVTOZ8c2qGhwKbcbGQvH31nQ/DvkFlQX/ccltmboRUBVR
rT83Ak9qqo4pLZMLUDwbRyABv4UL8Wn3ALmfIvK3dcixQSY/J+ZUg0uyje9VZIjf
YEnnT/xQWr9PTYW5/JTSExmz7ciX3w5dg6yuF4jvXTvGMxmLfSKk5V/D7IW4dZim
dyGf/yRfxW5KLLIbWZ9i+yuy6q9qhK8iqswmQhhNxyrj4NK1Gh8sMxNuGAW7zGc8
NHdrCsOWGzSi9NN3yBjTdlE3aHsMyyemXBuyyoj8QLpdbzY7Xzk8RJJxDMYPsofO
i2uPl7V4nZOxqiKWxnYPTJjqumxUoPPzXkibRB7yxJvt2Adnt85RoI4fC/2NcFtZ
piuXAfzJm6izFFVbuWIl4xmz7ciX3w5dg6yuF4jvXTvGMxmLfSKk5V/D7IW4dZim
kc4ES/RfFLWK/UUJkFykKg82FtVrUh9VuOzNQKL5omgMjyBtmqM1vtOp2+g4oqFa
ESwT3OyL0r8PbFAcJoSwQ4AP70NaU9Jhm23eQf1Cn4Xp/+jNUyZb17AJWWTQO485
p3bnOGVUscvu3w7PPeahVmuP35imOYvy35VwLsnHmHj9XDI8GK+uUs3TWqTVgd9t
qZ7CTvDDSi2XAFNUojFUgWqr7lB8PLpd2DAVBzwe0dK63Mh0GQ2pfWuJTjhnXOkx
eFIif85WFu4w4U3f34pWx6kDEAjS1BfvTNpte+rzjemAJu3pmxCKvnEbcOcTQfwH
/JnIUkg6VpDQGgpMhQP2aRvRGWqbO6e3cFTPPf0Z3RAQt1SkLocvbc4L8gCvKfwy
pGVKp0AXfbcJGyRPLq333uftVHqH690q7CbOmrqwDo/Qbpv4eO797k+iLfMelk1s
iFzMee8gD4XcJpuE3b4SBTqCTbOBP5lQeBx1scFiO5oKu0Bq1ziwW8ixgrbPBlSE
wrw+/kL9uoRhUMIvnEcjnDT4dipwZ3SOulyYMiU8ET8hBTns4QzkIqSUBmImqA70
GrQS4Ox7J5qD4j7YdOgHZZkg/pddJauHfCgYVhQefeC+fDfHds3VT4H1ZLspViqN
Q4HJJqDLd+XI1AKVBle7ZIGyrKPS0vLDNk2p+A0rXcQHqowRnmbZQDP/yBAEcRn3
0VjLNxTp+VVu6v5G86gPpf4+iREUHGUBX0vxl+XbxV9xJQaXbEwSUoDC9CSY4DXi
lPj+WKGRIuhdwwyye/xkr5xkTSnsF1+pSmghkacPQlSG25YaBABCdwFJjIWla2xB
omowC/KK/F7Z5wGUnYDIUZOOhgtAodZp2X0PRnABXHJuYsOh/b3xre9ehbtrF9Qo
bXvTaPMDYGV1e47x2KAEQ1WDKZY2TT5aIjM0/WyPQRnvwpGbVGGBs6I1rX9Ki/tN
+xaiAEpVLGeVWI4t0mLWDQvH2pj72vuX/pTd5DHL/sYY9Mqc5AB3ss5spl+yd6Ts
1iJuWgfF4RCHrzD73Im0QhkI7Z8pZ5ji+4cQoAqPtJ8CYYSB+HWx6BMpTO94bVXW
Z4i1EN4Q1USgFc8EWaumX0HrpM7S8DLGBWDZuiYktbZKzGsutK3YGjdVQNwvAmDE
rBXoZjQfOk+MeyHn74OQTILmvY36zB73gXoeAjeJQ3Vn33CBiLYaKK2r0yU8sZVn
6t1Xw8L8EvMN/hq09E5qebL78/W5hgr77GoWuupYv3ypAxAI0tQX70zabXvq843p
gCbt6ZsQir5xG3DnE0H8B/yZyFJIOlaQ0BoKTIUD9mkb0Rlqmzunt3BUzz39Gd0Q
ELdUpC6HL23OC/IAryn8MkicudQHp/JUebY2NcVezXi+J0uauYy9miPbwoMrA+Gs
rWoaRjplaCuscQGv9hARnhAdHEy7qDu0zBc5kOEXtQZxUFAlw+wtgt48/WR3/M4l
eB8bWu5KQ1E3/91+k/nn/V7rr2DWvLmwG9uCb1LBZOscV21IwbsqAsD5F0dA55lp
i/oHEaMPCLEjhKZrJ+srtw2h6N46xvC34mbGmkblO/ELx9qY+9r7l/6U3eQxy/7G
XcLQ3HescBl8s6Q/+GT/8KckxAYzeP7JLy5eEHambhkZCO2fKWeY4vuHEKAKj7Sf
GxmbCB5hDKvR1zMQ9XbB0QJSPNvT6CcDI0Wyd1IoEsRknnR9ju0aXKkfqaZLKP+R
v1R46sFHrnWk7Or4EwvpfpPBtno9J7qKTyR3sDPq8ubnPUbC7JD2htfJCrKac/IN
/EHwn3BjtTOo5ZePmUEhnzdkesCgrq7i61VdhKvwNL5uD/bGQoPAaaI45Oj7DZV2
u/kDtK1yW3Yum9l8Lp7RqoikA+TpqM2kKc5ONuApWQF6W4/0t+Ro3DUX8rkDwLWj
nfLjbq/ZB5hZ5gep4NDBoI3PtMK7jb74PhG6e+B1Rd9asvRgQk+z+2QbvK3OUIww
no/wRZlnJoMMW+fY32aWeYvYePWco46AcMua48exJOdotYISQzF5QkdT2UHEG4dH
OHdoj52sZ6+7NFuuMjOChwVgKBPx/DgqFNTrKC0LfYAk5hhdvpgDAUw7kVCq7Iiy
9UY0fjldVSS8YpP/oEjn4tJwjgu9nf7WotCeuQgnFPm2AqgXDAg8zbtDR1azMqrV
BihjZGk3XGKczAXsMuwJjTDhxtXa+VznNwVaUT1tZlQP9hZIpKG54vJY5zr6gc9Q
RSfQwhS4Z0v5RkaCSpBwzeftVHqH690q7CbOmrqwDo9bxxtom5j3fQ4vd3/1/rNF
YWabuBa5p3DSfWZzDSlMtBy+Cb6A7eVFcKYw3BdxZVd50OA2E3pwSjsRrnQvqJp3
h8B+He8OUZVsSDcyL4Xzj6O77EeZohpX+D6nMShVyIGr7UUzXa/i2a4Od2MtCbkU
k46GC0Ch1mnZfQ9GcAFccg4WI1AU6fN/HLcAvmBqzuSHfMITURye190HvGUtolDw
VYMpljZNPloiMzT9bI9BGTEhGG8mN1bkXNhYCS9K7K80+HYqcGd0jrpcmDIlPBE/
8lY3z9bi1LYEjARZvL3geBq0EuDseyeag+I+2HToB2VdDW0tzyn/RqRCqBpB0t8d
zDUZ6PNwaIxeSUCW60fv0kfqDqQEpx/WHAfXDpj2ZwOUu8yWhWRbeUSx0DJsiE8q
9C4NquHMWJhk8DHXxFPJC4Am7embEIq+cRtw5xNB/AcsoRAd02AVWgeFmPXAFDRs
QX7IZopTTF3jpWHinsmzi5OSM7HNqKbWXnPk36vF+FdAWGYny/FTiekL49Qzn3Rk
vizO4L3qXWvKGcWNFeol2Inj2xIkh3xeyApkPCTIEH9TllO+JZFq+l94dFIp/Wu0
jDqf69A4lTE+Ioe9t8bLTnQWAnjnFFZU74suv3ojIkCjsI/norvE4y/kL8MkK5mZ
+sEsz/wdlvVX3nz+izlFN3dG8469TQlApqnF82mty1vpNgE58OkNjv+I8cdNvDGh
D1HnFyo+R9f6W0DnpUYSPwl7B9CNMsPK3UxqEZAM1D0XDxKaccBKRbYukrPOycxG
SsxrLrSt2Bo3VUDcLwJgxNk8BhTflQsooNy7nsYLKP+pQeO84KjSDhzo5e+HZXnT
xnF58ngygW8Ac00XbNw8PufLPHA7rxdsxVpSf40/f8w=
