U2FsdGVkX19TWxZQievm8HjIM27AF8WWJPzjU8ryZaM77YQzedjkTe+1L4pcWi94
WFlTAY6Ms1dvAwU0XmFAkJ/kwfJ8KHaKeQGoKGybFVt23XrojUCSwY+tcJzFtEaM
9iGmpwqXdji07xshgCllUm5WE3Gbp3/aUxHIE+Eh5boWjBYwNMmOWaKajsP3cMUe
9C3xFVEIpwMAB+dsqeqkvgMn1KE6G4NOUmpe196osqCrY8sUaZLAnr+rPfXj8e6X
fLUngqBmEJ5kBYzPdavDpKeitpbWoeLrE70i4ceELbdSx070JXIPOUgHp1i/V86Y
tg3IFpANWdvdLL5H4yZuVTOZ8c2qGhwKbcbGQvH31nQ/DvkFlQX/ccltmboRUBVR
rT83Ak9qqo4pLZMLUDwbRyABv4UL8Wn3ALmfIvK3dcixQSY/J+ZUg0uyje9VZIjf
YEnnT/xQWr9PTYW5/JTSExmz7ciX3w5dg6yuF4jvXTvGMxmLfSKk5V/D7IW4dZim
dyGf/yRfxW5KLLIbWZ9i+yuy6q9qhK8iqswmQhhNxyrj4NK1Gh8sMxNuGAW7zGc8
NHdrCsOWGzSi9NN3yBjTdlE3aHsMyyemXBuyyoj8QLpdbzY7Xzk8RJJxDMYPsofO
i2uPl7V4nZOxqiKWxnYPTJjqumxUoPPzXkibRB7yxJvt2Adnt85RoI4fC/2NcFtZ
piuXAfzJm6izFFVbuWIl4xmz7ciX3w5dg6yuF4jvXTuhT90SA1ZmDLSNNclFVGTs
vcGJslThBnPl5XwnzWf0suKnBfaZ0Gck8KnN1hjGq18w/LnKmFhyZy4VknAgvlTI
h1tdQxuXccUIV8dgmeg3z/qiSglRYauSujzIjW2JeXmMOp/r0DiVMT4ih723xstO
pIfqpKkWVVrBLolrjf0CRc3+bgzlaqr6zWm/1I8IfaDpNgE58OkNjv+I8cdNvDGh
WmVbdOzauOl9xBS3tHpnMDeVHTFpWLdpS5pycuCpAN+pAxAI0tQX70zabXvq843p
gCbt6ZsQir5xG3DnE0H8B/yZyFJIOlaQ0BoKTIUD9mkb0Rlqmzunt3BUzz39Gd0Q
ELdUpC6HL23OC/IAryn8MnA7Fut+0hUHM8MzS/Y2I8SMbrPoneWoh0ZJ9HbCjg7u
B+jKfdASZzAgLX9xeV48aa+eyAhp6upAQYoqYTbQRW3MrCX+3oGpP2cLmnfyPJiD
0S17Z1dk63x7k05KIKruPTplLzz0pK3TZ7oKUS6YjHk6IgKFDnI1hQZgtT5TlEAE
omowC/KK/F7Z5wGUnYDIUZOOhgtAodZp2X0PRnABXHJuYsOh/b3xre9ehbtrF9Qo
bXvTaPMDYGV1e47x2KAEQ1WDKZY2TT5aIjM0/WyPQRkURS9sciy6ZoYpf+EbEi08
vidLmrmMvZoj28KDKwPhrK1qGkY6ZWgrrHEBr/YQEZ4QHRxMu6g7tMwXOZDhF7UG
3S6VgteRHO55Do25T/CpiUdOBhMYUb/v20HsGPLz5LSede1TPHU0u5gX6PdsjNui
5+1Ueofr3SrsJs6aurAOj9Bum/h47v3uT6It8x6WTWyIXMx57yAPhdwmm4TdvhIF
OoJNs4E/mVB4HHWxwWI7mgq7QGrXOLBbyLGCts8GVIS0TNSHm9bNb8Wvt0dvqE/z
Z4f2NawsaYd9Hjif6Ou8tzT4dipwZ3SOulyYMiU8ET8hBTns4QzkIqSUBmImqA70
GrQS4Ox7J5qD4j7YdOgHZZkg/pddJauHfCgYVhQefeC+fDfHds3VT4H1ZLspViqN
pTpjzQTsKyuin9xLSOdyWqCg1DjY5hA+5wOZ1E69j1j6okoJUWGrkro8yI1tiXl5
jDqf69A4lTE+Ioe9t8bLTqSH6qSpFlVawS6Ja439AkXN/m4M5Wqq+s1pv9SPCH2g
6TYBOfDpDY7/iPHHTbwxoR8B2a65UiCeWy9qLbIgKvNJmYrvjMTUflUkkaLDSXIE
7NCqnLvqWJpSeAZEehtKErv5A7Stclt2LpvZfC6e0ap4pYwNqlnYlxU20hZojAC8
8BepG/EEoFAa7a1YGeq15dI0IokcQtxuFi1/hnp2etAw4cbV2vlc5zcFWlE9bWZU
fk+TZ2N9oDyi7kr+bLAO7uftVHqH690q7CbOmrqwDo9bxxtom5j3fQ4vd3/1/rNF
YWabuBa5p3DSfWZzDSlMtBy+Cb6A7eVFcKYw3BdxZVd50OA2E3pwSjsRrnQvqJp3
9Fv1Uv8aG9yIHtKVANwAJ/fqEIWxXHvpcgcjxILvR7U7OZFUzs97fE5qUea11lvH
OwVZ8sTNuZqXJ4Kk+FeFmYhZMUjzFg+KOODzooGIcSLMR8dKvlQR44Z+QOA2YDdh
jxSYrGn6a9pkJHsP7A8FIGWLpm6XixL45TEw3rbbaQG/bQZ/KLxVcba4vMSeBXCx
M7BZUiOA/Gl0mK6wXprN1jg2VKFmW2LLKdEquQv7CHhWsw2+yQR1M2KhSuULl9Yt
VywJjQ99yiKZWLa3oERHEqmFSPObFBKx4IRBBdTjXigYC7elZ47aJBQxZyFO68Cm
DaHo3jrG8LfiZsaaRuU78QvH2pj72vuX/pTd5DHL/sZdwtDcd6xwGXyzpD/4ZP/w
pyTEBjN4/skvLl4QdqZuGRkI7Z8pZ5ji+4cQoAqPtJ8CYYSB+HWx6BMpTO94bVXW
ZoQQypcF1lqnpO/9AEI+nxEcaKjQHvPnDUmomIfl52dKzGsutK3YGjdVQNwvAmDE
Gas0kH26+1yLAL52KipNe7RORud2xnGu03w9pT7OvM1n33CBiLYaKK2r0yU8sZVn
6t1Xw8L8EvMN/hq09E5qed3RG1Q5egsmYB75hSrQedT0Lg2q4cxYmGTwMdfEU8kL
gCbt6ZsQir5xG3DnE0H8ByyhEB3TYBVaB4WY9cAUNGwE4ezffGsYpDCEJQ6UIX+g
ELdUpC6HL23OC/IAryn8MtjtZ5qxLURpn8Tc4gajiBSYaqiDFgREPkPIFUtZUKIy
9C4NquHMWJhk8DHXxFPJC4Am7embEIq+cRtw5xNB/AcsoRAd02AVWgeFmPXAFDRs
BOHs33xrGKQwhCUOlCF/oBC3VKQuhy9tzgvyAK8p/DJtcELKeb4hgo5Q7vAsPBuv
WrL0YEJPs/tkG7ytzlCMMJ6P8EWZZyaDDFvn2N9mlnmL2Hj1nKOOgHDLmuPHsSTn
aLWCEkMxeUJHU9lBxBuHRzh3aI+drGevuzRbrjIzgodC82uvZo/lNOD/Ifr87jx+
7eFslgqVicRgvYAwS4Kvfq19QjkzcrFFIfB8UAE7S+MH6Mp90BJnMCAtf3F5Xjxp
Fr94FB9dXCb/uJkqVxUwsOgof2wq0Enr7nJ+um+XGmrRLXtnV2TrfHuTTkogqu49
GN0PQ4gIzO5rt2HpIA3k9QJSPNvT6CcDI0Wyd1IoEsRknnR9ju0aXKkfqaZLKP+R
v1R46sFHrnWk7Or4Ewvpflr3x3YpX6pWRuDnlv4oYJinqY8ECBJgFQe1Hro1n8Mr
GBkIxLAJidz2uMWHGfxc+w==
