U2FsdGVkX19TWxZQievm8HjIM27AF8WWJPzjU8ryZaM77YQzedjkTe+1L4pcWi94
WFlTAY6Ms1dvAwU0XmFAkJ/kwfJ8KHaKeQGoKGybFVt23XrojUCSwY+tcJzFtEaM
9iGmpwqXdji07xshgCllUm5WE3Gbp3/aUxHIE+Eh5boWjBYwNMmOWaKajsP3cMUe
9C3xFVEIpwMAB+dsqeqkvgMn1KE6G4NOUmpe196osqCrY8sUaZLAnr+rPfXj8e6X
fLUngqBmEJ5kBYzPdavDpKeitpbWoeLrE70i4ceELbdSx070JXIPOUgHp1i/V86Y
tg3IFpANWdvdLL5H4yZuVTOZ8c2qGhwKbcbGQvH31nQ/DvkFlQX/ccltmboRUBVR
rT83Ak9qqo4pLZMLUDwbRyABv4UL8Wn3ALmfIvK3dcixQSY/J+ZUg0uyje9VZIjf
YEnnT/xQWr9PTYW5/JTSExmz7ciX3w5dg6yuF4jvXTvGMxmLfSKk5V/D7IW4dZim
dyGf/yRfxW5KLLIbWZ9i+yuy6q9qhK8iqswmQhhNxyrj4NK1Gh8sMxNuGAW7zGc8
NHdrCsOWGzSi9NN3yBjTdlE3aHsMyyemXBuyyoj8QLpdbzY7Xzk8RJJxDMYPsofO
i2uPl7V4nZOxqiKWxnYPTJjqumxUoPPzXkibRB7yxJvt2Adnt85RoI4fC/2NcFtZ
piuXAfzJm6izFFVbuWIl4xmz7ciX3w5dg6yuF4jvXTvGMxmLfSKk5V/D7IW4dZim
kc4ES/RfFLWK/UUJkFykKg82FtVrUh9VuOzNQKL5omgMjyBtmqM1vtOp2+g4oqFa
ESwT3OyL0r8PbFAcJoSwQ4AP70NaU9Jhm23eQf1Cn4Xp/+jNUyZb17AJWWTQO485
p3bnOGVUscvu3w7PPeahVmuP35imOYvy35VwLsnHmHj9XDI8GK+uUs3TWqTVgd9t
qZ7CTvDDSi2XAFNUojFUgWqr7lB8PLpd2DAVBzwe0dK63Mh0GQ2pfWuJTjhnXOkx
eFIif85WFu4w4U3f34pWx6kDEAjS1BfvTNpte+rzjemAJu3pmxCKvnEbcOcTQfwH
/JnIUkg6VpDQGgpMhQP2aRvRGWqbO6e3cFTPPf0Z3RAQt1SkLocvbc4L8gCvKfwy
pGVKp0AXfbcJGyRPLq333uftVHqH690q7CbOmrqwDo/Qbpv4eO797k+iLfMelk1s
iFzMee8gD4XcJpuE3b4SBTqCTbOBP5lQeBx1scFiO5oKu0Bq1ziwW8ixgrbPBlSE
R6aKJG4DiT1cVqKQTOUUhG8ISddSyrwO0ZKRVtH8CSKiajAL8or8XtnnAZSdgMhR
k46GC0Ch1mnZfQ9GcAFccm5iw6H9vfGt716Fu2sX1Chte9No8wNgZXV7jvHYoARD
VYMpljZNPloiMzT9bI9BGfSVcTESV5EskLlDhqomtXipAxAI0tQX70zabXvq843p
gCbt6ZsQir5xG3DnE0H8B/yZyFJIOlaQ0BoKTIUD9mkb0Rlqmzunt3BUzz39Gd0Q
ELdUpC6HL23OC/IAryn8MsohNYrYllwA7tGcsa6Eflx+7kccm0fWCq5g7fnIQqP0
0Wm7c9AOjd8EcjLOAsTqrTsFWfLEzbmalyeCpPhXhZnJSugCbQGPsnkKYie09mmD
SNV+JDIEYF2zm02/VaDCDY8UmKxp+mvaZCR7D+wPBSB6ih+cg/f/7HbUKag01hMN
giOJZXTKAbMmKQNRvbQEjTUKWv49qFlrUfkcN6daMOdTBG8R2GVHN59SWzRuK8Mp
LzBhMNwadfAqziPmg/L2zGyl+wsUkm0aTjIZtDHp1a3mGQUZpIcOTqJkvL/4nM04
B6qMEZ5m2UAz/8gQBHEZ99FYyzcU6flVbur+RvOoD6X+PokRFBxlAV9L8Zfl28Vf
cSUGl2xMElKAwvQkmOA14pT4/lihkSLoXcMMsnv8ZK9TUU/NoznL/x3I9PEfizEE
g7V6BkQgmafs/xLsB0VceeftVHqH690q7CbOmrqwDo/Qbpv4eO797k+iLfMelk1s
iFzMee8gD4XcJpuE3b4SBTqCTbOBP5lQeBx1scFiO5oKu0Bq1ziwW8ixgrbPBlSE
Rdb/xhEiHGDPo//QfcPebFNjuvQSXNfHgzqnrrKNQCa+J0uauYy9miPbwoMrA+Gs
rWoaRjplaCuscQGv9hARnhAdHEy7qDu0zBc5kOEXtQZxUFAlw+wtgt48/WR3/M4l
eB8bWu5KQ1E3/91+k/nn/V7rr2DWvLmwG9uCb1LBZOscV21IwbsqAsD5F0dA55lp
i/oHEaMPCLEjhKZrJ+srtw2h6N46xvC34mbGmkblO/ELx9qY+9r7l/6U3eQxy/7G
XcLQ3HescBl8s6Q/+GT/8KckxAYzeP7JLy5eEHambhkZCO2fKWeY4vuHEKAKj7Sf
Fz6KBg4KQSEvkEs2i3sDqaF90IjDDqUppUCiTJhFPRcBrv2DJivIaJGrggBNWmvb
dFy9IliH8cI6Iz7HKS1C1lDN2OTTbY1/M47iLvR2ZarPuLS06pf8TEbtImK5gPGk
acaJNg/G9ye7JB1Yx9DWxjdkesCgrq7i61VdhKvwNL5uD/bGQoPAaaI45Oj7DZV2
u/kDtK1yW3Yum9l8Lp7RqoikA+TpqM2kKc5ONuApWQF6W4/0t+Ro3DUX8rkDwLWj
MuQitPUCRSIxk3utbRi00UGGopKsj7utDH6e3X70XQARHGio0B7z5w1JqJiH5edn
SsxrLrSt2Bo3VUDcLwJgxBmrNJB9uvtciwC+dioqTXu0TkbndsZxrtN8PaU+zrzN
Z99wgYi2Giitq9MlPLGVZyKMslqQqWdmhxDIZFAHCZ22AbIFeUIOGUnjySysbmwd
rX1COTNysUUh8HxQATtL4wfoyn3QEmcwIC1/cXlePGkWv3gUH11cJv+4mSpXFTCw
6Ch/bCrQSevucn66b5caatEte2dXZOt8e5NOSiCq7j2p/ZLBgCOr1VUltKvenwh4
GAu3pWeO2iQUMWchTuvApg2h6N46xvC34mbGmkblO/ELx9qY+9r7l/6U3eQxy/7G
XcLQ3HescBl8s6Q/+GT/8KckxAYzeP7JLy5eEHambhkZCO2fKWeY4vuHEKAKj7Sf
54lwoAAMGWw6spm8LvcQJqcGLxXceFTqhFf6NH+LMESr7UUzXa/i2a4Od2MtCbkU
k46GC0Ch1mnZfQ9GcAFccg4WI1AU6fN/HLcAvmBqzuSHfMITURye190HvGUtolDw
VYMpljZNPloiMzT9bI9BGcaqrMQqtZVLGMQCFa7mDoCju+xHmaIaV/g+pzEoVciB
q+1FM12v4tmuDndjLQm5FJOOhgtAodZp2X0PRnABXHIOFiNQFOnzfxy3AL5gas7k
etTZL0V0K/G9Nhseaalt23qjc1sisK5WQQ7ALCAWVT58L4lLmiUDFVqrZJzlDSFy
9Fv1Uv8aG9yIHtKVANwAJyJI1e4MaM7lxO5XUYrYQDovnvPssTJqBuz6lP6Ig5v5
rWoaRjplaCuscQGv9hARnjv2CmmnO0n3OfhytUs0iDcbFhRGcXvj5eOj+PaVLvLu
eU4yrjD54TRQTLW/Wjc2mM8SmnIBykrU9X8+3eInzkRHTgYTGFG/79tB7Bjy8+S0
feekhWSDfSs3FD0HN86UZcw5BKJxkQa03DHXpbnbsimDJRSN4xyAlHG7w3XmvA+g
C8famPva+5f+lN3kMcv+xuoWDcn3Gpi90ir0iRYqsx62CSUcNiq/XE7hH70Xu/7J
n+/VtOLDD1zICW6yZ9KvYIBX0lBiCOKNl2hlvorzO/M=
