U2FsdGVkX19TWxZQievm8LN2xstvF0fu8RoP/W9i8uhkpKntOIP7t6rD9s1yvQwH
i6bgrxItSkwav654eXSG0abiwJ1WNY1d8fi+a04PW/kImxZkBV8E5GsU8dsdbgSi
Qk6mjMYhDetYeGGWlBrgGOJzx6iBzxvoINIQZpa2dOfjJbDah6IjOiVZZAAHbKwO
/xPqHq1hz4qFM3SJRiHUspD5PizLLEIR+8B6MlpjabOKJYF43Q0apYCUTYuXAffl
HV9vNGVEN9ljoi/5db5IE6L1be4TFJazckgdcVYlHbRU4fj+o+4oapkggOX5Gzc4
rz2XSYCegA/taqPZjgY3ArLrxzX6cc4R3U/q3UEorZrXvbwA2KOx095QEUUZVkSs
EMqSyX7DDt3LWuwXAkZzWkiLF/DVexafwkDO3hQXJ+rsWJahBzIfyQuHSJ7UmlQ7
v3RO54vIXh0Vv57RvauqnM5XSpNPIA0KN+KidzzdHu2YjP58sKRmLBsPCU5NzhbD
DzaTEtdGlEDCDWkBNQKu9b72ctPmqIs6rM1MXQH00+WGVkitxKbuuL1im6yTCMci
1yaNsG8ijdASeN6hbsYP3p0ULW0mVQxE7C0aKZFXoFPKigj2ejkvVIOWzRS1yEbC
CHhX38YMrqpWdpAXsB9yikEG1ycs+AG/tdT28Wj9ejLPxL025VpA4bp52X78kpvO
XRFI8zyX7G06xe8jDhTcAs2kxNv/oKY2bu+bXvbJY8oNBA8W2s88BeyymlEsAGMW
6U6L76AFFSVa5ueShyRBFxpzJ8v7px2/9GdrVi/z2MTpO2gpjdH6oYo48al0WEe+
JLen4rNot23INPj1X/zYfLuZyX35oHsfhPn7GjfIA43JNq1JxHAFn/JrzcPE6FHz
ca0aCXJmjBAao7Hoq5boTqAorRWXi5zTfnqtEUBugKAh1n7NP9Pow2/s0B4fzxij
3kb5n4h+44g/RTZFg9GAlji6Ax5ZCgM9bWEeOJRTP4hIU2BfpLYCLBZ+wDCvPzNn
xAPErzGA/s+KEUFes6/xVXKg/4402rFRzYsMo0GEFF6KTF2Vfn7mtcURdiex+Vr4
rz2XSYCegA/taqPZjgY3AlkOb/xh9t+yFL5H6UPoAEyuqSSAI2EpTunYeh81uZ9v
qDMSs/dL9Sb8wl68Y0+vgSqzt6ruiEtPzvZEPQ1f5F85iIPOgHy9ShrJTUwFtFsI
1J5U2GoUrxCvr+I65QSmF9AcBaBsZt5b8P4haA9I9x6aKhaQipt6cwm4US7CQE9o
HpPKrEYKwhcvDO9sh9m09guIfQYZAyCOPGOHDZdDM7gzqmX9Gq8gli/eFR8mpqW0
TuoP4IreEBjMbHsfEFEfgrshSK06xjJHaZLa/sjeDCtoemMNJcoWe4tMvPg1JCxo
f8wPKr5rsXw/FMKL8F/mEX6llbEsQLGjUvKvvUt//LGSPsC7oeOpq7r4V25Nos/x
TX/o94LKdhpOG/qreJQ9iKXK3V3QO2ULvUY7kjADiSLIYMDzExdg24Gv302uScni
LMIen4qPlGDCctFEz/6IoiwCCcoaRnS+OeKrKtNaUBrwM9Mjsy56jMxuPQ5E3MCP
aHLIPb9jl/prQRHml0vvWmh6Yw0lyhZ7i0y8+DUkLGj3GcMI6U0ydxf+3hYuFmnQ
27eVBQ9Rvl0pRPvNhvqtMHtd2Niw7bvgWI/1Vhy16Rww9Jztyu7lk6LeP+6RUBxD
TnuFhupMNj72xZWRvCt+AwGn7kdmcMjJhDqIjUUADcKaB/Ei84fHNf+AmGnVWvXl
aHpjDSXKFnuLTLz4NSQsaAe2iZ3+chG3irrW7Rosjw1UsMl1HatfvLxh2VHYiBSl
4jylMRil9J9qBGbWMbG2NhFwS4j/iHCfvqHOmZce2O/UDNmqDlpE7wYpyPLoKXN6
WYG7qIfCyWl0cmDuJbzSIOKzraNU5g5o3nXlH101xeQB9w0USUyNA8bCNDQsJctn
mioWkIqbenMJuFEuwkBPaORUAVHtvV6skMhDi1OaLn7WQtbgFvawoZm32EZ9S1g8
9A8KgdT7O6hr8W32VGQmpibJ3fmp26n0fossVcIUulTLuE8d6EK++bbBaI8I+1jj
Ka6lmAYU3gxfkrAeNbxcWPAz0yOzLnqMzG49DkTcwI9xIFBbdrNvTDxTaIZGMCwl
1kLW4Bb2sKGZt9hGfUtYPNtsas3Y8W30xGc+McpJpj15dEh+BNftsxwLCQj8UMtF
StQSXKR/QCjrnGFCxTzEIzcdrZQsG+eENtg7YPIC8galyt1d0DtlC71GO5IwA4ki
q6IaE3wAz1K979AavJ9FAE3R8LiEfCnC5kFNRouS/1TJ5SXrudUn6DSc6KdVndGE
TdHwuIR8KcLmQU1Gi5L/VI8NKETw6nqf+m1tYluM/bdUsMl1HatfvLxh2VHYiBSl
Vcw2bH10nWupbV1BNYl2uFSwyXUdq1+8vGHZUdiIFKWe7567UKjrDYFcZFJl9Y5u
EWmRdW2qVKCPuEnqKd0yrl6lCsyR/rsLrOTF1DLNt0bWPY1wRSNGK583y0cDKFCl
Y2PgH8cfMsqEOY0mzTXpNLEUys9Kdh1cCmU/tvmrIuIcJhe3xDUjx+TuzbuJZ3GZ
heniPqGZVD0hfloB4BOAlC83C2nJg8T9HlzjRro36tnV5BhF0AvsRpuesw8UGge8
PBC2tjzhgjeLUOp/P8uRuzD0nO3K7uWTot4/7pFQHEMMPQ8lzR0KdHrPKc9xDVg2
H69aiK5ef+CgzJLooA3zTilWT6wnVC8WPo0P/SPnBjXQt/47pf1ruETnAnRvEujM
8DPTI7MueozMbj0ORNzAj4aOl/XTd7d/SkFHbUfqfHgHNWD4Xj0TRoy1O84Kvm+f
62nKT6PzZ+PmyV8FgQrWAZyiJT95qKSVwUPca8xye3u7xXJK4TqbD5aXFAJlJJ2h
RMQxuD5BW/LLyBlNgKqz+U7qD+CK3hAYzGx7HxBRH4IXGANUT8LtHCSG95r49M8g
UPJYWIZx7HONZMgXfP3E3dXkGEXQC+xGm56zDxQaB7yHFKJeDTyQw/btbxGevsAK
gqeQgQ4uy6rb/q9fuoReqkpmsCXh/H0Rqnrl9KDxYERiogviayHCmXshfILpYX1Y
8H7gk7QQAgOS2XjzVo9MDaJBNm0UA8k9xnMItm3oqw3wM9Mjsy56jMxuPQ5E3MCP
svw/p/yaY+YuIVDja6PFqQ+bGH4opnAe+kCPm7IiWb4rS4Gqav8oSSpqwqV1TkPP
+7QbJ6xj0D0XYKpGjmKLm8u4Tx3oQr75tsFojwj7WOP8/3i+lg2POn1pKu7E6oSu
TuoP4IreEBjMbHsfEFEfgnhRz/o9PY/WACW90Ue3EnwUYIer9RUofBuXhMzaVu0s
HIts3/3vdMJBcbzMd1wWSGCsBLhNmcOrjqtiufkHQ6aUVxcRfIu58dkxIdNnSIF7
5z61yT7QlFZsSqfnu7O4WGKiC+JrIcKZeyF8gulhfVjkMbabs+gQey1C/uldVNS2
ONowK7s3lmnF1tHchICIOgHcTA6hkZp+bwUTHVB/QGXZ96ILxXupvXLut583CM8m
LMIen4qPlGDCctFEz/6IogfGLTaGaR/h1yEWHhdU3jGAww48yLnur8qPV/vGQHy/
4rOto1TmDmjedeUfXTXF5M0PcVA6Rz2aKTgrJdYM5Umi9W3uExSWs3JIHXFWJR20
VOH4/qPuKGqZIIDl+Rs3ONLzQwqQkJPUqYxdmpvZCu6SPsC7oeOpq7r4V25Nos/x
5Pwr8NhZIza2hailtNKpxWh6Yw0lyhZ7i0y8+DUkLGgPdrUxvxyBYKah90brRbER
H69aiK5ef+CgzJLooA3zTilWT6wnVC8WPo0P/SPnBjXQt/47pf1ruETnAnRvEujM
8DPTI7MueozMbj0ORNzAjziAjMbsCCDflIjmPFKDlq8X2IvOkpvQaRds2uietaAG
pcrdXdA7ZQu9RjuSMAOJIrBbHY4Jg0lepB7zGYKO7TIPmxh+KKZwHvpAj5uyIlm+
K0uBqmr/KEkqasKldU5Dz/u0GyesY9A9F2CqRo5ii5tRwurW7OG1Wow452luwLZp
tX96e+QM7U0l+Tz6qWkddWh6Yw0lyhZ7i0y8+DUkLGjCciL+iF60etagf8HValOc
/LEnpY90o+L5k8RpGzZ+3ME7PqQGqes7BSnexA+imzkQt1JcJ+pRao7vhMC7K9jT
pcrdXdA7ZQu9RjuSMAOJIo4RH9d5Gbt39FSh9LBuRcMBp+5HZnDIyYQ6iI1FAA3C
zaeoyjviw/SVBDTLOjcmsP/hqrwCj8Ug7W03W4/LTDoee7juScvrwp1slvRVYzWF
G66Ae72njSrrN3X/7DQYzJoqFpCKm3pzCbhRLsJAT2hrcGyEi98HXUMKGodu76jc
BzVg+F49E0aMtTvOCr5vn1HC6tbs4bVajDjnaW7AtmmcoiU/eaiklcFD3GvMcnt7
u8VySuE6mw+WlxQCZSSdoUTEMbg+QVvyy8gZTYCqs/lO6g/git4QGMxsex8QUR+C
WgZXt0uV0WkKodLUeuIhY6JBNm0UA8k9xnMItm3oqw3wM9Mjsy56jMxuPQ5E3MCP
soiEPgvdngE3aU4FwuVYPhwmF7fENSPH5O7Nu4lncZmF6eI+oZlUPSF+WgHgE4CU
LzcLacmDxP0eXONGujfq2eKzraNU5g5o3nXlH101xeSyEWQBGrnnCPn57rcWCF0z
fqWVsSxAsaNS8q+9S3/8sVfioMFioUqQMxWHrRuQyL6TN9udG8s47+3wLsKdQJT2
U/TNZsS9FzcCqmsLND52fEtWIz8mgJ5wtO8RYNCmaqVoemMNJcoWe4tMvPg1JCxo
oqPxXeatonhGhtxjYQZBYxArmbJdTMkArk96dq5BaJgLiH0GGQMgjjxjhw2XQzO4
03JsQfdZMEg09gG1kKFza/yxJ6WPdKPi+ZPEaRs2ftzBOz6kBqnrOwUp3sQPops5
ELdSXCfqUWqO74TAuyvY049ayMI709nadmMvv7QTE+r8C3220dyY0fcCfO7ATIXs
YqIL4mshwpl7IXyC6WF9WPSQHlx0JlL/+kZwuCqxcYoUYIer9RUofBuXhMzaVu0s
HIts3/3vdMJBcbzMd1wWSGCsBLhNmcOrjqtiufkHQ6aQEeNTNbe8vSWpIx2DoxvC
Lb2gt6TEbSAP1yr2y0RwvguIfQYZAyCOPGOHDZdDM7iELZfzx7l5JWwE4NhjRTxV
G7R8UE1Y76cbPZDhefOHW6bIwTjW5QUJqtGpnAFKkbAv1YCmqaQovYNRgWoI/Y/D
Pf/+AfLQ4UHy7GVlMy8zpKiKb4VpEP7yzmgGw5ScUsjkABy2sqEMwODASJ6w8u6B
LnC7G0GamiwzELyEvrwo5lP0zWbEvRc3AqprCzQ+dnxLViM/JoCecLTvEWDQpmql
aHpjDSXKFnuLTLz4NSQsaNSa/1yL5EyiBjKRBfPZ+cOAww48yLnur8qPV/vGQHy/
h9ME5zPm1axzNkxCjZCF1ZyiJT95qKSVwUPca8xye3u7xXJK4TqbD5aXFAJlJJ2h
RMQxuD5BW/LLyBlNgKqz+U7qD+CK3hAYzGx7HxBRH4I/PMjeBKYwoBJYgFQ9nvFj
fqWVsSxAsaNS8q+9S3/8sVGrHOJaTgPZJGvkopJFjbc42jAruzeWacXW0dyEgIg6
AdxMDqGRmn5vBRMdUH9AZdn3ogvFe6m9cu63nzcIzybZxOzDAL4/ygaIPGHp8I37
Fda/Is+GbUAntlbSb4cz12KiC+JrIcKZeyF8gulhfVhsIGCI8RP74V5vCk9NDgRl
FGCHq/UVKHwbl4TM2lbtLByLbN/973TCQXG8zHdcFkjGIUl/SWj+UFnpi3zhM/u0
sq/cJZ4h2EoFzdQmNqzlS04O4326ZQx7HrzqFvCIyw8WaCDWnQmFXSJ5ruYPn99B
T+gCoUZTTUhrk6ldvtXZTTcqY1FAW7SB7AjgKE0rTNlyg9HNafIVIivYDC8xESdT
0Y0XrS/1fmRoIm6y8SVaX1SwyXUdq1+8vGHZUdiIFKXyKEX63a2yNHdQ2mrY+5qE
IEmrgAVvdLvbg/pQ91xPCPAz0yOzLnqMzG49DkTcwI/5u2C+RYt5lSHPq4aJjd9d
D5sYfiimcB76QI+bsiJZvitLgapq/yhJKmrCpXVOQ8+8QvTaZu6Fe8AraqI0wv7U
y7J2zB0Tg9/ceTBENEyFCaGtqE7gemuPhZ1gQaAhq/15dEh+BNftsxwLCQj8UMtF
DD0PJc0dCnR6zynPcQ1YNh+vWoiuXn/goMyS6KAN804pVk+sJ1QvFj6ND/0j5wY1
BKeQPT09n2+mL/NJQSQmjQenMO11hevwK4jSOm+mFDT+tARrkONc2gHPqHUaWsxa
VknJdSMFsmsr9n+4JiAcEZoqFpCKm3pzCbhRLsJAT2gAQ6dJqs1qfjHlQSWcHCih
ovVt7hMUlrNySB1xViUdtFTh+P6j7ihqmSCA5fkbNzi9YXT2AeK+QsYq+KIef8kq
yJBss3iFQ2gB44CJ/CAVNp0Ac4MGnn2Wcp/VwN7LBfdUsMl1HatfvLxh2VHYiBSl
5DG2m7PoEHstQv7pXVTUtjjaMCu7N5ZpxdbR3ISAiDoB3EwOoZGafm8FEx1Qf0Bl
DzPwKj16Rtc4w8utw/ur6/Az0yOzLnqMzG49DkTcwI+PumOulUNTXo6PicS8SMc1
ZrIHwjpzV5AaiMB6Y7P/5+KzraNU5g5o3nXlH101xeScO4eFwrVqQjCdBKeJvoFP
gqeQgQ4uy6rb/q9fuoReqqB0A/m2Fxb3MVyHE0RLiHt5dEh+BNftsxwLCQj8UMtF
9EZeoE+9pVhO0GftIQZk77cy3euHP0zz/7oklQmJ8XN5dEh+BNftsxwLCQj8UMtF
9EZeoE+9pVhO0GftIQZk78FjPET6Uzw+nxp6peTi1ntyg9HNafIVIivYDC8xESdT
0Y0XrS/1fmRoIm6y8SVaX1SwyXUdq1+8vGHZUdiIFKU4wWuVN94DjIbhI2lap94z
vXFhc2UxN6gmPBpm7KD3H9ZC1uAW9rChmbfYRn1LWDxTweVxhtzKhWNBX0vmjoJB
/+GqvAKPxSDtbTdbj8tMOh57uO5Jy+vCnWyW9FVjNYWFPJ4wtM2fo+awcwBF1zWj
C4h9BhkDII48Y4cNl0MzuOVBzptiTEdM5OF2AUwo2H8DRP2uRB+mfj8bbVaiZP0H
8DPTI7MueozMbj0ORNzAjwZELNotZofah+fYrW0rhzscJhe3xDUjx+TuzbuJZ3GZ
heniPqGZVD0hfloB4BOAlPjUEhfi02jdty2X4r1iKtwswh6fio+UYMJy0UTP/oii
c8RUn1R4QWlFbBxQUVF4hiN5UQT3W1YAQpU3YpSmhvWUVxcRfIu58dkxIdNnSIF7
mUIZjrrc+YOrSiARr/30hVP0zWbEvRc3AqprCzQ+dnwpyrTt4w6XlwBrHTMkBR+S
RVz2WFtHFNydmqABWJ1+OZ+63RvP7D94zeYENYFGwoOCHzLK4llZVSN34+JBtSYe
C4h9BhkDII48Y4cNl0MzuBiDYMTXFBxv7l+PRH9ahy9xjzKxBzNueob5nrbfThFa
zFT6W2hpi8aVwQq4UZGa9ftzjFuZAjJ3oD6nSIJEbV3is62jVOYOaN515R9dNcXk
Ep7JUqWCxkOH2Q5H7UryPxFwS4j/iHCfvqHOmZce2O+nk3bVuMM9+hK7ftPMHqtI
UWlRbosVV9eQ53jQAjpwoeKZF1DshvFN8FUQoZ/aA8sJnfE3sY/AyigSMzkAAzcG
1kLW4Bb2sKGZt9hGfUtYPA1kTzCbXbDhovtzmHFXwdVoyaZ+ayynAqutkeqZfUhA
1kLW4Bb2sKGZt9hGfUtYPPzu1xRPxiN2vVALaXuQYWv/4aq8Ao/FIO1tN1uPy0w6
Hnu47knL68KdbJb0VWM1hYU8njC0zZ+j5rBzAEXXNaMLiH0GGQMgjjxjhw2XQzO4
Xxz9E2KiT3YpojxauMOpoHVxTU47MvHqzIVw+tCbehyaKhaQipt6cwm4US7CQE9o
PV0v6yUEfsybndTqnEM7LhRgh6v1FSh8G5eEzNpW7Swci2zf/e90wkFxvMx3XBZI
xiFJf0lo/lBZ6Yt84TP7tKXK3V3QO2ULvUY7kjADiSK3AdG3jBvKdWUE/l45ZN0b
ZrIHwjpzV5AaiMB6Y7P/5+KzraNU5g5o3nXlH101xeQ+qAXMTXIZxzRPaagGChRJ
ovVt7hMUlrNySB1xViUdtFTh+P6j7ihqmSCA5fkbNzi9YXT2AeK+QsYq+KIef8kq
EcPq9E82lkTcUoYO/xH9hgscL3yhLkAlntefGJhW8ZZN0fC4hHwpwuZBTUaLkv9U
ak2KRZUrESeQF0Vo8oIG8XGPMrEHM256hvmett9OEVrMVPpbaGmLxpXBCrhRkZr1
+3OMW5kCMnegPqdIgkRtXW6CsFv2t32//HbQjqPUP2pt6WwT3w8acluqtQm+a5P6
TdHwuIR8KcLmQU1Gi5L/VGpNikWVKxEnkBdFaPKCBvFxjzKxBzNueob5nrbfThFa
zFT6W2hpi8aVwQq4UZGa9ftzjFuZAjJ3oD6nSIJEbV1ugrBb9rd9v/x20I6j1D9q
X9H9JKGnYHtBqi92/+WE21SwyXUdq1+8vGHZUdiIFKX0kB5cdCZS//pGcLgqsXGK
FGCHq/UVKHwbl4TM2lbtLByLbN/973TCQXG8zHdcFkjGIUl/SWj+UFnpi3zhM/u0
5ZTFatIsPGHjlCew4Bi/V+CcTf2L6OtcYkhkBbKCedl5dEh+BNftsxwLCQj8UMtF
oqlbm7MIX0WsEPdcT/cWHfyxJ6WPdKPi+ZPEaRs2ftzBOz6kBqnrOwUp3sQPops5
KKd0K31/4d+ShCgG2amo1ZoqFpCKm3pzCbhRLsJAT2geyPUdrrC+xYIJ0aIBtTru
eXRIfgTX7bMcCwkI/FDLRaKpW5uzCF9FrBD3XE/3Fh38sSelj3Sj4vmTxGkbNn7c
wTs+pAap6zsFKd7ED6KbOSindCt9f+HfkoQoBtmpqNWaKhaQipt6cwm4US7CQE9o
+0fWGxH9haJIJK9neEFOJRFwS4j/iHCfvqHOmZce2O9RqxziWk4D2SRr5KKSRY23
4lYPDtDgIyikO2o63tSZ/4nVjmCHodzJCK9VWarhPuyM9xHm9njxCP9InPFZ+3hV
1J5U2GoUrxCvr+I65QSmF1/MH1LE6Chb1YcaZABhaRUHNWD4Xj0TRoy1O84Kvm+f
62nKT6PzZ+PmyV8FgQrWARUzgrf4019Ypz7a1SWBBf5/oLPjqbtNIhEfJ7QSfjux
NMJANzUyL7qN4EFpG2l4RE7qD+CK3hAYzGx7HxBRH4LRzfrsMGDcwJ/rZqy23vl0
Ae9a6pbD3XpokgBgGqq7Y8uydswdE4Pf3HkwRDRMhQm1scmOmPAKcYWXmyZS/lvG
lubU5pO5IRkVve597tyy3UbCIfJZYrtSUM/DSsta9ABoemMNJcoWe4tMvPg1JCxo
/IBy8r0ApBSsC7iR59yf0qiKb4VpEP7yzmgGw5ScUsjUnlTYahSvEK+v4jrlBKYX
kxHkUcOS90AyRRzskAKb2s5XSpNPIA0KN+KidzzdHu2YjP58sKRmLBsPCU5NzhbD
L9WApqmkKL2DUYFqCP2Pw0xKMJFXHKENGiuqGe5DIXb67FsVP6V+ozqMUwR82H2A
TuoP4IreEBjMbHsfEFEfggISxmaMqzaXsqrAmqpHe/rr3uVqpl8hk9zdbI5A4KhV
BqqZ8agHP3V66VN5Zmri7UU9mM/6ZsjtpWiCdIpFFE2UVxcRfIu58dkxIdNnSIF7
b58YV3zA7ekiL2YGtOc8mGh6Yw0lyhZ7i0y8+DUkLGi/WDyZ08ZQEToCM9fAJM38
EKhuTvX/5dNqvvfzANy2/uski554P0E8jmBIm+7+BloYebm6UVaWZ9ChhwKhwplx
pcrdXdA7ZQu9RjuSMAOJIq0DFXJX5FWaRuUTdG+lPTcw9Jztyu7lk6LeP+6RUBxD
w/2bzNOvGBGOsVsZPzqwxjkgJcfIZbiNh4wwsgESLTn41BYrvEffk4fGXDuA85+F
e8kd3d+bjri9Wm5vLBwvoPAz0yOzLnqMzG49DkTcwI9DUZ3Ee4ygTn8cmiSNZioQ
79Iz7zoVsARujcWHxtCxESzCHp+Kj5RgwnLRRM/+iKJtOs9Nx3NnqI6ZHnRxQjgE
lN1Fl//4fpIthXyHGo3U0OH3LOEEs0be2bCmVTf4T/byzNmEPUubyL3W29NrUicg
yJBss3iFQ2gB44CJ/CAVNkCnoSsQuUbE1VlXt0+LDj8Bp+5HZnDIyYQ6iI1FAA3C
OC/avCIWxCR4FxrOpDA+wxUzgrf4019Ypz7a1SWBBf5/oLPjqbtNIhEfJ7QSfjux
NMJANzUyL7qN4EFpG2l4RE7qD+CK3hAYzGx7HxBRH4Ic7pc0jLVwUtwADvWIeMLo
QeCCOPPcpqH2ayE9dzn2cZoqFpCKm3pzCbhRLsJAT2htBic4CY0ydhsXyFDRhsxn
697laqZfIZPc3WyOQOCoVQaqmfGoBz91eulTeWZq4u1FPZjP+mbI7aVognSKRRRN
lFcXEXyLufHZMSHTZ0iBe+2U18iUdYeq8p1tpxZgki0Bp+5HZnDIyYQ6iI1FAA3C
zaeoyjviw/SVBDTLOjcmsI9LkL71dWEBD7OIdsMkuvH6XnxKEAM9D9PvEqTGGGP+
iqzpB9YZrKJb3KjWxLd0y5oqFpCKm3pzCbhRLsJAT2hKknTe9uAhfQeiqoIc1stH
fqWVsSxAsaNS8q+9S3/8saeTdtW4wz36Ert+08weq0jmZsRdIdjdIiMfLhS0hxhn
BtVYe5V+6lhkytFkBFj/Q9OyNx/Bkp2XQDrQxVwaxgELiH0GGQMgjjxjhw2XQzO4
dSM1ZnXTWfWFcit3Kml/xwHvWuqWw916aJIAYBqqu2OUVxcRfIu58dkxIdNnSIF7
W8PtJ6Q/2zBo1B3EE4A8Epbm1OaTuSEZFb3ufe7cst1GwiHyWWK7UlDPw0rLWvQA
aHpjDSXKFnuLTLz4NSQsaKKj8V3mraJ4RobcY2EGQWP67FsVP6V+ozqMUwR82H2A
TuoP4IreEBjMbHsfEFEfgmR8+2+URgt6dcreSLCcc/TiVg8O0OAjKKQ7ajre1Jn/
idWOYIeh3MkIr1VZquE+7Iz3Eeb2ePEI/0ic8Vn7eFUswh6fio+UYMJy0UTP/oii
4AsFtO9zwQsu67MHQpdZrWW5w3sbL2Saw8hYN6sQsrnIkGyzeIVDaAHjgIn8IBU2
kzjvGq/diFipEtH07Ic6xDrG42tqcdPpD4av3Kzydht9QhXjpW0E9gCpQI6/GwMO
AafuR2ZwyMmEOoiNRQANwlKGwiBG39mtN7qpwx4N/N1h9RpWFr35qVLmNyMGpTKV
VhW82gWojUK7EUnVHRFOX/zu1xRPxiN2vVALaXuQYWuPS5C+9XVhAQ+ziHbDJLrx
+l58ShADPQ/T7xKkxhhj/oqs6QfWGayiW9yo1sS3dMuaKhaQipt6cwm4US7CQE9o
51FdhxDmqaM52ONEeAiGIjD0nO3K7uWTot4/7pFQHENOe4WG6kw2PvbFlZG8K34D
EKhuTvX/5dNqvvfzANy2/uski554P0E8jmBIm+7+BloYebm6UVaWZ9ChhwKhwplx
j1rIwjvT2dp2Yy+/tBMT6homG0KBuuPhf2zuNhmG6ItWFbzaBaiNQrsRSdUdEU5f
cKHdX8M3n1eNNv+/GwliUIicFwRZtXlgmvouRRUliK9gdUbAOnCZ9vVhLTAcBm32
onAhO0AKIB/PkIKVoHhgrvIsBhQaX+89vZnyGyrj4SgONzpAVXbRpKKqcjjQaKKj
8DPTI7MueozMbj0ORNzAj4MR8Ky2THyzogT7D+4IRj86xuNranHT6Q+Gr9ys8nYb
fUIV46VtBPYAqUCOvxsDDgGn7kdmcMjJhDqIjUUADcKzPu77HRza6JLITyNSaKpl
79Iz7zoVsARujcWHxtCxEdnE7MMAvj/KBog8Yenwjfs3VFOitLhuATfjDl9KGld9
lubU5pO5IRkVve597tyy3UbCIfJZYrtSUM/DSsta9ABoemMNJcoWe4tMvPg1JCxo
9wmOvzkv7nOcmMskXSKzf2W5w3sbL2Saw8hYN6sQsrmdhgYixjbst+NIdJiBhGmb
OSAlx8hluI2HjDCyARItOfjUFiu8R9+Th8ZcO4Dzn4V7yR3d35uOuL1abm8sHC+g
8DPTI7MueozMbj0ORNzAj/MhQVZjm1wJCYK0HJYaV/Iw9Jztyu7lk6LeP+6RUBxD
oqlbm7MIX0WsEPdcT/cWHRCobk71/+XTar738wDctv7rJIueeD9BPI5gSJvu/gZa
t9qoeJYd5y05HxcGIAo9BJoqFpCKm3pzCbhRLsJAT2hr0rk9QdQU1G04a5N9Fb6F
eg2JKuADxMk1u8hjdZHInNXkGEXQC+xGm56zDxQaB7yXa0Vir1wqN5/VUPkU/oNb
vIj/FXnNrB8zJcGT+DWiDtIycRcxdNFm1keDIIwdH+N5dEh+BNftsxwLCQj8UMtF
UGlLcnilr6CHAJlDsJoybpm7gp3RUJ8wSqn6u9XiLFQHpzDtdYXr8CuI0jpvphQ0
j6Y4CrkMpkr4aD8La6wvPuve5WqmXyGT3N1sjkDgqFUGqpnxqAc/dXrpU3lmauLt
wv2TQj3n6PCibbiCj/KYyLKv3CWeIdhKBc3UJjas5UvWZzNz9nbPPvlT0z3xXsMf
Jsnd+anbqfR+iyxVwhS6VOtpyk+j82fj5slfBYEK1gEVM4K3+NNfWKc+2tUlgQX+
f6Cz46m7TSIRHye0En47scBt4EwlL5IysfFGTMMpy7lN0fC4hHwpwuZBTUaLkv9U
iqLC7vTgOO+zp6V90o3fegdTGWFI/UwV6mDqcSdRX7wLiH0GGQMgjjxjhw2XQzO4
pHAOpAqmHtsult6usZgIYZTdRZf/+H6SLYV8hxqN1NDh9yzhBLNG3tmwplU3+E/2
uFIQRp5C1/fS1fTbF6C+F+KzraNU5g5o3nXlH101xeT1ROamCHE8trnKLngThNrj
eXRIfgTX7bMcCwkI/FDLRcP9m8zTrxgRjrFbGT86sMY5ICXHyGW4jYeMMLIBEi05
+NQWK7xH35OHxlw7gPOfhfphwxNg3RlYoXcDMCs5830HpzDtdYXr8CuI0jpvphQ0
o6u4fFyxxOdYo9vwqAq8Nd8/6+fNrXGyXdNX2sa0HCMswh6fio+UYMJy0UTP/oii
9Mye0aVgp1eHkJKsq6rL2c5XSpNPIA0KN+KidzzdHu2YjP58sKRmLBsPCU5NzhbD
88IVB0b67xNSXwp0r152ZMu4Tx3oQr75tsFojwj7WOPE0e0THLvX3B6FAzB1guia
Jsnd+anbqfR+iyxVwhS6VMu4Tx3oQr75tsFojwj7WOP6eENDKTIzAIc4T31yvMjv
vIj/FXnNrB8zJcGT+DWiDtIycRcxdNFm1keDIIwdH+N5dEh+BNftsxwLCQj8UMtF
9EZeoE+9pVhO0GftIQZk7yCjDNm2HKr27Jmiosx+Ne9UsMl1HatfvLxh2VHYiBSl
OMFrlTfeA4yG4SNpWqfeM+ZmxF0h2N0iIx8uFLSHGGcG1Vh7lX7qWGTK0WQEWP9D
DM/7H8AHDsh6radrMJAQY9ZC1uAW9rChmbfYRn1LWDxx6C+X4orABQTwV3T+DRHR
Gty698+V47sUV348NBeAoAenMO11hevwK4jSOm+mFDSUs5FuFXmHcbbYMy9VZJlg
4lYPDtDgIyikO2o63tSZ/4nVjmCHodzJCK9VWarhPuwAir2UY3QTQ47VN5ItOtAa
8DPTI7MueozMbj0ORNzAjz7KMiNtIgV1vqtg3lyF3z30aIxPmYevsvPuZdwc8eTo
pcrdXdA7ZQu9RjuSMAOJImXo95vHUHwIdHVc33XyxUI6xuNranHT6Q+Gr9ys8nYb
fUIV46VtBPYAqUCOvxsDDhFwS4j/iHCfvqHOmZce2O+nk3bVuMM9+hK7ftPMHqtI
vXFhc2UxN6gmPBpm7KD3H9ZC1uAW9rChmbfYRn1LWDwd7p9qNi0PubsIccVhyxZn
vPkvauGVhM/EbJ3gOsrXAOxAUc00i0qKCPukaikqghh5cWC7LWkABJqexTjwjqXq
LMIen4qPlGDCctFEz/6Ioh50YURCnCKrkAeiOmp4oE0WaCDWnQmFXSJ5ruYPn99B
yJBss3iFQ2gB44CJ/CAVNlRcQ0gAwXn5O/GuVkFx4/admaTe+TSwVZJxPt0HnrC+
bPWyyykHgFco357nsi/2yFSwyXUdq1+8vGHZUdiIFKVH5pxVXH5r/fOhVVThPHls
Sh8XpVKBe9yIlwY2xBuElVSwyXUdq1+8vGHZUdiIFKVH5pxVXH5r/fOhVVThPHls
5mbEXSHY3SIjHy4UtIcYZwbVWHuVfupYZMrRZARY/0MMz/sfwAcOyHqtp2swkBBj
1kLW4Bb2sKGZt9hGfUtYPNUUv4I066cYrh/9B/uR7saCHzLK4llZVSN34+JBtSYe
C4h9BhkDII48Y4cNl0MzuNNybEH3WTBINPYBtZChc2sQqG5O9f/l02q+9/MA3Lb+
6ySLnng/QTyOYEib7v4GWrfaqHiWHectOR8XBiAKPQSaKhaQipt6cwm4US7CQE9o
uGjG/jPo7R/DUY+UkpqInd8/6+fNrXGyXdNX2sa0HCMswh6fio+UYMJy0UTP/oii
85abiT9R1h3COZ9Mf5eaH5TdRZf/+H6SLYV8hxqN1NDh9yzhBLNG3tmwplU3+E/2
uFIQRp5C1/fS1fTbF6C+F26CsFv2t32//HbQjqPUP2qjIga4NKwimOPxAZYLVYeX
RVz2WFtHFNydmqABWJ1+ObGb7fwDb+hmxG3vvGyOBpG8+S9q4ZWEz8RsneA6ytcA
7EBRzTSLSooI+6RqKSqCGHlxYLstaQAEmp7FOPCOperkABy2sqEMwODASJ6w8u6B
GD/lyzSwAM1tCf/LgNho/0Vc9lhbRxTcnZqgAVidfjmxm+38A2/oZsRt77xsjgaR
vPkvauGVhM/EbJ3gOsrXAOxAUc00i0qKCPukaikqghh5cWC7LWkABJqexTjwjqXq
5AActrKhDMDgwEiesPLugWQEDCxnX4mfh3zXqsFYSXx5dEh+BNftsxwLCQj8UMtF
TnuFhupMNj72xZWRvCt+AxCobk71/+XTar738wDctv7rJIueeD9BPI5gSJvu/gZa
t9qoeJYd5y05HxcGIAo9BJoqFpCKm3pzCbhRLsJAT2jAk0lJErugax+DlLpjOI1n
Jsnd+anbqfR+iyxVwhS6VFYVxju7lkbbA+VqjKG+m2CPS5C+9XVhAQ+ziHbDJLrx
+l58ShADPQ/T7xKkxhhj/gTDVS9ovR2D/Q6O/79fNJALiH0GGQMgjjxjhw2XQzO4
S/59ZSBXfxLAdNQApndzZSbJ3fmp26n0fossVcIUulRWFcY7u5ZG2wPlaoyhvptg
j0uQvvV1YQEPs4h2wyS68fpefEoQAz0P0+8SpMYYY/4Ew1UvaL0dg/0Ojv+/XzSQ
C4h9BhkDII48Y4cNl0MzuG+DN0072LN1bR0f5jktxa8WaCDWnQmFXSJ5ruYPn99B
nYYGIsY27LfjSHSYgYRpmxKdtmEjamPumDrWZx5ng+YziO6jvPQSit8CZGtzjp5O
GiFWhkZwGkQ8k2s+cdA4TvAz0yOzLnqMzG49DkTcwI/Fxiyt1XadK8peoTSSKoAh
vJQGXGKBVJ9p82FOVW+19cuydswdE4Pf3HkwRDRMhQkQhQBf1Yib/SxVvmPz1kvL
G7gfawnoDSAk/L6LEh452zsfrdgpsZu8rbY0k9edK7poemMNJcoWe4tMvPg1JCxo
A47TU2obkmUDfkt6iZwRGv8DgC6xuM0EzdQQsksx4qGyr9wlniHYSgXN1CY2rOVL
opYpOLc91dhjsjG6moa2PjtVebE4Mm9K0oAmqBqkjHiutyalBH+rJmsY0mxl30ek
AafuR2ZwyMmEOoiNRQANwuO9MUkI4oJdptFY+PQLmwYONzpAVXbRpKKqcjjQaKKj
8DPTI7MueozMbj0ORNzAj5uGcF6arpQ9rXYMjcUZ7pgLnZIs5FwRN2DK6MZgsisT
bZw/km5ONFrY0/1kcERvpiuo7Lup/w4HlU0IYnvolnzLuE8d6EK++bbBaI8I+1jj
tX96e+QM7U0l+Tz6qWkddWh6Yw0lyhZ7i0y8+DUkLGi/WDyZ08ZQEToCM9fAJM38
NDSM48iZOfS/idjFCPG/UKG/IQ2ixwM7jFstmwXhPwXXrKNja/gsUgMGJQ6a5N/j
pcrdXdA7ZQu9RjuSMAOJItEA5JpvGzUM0vzfvteQxS4Bp+5HZnDIyYQ6iI1FAA3C
ra05R7nuzHMRtD5Hj1BGOc+BBt5XJyDmRqUFCm13OxgoVO4kzjXvjuUiQSmbw0Zu
IlxMq+o/fFAb9X+Gx0fqxJoqFpCKm3pzCbhRLsJAT2hze1Rs06PgCaCid/sCiZ6U
BzVg+F49E0aMtTvOCr5vn8u4Tx3oQr75tsFojwj7WOMyYmRX1FWOg7sxrcrXodfy
kMiLHw8mHXt7zJSkWB12CV1jgF/pO2I+JrsJ01rQG61O6g/git4QGMxsex8QUR+C
7N4IznpYsgHgNTDk9f80oaJBNm0UA8k9xnMItm3oqw3wM9Mjsy56jMxuPQ5E3MCP
BkQs2i1mh9qH59itbSuHOwJM+FPbUVtG49f5HI12tp2ceExpNq2Cfa4eK8oLbgPX
Y8wYeXBOcczbAxshuT8XOOKzraNU5g5o3nXlH101xeSiQU73HmoMLbcW8COYyQTv
fqWVsSxAsaNS8q+9S3/8sZI+wLuh46mruvhXbk2iz/HYxmLmT+ssmr9qy2W9JaWd
G7gfawnoDSAk/L6LEh452zsfrdgpsZu8rbY0k9edK7poemMNJcoWe4tMvPg1JCxo
mW3pRQhinm6jB2c0GKw+xxArmbJdTMkArk96dq5BaJgLiH0GGQMgjjxjhw2XQzO4
R3PtAvc32mmMRtmCrsgmkTQ0jOPImTn0v4nYxQjxv1ChvyENoscDO4xbLZsF4T8F
16yjY2v4LFIDBiUOmuTf46XK3V3QO2ULvUY7kjADiSLyICRljY8LezFlA8gyCEUu
fqWVsSxAsaNS8q+9S3/8saeTdtW4wz36Ert+08weq0hc1P052EygjHzvUmMdS8zv
0ECG6ahPBSqeRb7xj56P/Yjg9LAmtISh6ubL9uQ1QGULiH0GGQMgjjxjhw2XQzO4
FfpYiMVG3dShdz10FbNCPmW5w3sbL2Saw8hYN6sQsrnIkGyzeIVDaAHjgIn8IBU2
oKEhJsoo7vvyUZU9gqGV8X0lO5gamPz5USin+rc86ZYz4dKb0C+gvCvgyeihNIQN
VhW82gWojUK7EUnVHRFOXxW6DeBm9W2ILbcSXPc0kJYX2IvOkpvQaRds2uietaAG
pcrdXdA7ZQu9RjuSMAOJIqbf9EAGKe5fGYVL2jeRgos7VXmxODJvStKAJqgapIx4
rrcmpQR/qyZrGNJsZd9HpAGn7kdmcMjJhDqIjUUADcJShsIgRt/ZrTe6qcMeDfzd
tX96e+QM7U0l+Tz6qWkddWh6Yw0lyhZ7i0y8+DUkLGj3GcMI6U0ydxf+3hYuFmnQ
Ep22YSNqY+6YOtZnHmeD5jOI7qO89BKK3wJka3OOnk4aIVaGRnAaRDyTaz5x0DhO
8DPTI7MueozMbj0ORNzAj24n/5gGwXj5b+NPQa6qrDtVQbWMXhzT5RxTAoiNz1be
4rOto1TmDmjedeUfXTXF5NCEiU6jBGn5N/NC2/tNbLxK0n2yALUa2FDFsfv5KU6b
XCeA3PHfzu5nRcUou9fhFdLzQwqQkJPUqYxdmpvZCu5X4qDBYqFKkDMVh60bkMi+
ymZjRsC1WJqkL6aLhdrj9WKiC+JrIcKZeyF8gulhfVhH5pxVXH5r/fOhVVThPHls
XNT9OdhMoIx871JjHUvM79BAhumoTwUqnkW+8Y+ej/2I4PSwJrSEoermy/bkNUBl
C4h9BhkDII48Y4cNl0MzuEkafrD6dWMQIJfBZmdzEF8HNWD4Xj0TRoy1O84Kvm+f
/4357t+4hRcWsZoJk5o8ps+BBt5XJyDmRqUFCm13OxgoVO4kzjXvjuUiQSmbw0Zu
IlxMq+o/fFAb9X+Gx0fqxJoqFpCKm3pzCbhRLsJAT2hFHgc/0dk836c+5w5JZutz
YqIL4mshwpl7IXyC6WF9WJQpCzJYY7cKqvd+HHXhtjhVqR1GNaqhQGLU6rV1IrFm
bCxuOCkLemJeCaHSXJiRufQIuz1Ie08jdBv7hCyzsE+QEeNTNbe8vSWpIx2DoxvC
nBVcaOKI22LCk0YIKsjA/k7qD+CK3hAYzGx7HxBRH4JsM3G2llP6ApSi7zU3hUDP
StJ9sgC1GthQxbH7+SlOm1wngNzx387uZ0XFKLvX4RXS80MKkJCT1KmMXZqb2Qru
1JbQHmQm++Sr8XhJ4ss/R6JBNm0UA8k9xnMItm3oqw3wM9Mjsy56jMxuPQ5E3MCP
jqSsAlqmOMdZHkS+WH5e3ztVebE4Mm9K0oAmqBqkjHiutyalBH+rJmsY0mxl30ek
AafuR2ZwyMmEOoiNRQANwqXGP0O5uVBK0Gwr5OTRMBJVQbWMXhzT5RxTAoiNz1be
h9ME5zPm1axzNkxCjZCF1TJiZFfUVY6DuzGtyteh1/KQyIsfDyYde3vMlKRYHXYJ
XWOAX+k7Yj4muwnTWtAbrU7qD+CK3hAYzGx7HxBRH4KxjsDHa5BNeD4b6HcTL6Hx
BzVg+F49E0aMtTvOCr5vn1YVxju7lkbbA+VqjKG+m2DPgQbeVycg5kalBQptdzsY
KFTuJM41747lIkEpm8NGboV62kIGLok7VhWnFV4rRhMLiH0GGQMgjjxjhw2XQzO4
7YVERlW88/xYdUyiaz1vxoCYgv9+6lpDVVfIohUVD8rUnlTYahSvEK+v4jrlBKYX
tfhfnHafO64sCfAaW1Wh0g/8lzvyw/G9qciZ8Q3/AZAgoc4lBbXWv1zzwWDU9MlB
88IVB0b67xNSXwp0r152ZOtpyk+j82fj5slfBYEK1gFt6WwT3w8acluqtQm+a5P6
TdHwuIR8KcLmQU1Gi5L/VKr0T+kJ0LfWRPzgiyYjGRg0NIzjyJk59L+J2MUI8b9Q
ob8hDaLHAzuMWy2bBeE/Bf0cbaYiMAr/k8KMIliJO3KaKhaQipt6cwm4US7CQE9o
S23Y6dCkTr/eoFMbtjPnPiN5UQT3W1YAQpU3YpSmhvXLsnbMHROD39x5MEQ0TIUJ
EIUAX9WIm/0sVb5j89ZLyxu4H2sJ6A0gJPy+ixIeOds3Fk4yQAB1ROTpKvnQlyjG
RVz2WFtHFNydmqABWJ1+OemqDnvcsjTX17k41mbOaPRoyaZ+ayynAqutkeqZfUhA
1kLW4Bb2sKGZt9hGfUtYPIXnWA///8O3fbgErIPGLfkCTPhT21FbRuPX+RyNdrad
nHhMaTatgn2uHivKC24D16Wdo8qdVjGR2DLarGzg90cswh6fio+UYMJy0UTP/oii
1KjmQDEupNSjGAblJilHmSbJ3fmp26n0fossVcIUulTLuE8d6EK++bbBaI8I+1jj
MmJkV9RVjoO7Ma3K16HX8pDIix8PJh17e8yUpFgddgm0gcBDOdA3FFsohXe/jbLi
TdHwuIR8KcLmQU1Gi5L/VH0+DudkR82gyqM4oro9wYMDRP2uRB+mfj8bbVaiZP0H
8DPTI7MueozMbj0ORNzAjxNvPJWjdggm0ccLpH7i9+ELnZIs5FwRN2DK6MZgsisT
bZw/km5ONFrY0/1kcERvps8f/aUjhlkcuUlnchjum+uUVxcRfIu58dkxIdNnSIF7
tEp1vzC5ukeZNc16O6MxUiN5UQT3W1YAQpU3YpSmhvWUVxcRfIu58dkxIdNnSIF7
8LHL78/WIJ4q7i5WS96RRw/8lzvyw/G9qciZ8Q3/AZAgoc4lBbXWv1zzwWDU9MlB
88IVB0b67xNSXwp0r152ZMu4Tx3oQr75tsFojwj7WOOyISqsj0e4OSTRRym8KHnP
eXRIfgTX7bMcCwkI/FDLRfRGXqBPvaVYTtBn7SEGZO/6nKdSMdUz4wzv9wTlLW9d
fSU7mBqY/PlRKKf6tzzploephfdx5F2BBiPvrgWx3lZUsMl1HatfvLxh2VHYiBSl
OMFrlTfeA4yG4SNpWqfeMzn5jWYOch49uuRgs+BCfM5N0fC4hHwpwuZBTUaLkv9U
D3a1Mb8cgWCmofdG60WxERKdtmEjamPumDrWZx5ng+YziO6jvPQSit8CZGtzjp5O
vUMoJpboQdGWoSeNwDpSLgenMO11hevwK4jSOm+mFDQhyNUjJnNPQEv31y4ByCft
VknJdSMFsmsr9n+4JiAcEZoqFpCKm3pzCbhRLsJAT2jj7DGp4KRqcfcbZAoTKX4v
StJ9sgC1GthQxbH7+SlOm1wngNzx387uZ0XFKLvX4RW9YXT2AeK+QsYq+KIef8kq
yJBss3iFQ2gB44CJ/CAVNp67A/TcuPr3CfxMIH/6wWBUsMl1HatfvLxh2VHYiBSl
MExuI2yDZ13W7yLA9or2yTNikmyq8QP7+sfoQi2irORBBtcnLPgBv7XU9vFo/Xoy
uV7y5l+GeL2fau9MFCT4ePAz0yOzLnqMzG49DkTcwI/1wlytIP/TUuT4nUaDxmwP
ZrIHwjpzV5AaiMB6Y7P/5+KzraNU5g5o3nXlH101xeRVQ0zKzpFUTUm0dyLRX/Na
ECmxIDKjej/YybNT89WYhC8ZG6vnOKw5Nnbci0ZNS115dEh+BNftsxwLCQj8UMtF
StQSXKR/QCjrnGFCxTzEI7cy3euHP0zz/7oklQmJ8XN5dEh+BNftsxwLCQj8UMtF
StQSXKR/QCjrnGFCxTzEI/qcp1Ix1TPjDO/3BOUtb119JTuYGpj8+VEop/q3POmW
h6mF93HkXYEGI++uBbHeVlSwyXUdq1+8vGHZUdiIFKVH5pxVXH5r/fOhVVThPHls
vXFhc2UxN6gmPBpm7KD3H9ZC1uAW9rChmbfYRn1LWDz87tcUT8Yjdr1QC2l7kGFr
z4EG3lcnIOZGpQUKbXc7GChU7iTONe+O5SJBKZvDRm6FetpCBi6JO1YVpxVeK0YT
C4h9BhkDII48Y4cNl0MzuBa+3aVkAcaiJ6a2dSTWYI0DRP2uRB+mfj8bbVaiZP0H
8DPTI7MueozMbj0ORNzAj7KIhD4L3Z4BN2lOBcLlWD4CTPhT21FbRuPX+RyNdrad
nHhMaTatgn2uHivKC24D16Wdo8qdVjGR2DLarGzg90fkABy2sqEMwODASJ6w8u6B
YUHedBV3al46qChpsZWMNRFwS4j/iHCfvqHOmZce2O8YS2s/9NrlDQDRVS1V7/55
M2KSbKrxA/v6x+hCLaKs5EEG1ycs+AG/tdT28Wj9ejK5XvLmX4Z4vZ9q70wUJPh4
8DPTI7MueozMbj0ORNzAj78GqQfJtchf4ML/87xE8hkRcEuI/4hwn76hzpmXHtjv
GEtrP/Ta5Q0A0VUtVe/+eTNikmyq8QP7+sfoQi2irORBBtcnLPgBv7XU9vFo/Xoy
uV7y5l+GeL2fau9MFCT4ePAz0yOzLnqMzG49DkTcwI9FbBkpXhPPm/EKOKRoarJg
Jsnd+anbqfR+iyxVwhS6VP+N+e7fuIUXFrGaCZOaPKbPgQbeVycg5kalBQptdzsY
KFTuJM41747lIkEpm8NGboV62kIGLok7VhWnFV4rRhMLiH0GGQMgjjxjhw2XQzO4
7AFyL66rLyh4wgl5M0m83yN5UQT3W1YAQpU3YpSmhvUv3lBAU+FlvCU+z43NY0FS
XNT9OdhMoIx871JjHUvM79BAhumoTwUqnkW+8Y+ej/0+MUkaxnNSp3+X2hsHwWsI
1kLW4Bb2sKGZt9hGfUtYPMaoq+1VgWkHlgY9QV+t6ssjeVEE91tWAEKVN2KUpob1
L95QQFPhZbwlPs+NzWNBUlzU/TnYTKCMfO9SYx1LzO/QQIbpqE8FKp5FvvGPno/9
PjFJGsZzUqd/l9obB8FrCNZC1uAW9rChmbfYRn1LWDyKb48qj1VVkibks+hvwOzc
ZrIHwjpzV5AaiMB6Y7P/54fTBOcz5tWsczZMQo2QhdUpPt6DZ+97h3mx7vRA2y4c
cS4ylsYHMacDerhH+7UJkesBumossOEoaWwBjhu+HshO6g/git4QGMxsex8QUR+C
+ApO35A71Z9ZDv8HOiNW9ipHy5sCY+CkHwN3cq4skPCyr9wlniHYSgXN1CY2rOVL
yDMtXcVSsVdbT4yaFTnpjZ7VvkOMa1pOTl88cxRV8ZMvyK6lLbcXzm5pI9HgB3wa
AafuR2ZwyMmEOoiNRQANwrT5WOkZ384dq12oVVqrdhbCTgXZDksZCZGvwV0PEanp
mioWkIqbenMJuFEuwkBPaLMrNcNnIZueOJ18Juph0W7pWG80IGo58TCqfD0l4NSQ
kfqXayPwWRYbDauDsKcpPNLzQwqQkJPUqYxdmpvZCu7UDNmqDlpE7wYpyPLoKXN6
nBVcaOKI22LCk0YIKsjA/k7qD+CK3hAYzGx7HxBRH4JpvzIYbFSox4TaasmeWy4g
FRT7nYuhtQ03ALCfZTacdeoJ8MCahT9knYVMpCJv0aB5X94G+9dNzjveatT116xF
lFcXEXyLufHZMSHTZ0iBe+ReX8blpzVtPhp+hSRpo8YBp+5HZnDIyYQ6iI1FAA3C
ra05R7nuzHMRtD5Hj1BGOVZRSw000DL3ACPVjNikeL1QrAlOrp/FnZ9W6GKDUYmV
bfjJbO2uSPxcUi1SCm42eZoqFpCKm3pzCbhRLsJAT2isGA1qh33z8gMBeFjWwb2g
fqWVsSxAsaNS8q+9S3/8sV6GQuG+H+l0vIcQlhoFuUEs9gjN1WGEuTzDNXmg2ets
GLeXXJNnKLs+z7dBTrBKbl5m1ykDo/NKRBWxoaQ7W+MLiH0GGQMgjjxjhw2XQzO4
24dc1wZsCPIWH6f/jhdBdwHvWuqWw916aJIAYBqqu2OUVxcRfIu58dkxIdNnSIF7
f+fxc+eUEFbNt9AcOCsL0Fa/TuWlGQMnvYy5uoxtistaWHPmkIs0chf5ctsOYAgo
aHpjDSXKFnuLTLz4NSQsaJlt6UUIYp5uowdnNBisPsf67FsVP6V+ozqMUwR82H2A
TuoP4IreEBjMbHsfEFEfgpSzkW4VeYdxttgzL1VkmWDuLAeXU77QYsWfth1Qb3Sp
6M/BqwMh0xEb4/uarbFo/9OWHJdUH5IijLRs3OukEdEswh6fio+UYMJy0UTP/oii
mzxRJ+nHl/YJRlQN0nEP6mW5w3sbL2Saw8hYN6sQsrnIkGyzeIVDaAHjgIn8IBU2
AtTLCTGCfQokKgTcPALtbp7VvkOMa1pOTl88cxRV8ZMvyK6lLbcXzm5pI9HgB3wa
AafuR2ZwyMmEOoiNRQANwjgv2rwiFsQkeBcazqQwPsNh9RpWFr35qVLmNyMGpTKV
VhW82gWojUK7EUnVHRFOX1PB5XGG3MqFY0FfS+aOgkFWUUsNNNAy9wAj1YzYpHi9
UKwJTq6fxZ2fVuhig1GJlW34yWztrkj8XFItUgpuNnmaKhaQipt6cwm4US7CQE9o
ZrYQWhkHw9bi3phOC4phSG92N3xGLqKtC5GMop7B0tfIkGyzeIVDaAHjgIn8IBU2
01VtwezlqExq36P1eEWnpTAyM/bFSaPn3f/lnsZ8aC8o7Y3+bsjy49J1NpxMkaCf
VhW82gWojUK7EUnVHRFOX0pKuxjVgABP7fFtxwpOEktVQbWMXhzT5RxTAoiNz1be
4rOto1TmDmjedeUfXTXF5CvyMxbVWXlkZwN7mtGTWFhq+f+ihiJOr+dpyICf3P4A
RCOWFBCZnj5Hf0R4/aye5mKiC+JrIcKZeyF8gulhfVh4sUj0xEi7Ek/+G+fd33Zw
QeCCOPPcpqH2ayE9dzn2cZoqFpCKm3pzCbhRLsJAT2hTMaD5R9U6UtCfrcqG6soW
6VhvNCBqOfEwqnw9JeDUkJH6l2sj8FkWGw2rg7CnKTzS80MKkJCT1KmMXZqb2Qru
V+KgwWKhSpAzFYetG5DIvt1P0Hwl2v1m39bBOd3hFP0Bp+5HZnDIyYQ6iI1FAA3C
UobCIEbf2a03uqnDHg383Sk+3oNn73uHebHu9EDbLhxxLjKWxgcxpwN6uEf7tQmR
6wG6aiyw4ShpbAGOG74eyE7qD+CK3hAYzGx7HxBRH4IChSZirCYAgw4/EX9ZPx99
8jm369saay6Fqn85NceXyyzCHp+Kj5RgwnLRRM/+iKKk5J2KmoNWa2hGbdegTMBX
AbSsQNmqVlHJek//8wYUStSkFq1D4DtxmS820yVnUVwGvP9mp2XTbUs0eoKWUwXZ
yJBss3iFQ2gB44CJ/CAVNmWXRIlBMGvlfTeZ8WuFK6Ew9Jztyu7lk6LeP+6RUBxD
StQSXKR/QCjrnGFCxTzEI6Yh2YMdgqkkF3yProHnz/cwMjP2xUmj593/5Z7GfGgv
KO2N/m7I8uPSdTacTJGgn1YVvNoFqI1CuxFJ1R0RTl/bZEwg1GZdabwekhbUXqYL
vJQGXGKBVJ9p82FOVW+19ZAR41M1t7y9JakjHYOjG8Is9gjN1WGEuTzDNXmg2ets
GLeXXJNnKLs+z7dBTrBKbl5m1ykDo/NKRBWxoaQ7W+MLiH0GGQMgjjxjhw2XQzO4
iafjVvsLtOhVma0ZPQDsuzD0nO3K7uWTot4/7pFQHENOe4WG6kw2PvbFlZG8K34D
u5nJffmgex+E+fsaN8gDjck2rUnEcAWf8mvNw8ToUfOagNt4XjynnfMD1AaIqt+M
j1rIwjvT2dp2Yy+/tBMT6nW1GbT0mAYAsUy/JKWD/dBoemMNJcoWe4tMvPg1JCxo
MesCrPO9/IrSSW3+9CbduQG0rEDZqlZRyXpP//MGFErUpBatQ+A7cZkvNtMlZ1Fc
Brz/Zqdl021LNHqCllMF2esuEnjatF4V8AERI6yCkDz67FsVP6V+ozqMUwR82H2A
TuoP4IreEBjMbHsfEFEfgiBj0p3Oh0Rr2Og8o1dm0t7pWG80IGo58TCqfD0l4NSQ
kfqXayPwWRYbDauDsKcpPNLzQwqQkJPUqYxdmpvZCu4laN1C1RIMH114iPrwkaxW
8jm369saay6Fqn85NceXy9nE7MMAvj/KBog8Yenwjftgp6X87zL+uY66vVyxyEk2
Vr9O5aUZAye9jLm6jG2Ky1pYc+aQizRyF/ly2w5gCChoemMNJcoWe4tMvPg1JCxo
axIOcte1JLN5jBU463nK7AHvWuqWw916aJIAYBqqu2Mv3lBAU+FlvCU+z43NY0FS
LPYIzdVhhLk8wzV5oNnrbBi3l1yTZyi7Ps+3QU6wSm7DbjT060iuwPzH7p3u/4Ca
1kLW4Bb2sKGZt9hGfUtYPI+ZDROgXKGdPXGKM2irB5MKLPrdupoQNVSVIelFAzyu
8DPTI7MueozMbj0ORNzAj7B5MlLVUws4HpDgi525tPxVQq6faDE/ur7kfGEQJSQU
N6tcuwbBOaGcEu0ofYX+mGJXWsJfzeNycdABXAvmJvbLsnbMHROD39x5MEQ0TIUJ
mKdFzmNchb7ly3vUF8WlC0Vc9lhbRxTcnZqgAVidfjm+OKfnG16ktmo6vZZPniMo
VlFLDTTQMvcAI9WM2KR4vVCsCU6un8Wdn1boYoNRiZVVLQjjm05u+jFq+vSv78Dh
C4h9BhkDII48Y4cNl0MzuFQzSnxBpjBlxNsoHuewwq3k5ldr9zMNUutbRw6CBrJb
sq/cJZ4h2EoFzdQmNqzlS8gzLV3FUrFXW0+MmhU56Y2e1b5DjGtaTk5fPHMUVfGT
L8iupS23F85uaSPR4Ad8GhFwS4j/iHCfvqHOmZce2O9ehkLhvh/pdLyHEJYaBblB
Sh8XpVKBe9yIlwY2xBuElVSwyXUdq1+8vGHZUdiIFKXkMbabs+gQey1C/uldVNS2
7iwHl1O+0GLFn7YdUG90qejPwasDIdMRG+P7mq2xaP/YQCdCyWdtvPk0ixg85Ccx
8DPTI7MueozMbj0ORNzAj4txA1hYYthY0KB3AplbY60jeVEE91tWAEKVN2KUpob1
lFcXEXyLufHZMSHTZ0iBe3/n8XPnlBBWzbfQHDgrC9BWv07lpRkDJ72MubqMbYrL
lSoaHbU3SjnXFA6pORCpS0Vc9lhbRxTcnZqgAVidfjl26CpqzVNWk367IEYwdcul
Gty698+V47sUV348NBeAoAenMO11hevwK4jSOm+mFDQTJzyHOQ3lq5T0HjXKCOyw
FRT7nYuhtQ03ALCfZTacdeoJ8MCahT9knYVMpCJv0aBtdqzWvdPJMtoIZ3nv8c0c
pcrdXdA7ZQu9RjuSMAOJIq7iOtQgrtbVOedTvxs8nib0aIxPmYevsvPuZdwc8eTo
pcrdXdA7ZQu9RjuSMAOJIjbUwLAe97Wu3jU3zbixvyBVQq6faDE/ur7kfGEQJSQU
N6tcuwbBOaGcEu0ofYX+mGJXWsJfzeNycdABXAvmJvaUVxcRfIu58dkxIdNnSIF7
sSTCbCTKC+Tv4HeXbvL9RCbJ3fmp26n0fossVcIUulTLuE8d6EK++bbBaI8I+1jj
7/kzbw9EzIsr1Xc1Pzxp2Gr5/6KGIk6v52nIgJ/c/gDRf48thT4MI/0IDxCejSpt
eXRIfgTX7bMcCwkI/FDLRfRGXqBPvaVYTtBn7SEGZO+uV44D0nUVpl6tfXMH9Fh+
RVz2WFtHFNydmqABWJ1+OTgv2rwiFsQkeBcazqQwPsMpPt6DZ+97h3mx7vRA2y4c
cS4ylsYHMacDerhH+7UJkWZ6TOG5Hs+osbnZS6OMo9JN0fC4hHwpwuZBTUaLkv9U
4HcD1QRlB6l6Gd/tf84XfAdTGWFI/UwV6mDqcSdRX7wLiH0GGQMgjjxjhw2XQzO4
naduo+fXKBybXXJzN/abDQG0rEDZqlZRyXpP//MGFErUpBatQ+A7cZkvNtMlZ1Fc
0uBOoZK2CVkSTy9tpRDlx+KzraNU5g5o3nXlH101xeQCmu30zvIi21zqV3lZcMjM
eXRIfgTX7bMcCwkI/FDLRQJdRtdJDvXgV/5a4+DvTJ/cak4SpwpQsgU+1SaTZvNJ
2jAlIcowOC0JdqSfzAtT25RkKvFxodDsABfpYDzBGHwHpzDtdYXr8CuI0jpvphQ0
XrZKJZ6aCQrbPQisbeCsbN8/6+fNrXGyXdNX2sa0HCMswh6fio+UYMJy0UTP/oii
UlatqRXD384nnxVrP/99DO9a4EPzhikSuEyhziRSBeWSxbnHS7IyjJvzLv/Rs/oW
88IVB0b67xNSXwp0r152ZFHC6tbs4bVajDjnaW7AtmnE0e0THLvX3B6FAzB1guia
Jsnd+anbqfR+iyxVwhS6VFHC6tbs4bVajDjnaW7Atmnv+TNvD0TMiyvVdzU/PGnY
avn/ooYiTq/naciAn9z+ANF/jy2FPgwj/QgPEJ6NKm15dEh+BNftsxwLCQj8UMtF
StQSXKR/QCjrnGFCxTzEIyCjDNm2HKr27Jmiosx+Ne9UsMl1HatfvLxh2VHYiBSl
R+acVVx+a/3zoVVU4Tx5bCz2CM3VYYS5PMM1eaDZ62wYt5dck2couz7Pt0FOsEpu
w2409OtIrsD8x+6d7v+AmtZC1uAW9rChmbfYRn1LWDzAiZZemxC7RCj8TysPe9/q
Gty698+V47sUV348NBeAoAenMO11hevwK4jSOm+mFDRkfPtvlEYLenXK3kiwnHP0
7iwHl1O+0GLFn7YdUG90qejPwasDIdMRG+P7mq2xaP/YQCdCyWdtvPk0ixg85Ccx
8DPTI7MueozMbj0ORNzAj0/FenYpcKwi/ZvfpehwWyoWaCDWnQmFXSJ5ruYPn99B
OGEjgFw6mOOu3jMVFsxv8dxqThKnClCyBT7VJpNm80naMCUhyjA4LQl2pJ/MC1Pb
lGQq8XGh0OwAF+lgPMEYfAenMO11hevwK4jSOm+mFDTOkYwuhVh9i0kfShP9+CcZ
Fmgg1p0JhV0iea7mD5/fQThhI4BcOpjjrt4zFRbMb/Hcak4SpwpQsgU+1SaTZvNJ
2jAlIcowOC0JdqSfzAtT25RkKvFxodDsABfpYDzBGHwHpzDtdYXr8CuI0jpvphQ0
aRgOfkP8hyUrCgrASwH5SSN5UQT3W1YAQpU3YpSmhvWQEeNTNbe8vSWpIx2DoxvC
LPYIzdVhhLk8wzV5oNnrbBi3l1yTZyi7Ps+3QU6wSm7DbjT060iuwPzH7p3u/4Ca
1kLW4Bb2sKGZt9hGfUtYPO0JGNNaYB78rIyKTqzWosv0aIxPmYevsvPuZdwc8eTo
5ZTFatIsPGHjlCew4Bi/V4hLqm4DIM+E23PoXxfiY3swMjP2xUmj593/5Z7GfGgv
MlMIQLjL5bw1F/WRGUyJm1SwyXUdq1+8vGHZUdiIFKW0eM0nfdXiYt6bSFQizQIK
5OZXa/czDVLrW0cOggayW+WUxWrSLDxh45QnsOAYv1eIS6puAyDPhNtz6F8X4mN7
MDIz9sVJo+fd/+WexnxoLzJTCEC4y+W8NRf1kRlMiZtUsMl1HatfvLxh2VHYiBSl
5DXZaxwzKFdBUE2zVexERt8/6+fNrXGyXdNX2sa0HCPZxOzDAL4/ygaIPGHp8I37
cmPoUPLtuqH0bLrrr2giHHC186dS+kgxrTchab95/Gm0iqdfivb9d9zjxVYKoujS
aHpjDSXKFnuLTLz4NSQsaO2IGgXBGha+3PtNtZxWc9oqSI260IbEgLTThPZeDDBI
mioWkIqbenMJuFEuwkBPaJEolIKsv+eGScFhD4L5SO1yoP+ONNqxUc2LDKNBhBRe
ikxdlX5+5rXFEXYnsfla+NLzQwqQkJPUqYxdmpvZCu7UDNmqDlpE7wYpyPLoKXN6
Lb2gt6TEbSAP1yr2y0RwvguIfQYZAyCOPGOHDZdDM7gqNLihCK5Fa49GfNDca1wU
DevQKNLGnasTITvyO91htdJtpPPVouY6aNDl1n35hH6Fcff0u1NzjYQcPaV6zeUp
T+gCoUZTTUhrk6ldvtXZTTxcVQKQE5TlmkfPiQwI4mxoemMNJcoWe4tMvPg1JCxo
qvRP6QnQt9ZE/OCLJiMZGHwUDSDh6jF6fRd7DB7W1R5h8wYY6in6eCJRRzwoGuc0
ER+WToZ70OzrZZwJHdAQ4KXK3V3QO2ULvUY7kjADiSK/Q1AhsDvJRXUNme5I8oA1
fqWVsSxAsaNS8q+9S3/8sV6GQuG+H+l0vIcQlhoFuUFCguk8UoQESTmmlLt62DcP
HUF+3bdPXwKuIZavibtJL+kVfonZw/PSXr+2ixYH6qoLiH0GGQMgjjxjhw2XQzO4
NvRq0fJCqm6/FYBZVCuzAmW5w3sbL2Saw8hYN6sQsrnIkGyzeIVDaAHjgIn8IBU2
5YtI1kjYnGr+lcu13JczVkWgHnDZc8JGKWW1bSImz1MQ6lE+X5b7YOOr516uPK7J
VhW82gWojUK7EUnVHRFOX9E4urBYgaXD2RWhwrRKt0MX2IvOkpvQaRds2uietaAG
pcrdXdA7ZQu9RjuSMAOJInDdy/QmvXlHw1X+GToz8VhA6+c1rnWJMCzBEWrK9viJ
nOaxKEeILF0goHOydm85ugGn7kdmcMjJhDqIjUUADcI4L9q8IhbEJHgXGs6kMD7D
tX96e+QM7U0l+Tz6qWkddWh6Yw0lyhZ7i0y8+DUkLGgPdrUxvxyBYKah90brRbER
7hF2OXe74DgIUhDXYZZxjqZBqiHpvFTQ5BsMRmXPkYb4u7nhrAK87mmNqDSq7cya
8DPTI7MueozMbj0ORNzAj+QMjkyNz4JLED87ZC/G1GdVQbWMXhzT5RxTAoiNz1be
4rOto1TmDmjedeUfXTXF5Jw0cGJrAG7ZVIaFHeGReTdyoP+ONNqxUc2LDKNBhBRe
ikxdlX5+5rXFEXYnsfla+NLzQwqQkJPUqYxdmpvZCu6SPsC7oeOpq7r4V25Nos/x
ymZjRsC1WJqkL6aLhdrj9WKiC+JrIcKZeyF8gulhfVg4wWuVN94DjIbhI2lap94z
QoLpPFKEBEk5ppS7etg3Dx1Bft23T18CriGWr4m7SS/pFX6J2cPz0l6/tosWB+qq
C4h9BhkDII48Y4cNl0MzuPebzWb06BxGV/KUi4fwwkOAww48yLnur8qPV/vGQHy/
4rOto1TmDmjedeUfXTXF5HJUO7I3YiBmOHii4o3nyIIHKlByV2aRDSKstoNHFUAQ
SHlck4RwR17yYxImiVWQBGKiC+JrIcKZeyF8gulhfVjT5mbnpJCi3mncK5MSQ3ul
8jm369saay6Fqn85NceXyyzCHp+Kj5RgwnLRRM/+iKJj8y8MaiXXIFSK7RHb3jyL
eePBx3czShr8cFo5NIDyKJJEwyFd9D3s/jV3lbr15ZIv1YCmqaQovYNRgWoI/Y/D
oBGKqFvZKTjZOdyWtMu3HRArmbJdTMkArk96dq5BaJgLiH0GGQMgjjxjhw2XQzO4
at7sSHHk4g6u7M+Vh8gpEw3r0CjSxp2rEyE78jvdYbXSbaTz1aLmOmjQ5dZ9+YR+
hXH39LtTc42EHD2les3lKciQbLN4hUNoAeOAifwgFTZiFdlbWXATNNQDq+BaGAIp
fqWVsSxAsaNS8q+9S3/8sVfioMFioUqQMxWHrRuQyL7zif5pjahVz6V7Z6g7BW6S
cLXzp1L6SDGtNyFpv3n8abSKp1+K9v133OPFVgqi6NJoemMNJcoWe4tMvPg1JCxo
oqPxXeatonhGhtxjYQZBY7nUV+4iIvjxERAovxirFHXwM9Mjsy56jMxuPQ5E3MCP
soiEPgvdngE3aU4FwuVYPtX5nPDuJ7ZdbyHFgPrO0uC6ZK7LD01q4yldvG4ZhW8q
U3hU7BrFgOKJCv0OgdJW2+KzraNU5g5o3nXlH101xeRTuyDbpyXHg8Pby3X+J2jD
BzVg+F49E0aMtTvOCr5vn1HC6tbs4bVajDjnaW7Atml0F0bkSz8S8AD9uBdmsHPN
BypQcldmkQ0irLaDRxVAEEh5XJOEcEde8mMSJolVkARiogviayHCmXshfILpYX1Y
vx/fZmlZY7JLZ4ed5hoD4ipHy5sCY+CkHwN3cq4skPCPWsjCO9PZ2nZjL7+0ExPq
YG5pMEJzKZe6ILsFG1FScUWgHnDZc8JGKWW1bSImz1MQ6lE+X5b7YOOr516uPK7J
VhW82gWojUK7EUnVHRFOX7dz78CAdEAz8suz7oOmPrIHNWD4Xj0TRoy1O84Kvm+f
/4357t+4hRcWsZoJk5o8ppo4AHGGelRQaczKP8ILJHYIGi41OIRF6/aohlO8rCnr
3EcQkhAMgG3iIQjm2cCI+poqFpCKm3pzCbhRLsJAT2gwd08jhYlk0DqKGNUxqjUf
AafuR2ZwyMmEOoiNRQANwrGb7fwDb+hmxG3vvGyOBpHV+Zzw7ie2XW8hxYD6ztLg
umSuyw9NauMpXbxuGYVvKlN4VOwaxYDiiQr9DoHSVtuH0wTnM+bVrHM2TEKNkIXV
tX96e+QM7U0l+Tz6qWkddWh6Yw0lyhZ7i0y8+DUkLGgDAHPnhh+PGyBprfX4Af5X
DevQKNLGnasTITvyO91htdJtpPPVouY6aNDl1n35hH6Fcff0u1NzjYQcPaV6zeUp
6y4SeNq0XhXwAREjrIKQPLnUV+4iIvjxERAovxirFHXwM9Mjsy56jMxuPQ5E3MCP
OnKiIQYFcGhOOA0atHCpl0Dr5zWudYkwLMERasr2+Imc5rEoR4gsXSCgc7J2bzm6
AafuR2ZwyMmEOoiNRQANwk4FbxQksPZtQrPJuALj2mkX2IvOkpvQaRds2uietaAG
5ZTFatIsPGHjlCew4Bi/V+SCDObt1Ib2vG5Z6FrMWPJFoB5w2XPCRilltW0iJs9T
R7JVAn8Tzoo8xL1Dp43p51SwyXUdq1+8vGHZUdiIFKUX9LAX06oTtUxBTatOUUCW
VOYLkPjnm+rkjU9IVsf9zgenMO11hevwK4jSOm+mFDTl8VcrPVeO19ua3Dn3Ll+v
WRMU/wxVpaeCAFZPLDJJN4Vroh9Ux8gG/0xLy3irN4RGnWp/wJX3LoJ9DcpzqX0u
sq/cJZ4h2EoFzdQmNqzlSwHIo6uSRM9VVcynGSC78Y8RcEuI/4hwn76hzpmXHtjv
1AzZqg5aRO8GKcjy6ClzekKC6TxShARJOaaUu3rYNw8dQX7dt09fAq4hlq+Ju0kv
f1bRW4VmicwKFaKWsDxXFNZC1uAW9rChmbfYRn1LWDx0YCjSWCDDT/6oR1DPc40D
6qTkgNluwVz8d0xMXgJB35oqFpCKm3pzCbhRLsJAT2iRKJSCrL/nhknBYQ+C+Ujt
cqD/jjTasVHNiwyjQYQUXopMXZV+fua1xRF2J7H5Wvi9YXT2AeK+QsYq+KIef8kq
yJBss3iFQ2gB44CJ/CAVNnsmubJwRxkMDkL7zFgPhu15dEh+BNftsxwLCQj8UMtF
w/2bzNOvGBGOsVsZPzqwxu4Rdjl3u+A4CFIQ12GWcY6mQaoh6bxU0OQbDEZlz5GG
Qe3AtuaX6H5Q3yjBo6vmzAenMO11hevwK4jSOm+mFDRV83Qftqt5vIFZ8wHMPMnX
5OZXa/czDVLrW0cOggayW6XK3V3QO2ULvUY7kjADiSJw3cv0Jr15R8NV/hk6M/FY
QOvnNa51iTAswRFqyvb4iZzmsShHiCxdIKBzsnZvOboRcEuI/4hwn76hzpmXHtjv
XoZC4b4f6XS8hxCWGgW5QTn5jWYOch49uuRgs+BCfM5N0fC4hHwpwuZBTUaLkv9U
v1g8mdPGUBE6AjPXwCTN/HwUDSDh6jF6fRd7DB7W1R5h8wYY6in6eCJRRzwoGuc0
9eLCK/u+bXLA/PS1Iy/RtJoqFpCKm3pzCbhRLsJAT2ii7Lu9S9woh7811eda3r2F
VknJdSMFsmsr9n+4JiAcEZoqFpCKm3pzCbhRLsJAT2gpyFhO0gmTQxFm+1WIPRIg
WRMU/wxVpaeCAFZPLDJJN4Vroh9Ux8gG/0xLy3irN4RGnWp/wJX3LoJ9DcpzqX0u
pcrdXdA7ZQu9RjuSMAOJItefQlRxSJdmLI1sGdZiIzojeVEE91tWAEKVN2KUpob1
lFcXEXyLufHZMSHTZ0iBe/xMeMa8wMsyXtiBvro79kp548HHdzNKGvxwWjk0gPIo
kkTDIV30Pez+NXeVuvXlkvPCFQdG+u8TUl8KdK9edmTLuE8d6EK++bbBaI8I+1jj
AHABdE919Dpp2lOIGtK83xFwS4j/iHCfvqHOmZce2O+SPsC7oeOpq7r4V25Nos/x
84n+aY2oVc+le2eoOwVuknC186dS+kgxrTchab95/GmTJFSD0qs/TrinGt9HXL5h
RVz2WFtHFNydmqABWJ1+OYFhQMu7hhCFYC3m0exAmbxoyaZ+ayynAqutkeqZfUhA
1kLW4Bb2sKGZt9hGfUtYPB3un2o2LQ+5uwhxxWHLFmfV+Zzw7ie2XW8hxYD6ztLg
umSuyw9NauMpXbxuGYVvKnqmDyvkSKbF54H2VUjEH7oswh6fio+UYMJy0UTP/oii
fAbdbX8zQgRU/lqnGQPAXCbJ3fmp26n0fossVcIUulRRwurW7OG1Wow452luwLZp
gaObFvxJsMW97SB2McLjJc6OUKNOV6950iv30CW6odMf6/wj72DnZZqJUaB6ovis
TdHwuIR8KcLmQU1Gi5L/VNG1Av9CpS5iaMt690U2KJwDRP2uRB+mfj8bbVaiZP0H
8DPTI7MueozMbj0ORNzAj5wcDV9ReMICVFqSc7jxjpE7Ltt4NpNww+J89rwyog5A
Tj9+V7dEpnMRyWLZwPP52Ipavc7MYsZmi2QDAtfqhNeUVxcRfIu58dkxIdNnSIF7
FdsDar+c912+zgm7HD1+LSN5UQT3W1YAQpU3YpSmhvWUVxcRfIu58dkxIdNnSIF7
BI/mfNwoJ5Jp0pIt8+wWjXnjwcd3M0oa/HBaOTSA8iiSRMMhXfQ97P41d5W69eWS
88IVB0b67xNSXwp0r152ZFHC6tbs4bVajDjnaW7AtmmyISqsj0e4OSTRRym8KHnP
eXRIfgTX7bMcCwkI/FDLRUrUElykf0Ao65xhQsU8xCNuLB4/lAsot754v7TOXTmc
RaAecNlzwkYpZbVtIibPU0eyVQJ/E86KPMS9Q6eN6edUsMl1HatfvLxh2VHYiBSl
R+acVVx+a/3zoVVU4Tx5bDn5jWYOch49uuRgs+BCfM5N0fC4hHwpwuZBTUaLkv9U
9xnDCOlNMncX/t4WLhZp0O4Rdjl3u+A4CFIQ12GWcY6mQaoh6bxU0OQbDEZlz5GG
Qe3AtuaX6H5Q3yjBo6vmzAenMO11hevwK4jSOm+mFDSNw64BtDq0NrLHOA6c9Auq
eg2JKuADxMk1u8hjdZHInG6CsFv2t32//HbQjqPUP2qBo5sW/Emwxb3tIHYxwuMl
zo5Qo05Xr3nSK/fQJbqh0x/r/CPvYOdlmolRoHqi+KxN0fC4hHwpwuZBTUaLkv9U
azEU/u3o6nQHu9ZJuKbZU2ayB8I6c1eQGojAemOz/+dugrBb9rd9v/x20I6j1D9q
gaObFvxJsMW97SB2McLjJc6OUKNOV6950iv30CW6odMf6/wj72DnZZqJUaB6ovis
TdHwuIR8KcLmQU1Gi5L/VN/ZHq2qcxPfy/4ZmCKcUGvk5ldr9zMNUutbRw6CBrJb
j1rIwjvT2dp2Yy+/tBMT6mBuaTBCcymXuiC7BRtRUnFFoB5w2XPCRilltW0iJs9T
R7JVAn8Tzoo8xL1Dp43p51SwyXUdq1+8vGHZUdiIFKUSVKHWKjMrWKlWMIiXhA/T
VknJdSMFsmsr9n+4JiAcEZoqFpCKm3pzCbhRLsJAT2i0tkikwegc8/+BK1ePu3li
BypQcldmkQ0irLaDRxVAEJwByVUQZM8mBzk2r/ZmBvV5dEh+BNftsxwLCQj8UMtF
kxLdMwVME5asDOWj0OaeIHVxTU47MvHqzIVw+tCbehyaKhaQipt6cwm4US7CQE9o
tLZIpMHoHPP/gStXj7t5YgcqUHJXZpENIqy2g0cVQBCcAclVEGTPJgc5Nq/2Zgb1
eXRIfgTX7bMcCwkI/FDLRSJqx66msOqwy688rgXuknMDRP2uRB+mfj8bbVaiZP0H
8DPTI7MueozMbj0ORNzAj8OEC0UbQu2Xt/+7y0JhdMk/z+mEOoSGpocNvnsHTkwh
p7dcc647I+L4pH8ORWg7vCBKi+KIN/X29myOVVrF3iBRWLPYvMDDHdLSXq8ElQ6q
ElCb1Pye6uHmv+uMyy7+RSy0KRGPrfzVV8UIn7JAxHcYi+xymjWQrpMm4mERvZcv
wmXVzXobWwYQRt7AM2tChA==
