U2FsdGVkX19TWxZQievm8LN2xstvF0fu8RoP/W9i8uhkpKntOIP7t6rD9s1yvQwH
i6bgrxItSkwav654eXSG0abiwJ1WNY1d8fi+a04PW/kImxZkBV8E5GsU8dsdbgSi
Qk6mjMYhDetYeGGWlBrgGOJzx6iBzxvoINIQZpa2dOfjJbDah6IjOiVZZAAHbKwO
/xPqHq1hz4qFM3SJRiHUsq8zT4e3gQby4kDoQinXiFE6EZ0m3qNXoAytqMB5s9v9
JVb+2QBKQSbe3XOyEQL9NGADsRTlJygE06TamDZt+WtTNr9M/qIBXgh4a1VgxPmu
KiNxEXcLXaPQnjCRLRiersDrlzBQIa9QYN977jro1VjmJSTQmhb2BUMmivnhJuwH
MZmlFwbfYtwdVAHE7QOMIRFSPkHyzjGAsEbMed21ntZjbXfWdpSbMOrgMWBvuKuW
fJPcRFyZ/A+YJRvB+p3HLFfjCGCTzAbJHpxvg8+kYox11tIG52MEhjDqFMA9KWal
ZI9Pvi3Xu/7NGP/qc/cdp0NLl6mdQD02e4Kl7X7wv4SJkxcgGqFNXHjdqiFShmsj
NksldcUqeeV5+BJ6tTNZb9n5OjnFIn+dLLyR/FuIsrI1YHY9S1MYAS1QcEYw9UmY
3fDLzYhgjTjlhFMP3b9TFSiq9CBn8KdkmRtSgaUSl0PAlub6rkCSGE7XrhL951gL
gPt9lsIRzujqO+TkHA0GDihhY2+SO6SpVPaI2SylBPJ3ljl3Qf9NFYrvzUwdm0sv
nw4Wy7Pmx19DFyrRwdGTBB3fcyr4pwEpotgy6VgTfNHQNUEq15pxDQvTaCdGyh+7
WvasA1N5e5ookagWJn/p5soxAJDWiIY6cPnAdDNC2uSXfsV/FDklGZdzINmiaDx2
K8GVILgvjlCPAz16BPPYwzlAf7dSfnJgpIVUUnXZT8riLgiDU6RhCqJH0ugmcvH2
MLlZhTxBw4Zc+V1SqC9p1IpiMy7LB83bT/GgDB5HG1OhCYc3m1YzeUVin+02VlKn
qDNf0VjFkOoTK0adL3qZS6ILvZZboeH2FHdRxt+1HoI7rJDfUwyjlm1w23jEMEdC
I4yxzp1JqbLzWGiiLi/o18U4ai29tyCRp8zzFKD9Vlo9GfRL6fBsRTsAfrA/QMtf
MYRsTXt3MLFDtAx0TYzDwCAT7vFZQoa5NTAWMzEDNhznQPgSKzt2GJnUjWxR4e2f
mUzKx6HzbmywK+xiffFfx7hsSnPsSS983phP9JM6Ibh3bFSlBMbouOlIq3+2xH4c
NFWcBaCStZtXrfYKnWR/lggAle728jzxkgdQdxBETf3FU6Uek2Q+D+Z+AW6ycJbd
RSJdxQUT3DLWN97sI8mVh3M14iolbz8nwZ+a+6AAJSIFfwo+QKKfw0qFTi/Nkp7n
HpAFAd2g9WfjaFZVYE0UVB7w7B+O/tT73tBeW6VsLm1gA7EU5ScoBNOk2pg2bflr
Uza/TP6iAV4IeGtVYMT5roi/JUBmf+pDwq+l/4KDzyFakicVjeJ98/fX812u0AvI
Vv4wbKejxgzCBZ0QISG8Ds75UwtHS/cBPaoR+wggqfruDf8E63+TdJuz+jPxWCrV
WA0eQ7/pqF/Ng80n/CKEpPyV0Y7PDLhgz7Dy9J4c3eRjoGZ9N0vDxoWNukEuAFVM
JA1saHZfTcHAHvU/VC5Z0QdhgpgCR6odqjMHbU/Gbp6hq+HcAmYXUM/1MFXGyZfC
EbPntHplxp5BAQHrBVgXYGXCqydGBf1RKGEmSXL1AUKXIrucaaGtSjgISwwZGgHj
V+MIYJPMBskenG+Dz6RijKqUPJU2e3Cr6ZVmi+eC+MdXibwcaWpcbyzUDp6ImaTN
djQVhLPz/EVoDhPQnS9ecE7ph9DLkzYx/XVmXl5TKid/H6VQW5O94rvz02jOyOT3
+ViJ2Q8em3A53E1EoaMxzEc8e/mVDHR2MbT2EG1tdsxpmmUgXdgTOcIdtkLWcjkQ
OFvQ5Tjn0xKN7gZea+fkR+owp7WcDDNGCH10k8ajeTuAIQsXKD8nIr74zQ/G9JXs
HpAFAd2g9WfjaFZVYE0UVILP7qLZBlNHwQH7WA+UvowW0pM92x6CO4oix7ZpO8af
EDMRlOzbzlFsRWNmeFHB8772ctPmqIs6rM1MXQH00+WGVkitxKbuuL1im6yTCMci
1yaNsG8ijdASeN6hbsYP3h8sc7aPc8FqEdQRbBvFQwxQw84kvY/3FZbS4jjZPoFT
HiTs6SeqLc1/X4IxXtU6VfVXXLfdzuL4qki+5CCkl8RlxfsHhsAEly3iVkfGAuoB
+vZ5Wucp+v/8M4IIuEQhQgu/h3Ik8Od4eIbj5cVyZQhKNZBuBD2jswwKp4bmGuW8
sKNv8VnHUC7W2L9c7IltEXR5drkihYtnUNRtV2wgbQC55HA/GXRJyoxa7N60VXb8
U4R6zo3kuqEOr7lIUW/skziPNoKzY0UK4OZhKV65n+8W0pM92x6CO4oix7ZpO8af
mKLtW2qDrmwRu7c2O3c/l+FnCpcPFtpitM6Zg/shNIRvGnWY5qu05MLD5yt4WKW2
wZi8Z3U9WVpKdhklEhxFWsvZEqMoHXwI2CplCRjmPHMAFhqSPtaVFxdR6OKgagU9
m+jkjAnZn3b41f4NmlriNu2J0NYqEz1YErCeXMRvLroXwmAHgUg7PDOR1Tgycz5i
wc9FrX1vtdjokqjzg+FBYvgW/AMtZoGhiLK2enCkYbdOd3kVMPrG8FGnWdU0dd0W
1J071ha0VHxLHh3NG+B/zAhmsB9+ccqiBsUj40Wxl6ODTgHSzxKxoGLxnV6IJfcf
4bh3Kbh3p3MjQo+PII3ISYldh3kXg6i96lD0jGohX319RmNmFnjlaKpPL9rFdMGn
VXwdQaVSPWMbeWnDAQG1LE6OqSv0i9nDbsMVuUIUWR8ffxFr+67Rcssf/Ulkmgb9
H+lO6/PYxApGwfUre4DZDcBkZ5i6+fdNvWsG+O7RalK/pz5Y/2g08F8yXaoeJshJ
MTtbQeffxWlTLQX3js+L7UnnAVclOib7HbHNI4Vneqx9Bvuz4ZUGs2XHsm5NT5VQ
HuI1I+sOK0XNGEXEhWoJMh6QBQHdoPVn42hWVWBNFFSrypJqQNU36SQsN/X+bdvZ
bcG/U371EA5BhG4BHIPhVFCSucfwGFD4Tzq4v1rELQLbiRdV5lcyBjZlPR4LkjUW
KIDNaO3yroUkWrZVZ6MZsUSSkGIQ03chBxL5Hej0yxlPDZVo4TMkmcO/4WfnizG7
X+VX8XWlEB6nCMG9KErSDq/cN47C5zVk9DGBij4WX/DQaJHj0RJofwcNLAgKtPzc
Gs+LtBi6IdGu+KKlUR119+HnTVuEnQ+JRJ1ydw6bej7nMycbFJTgTn1IXRHe4rIm
pB0OL8lscPFP20VWvQiWI+1IKsi06q7phxvhrnXt5ukYzV8FwtHb93vcBWvkjOFz
EyH+t1QsvpxLLfN/VIF//praaIIWDGVEGHMPX0e1nzy7elnHDChV+56ly1mgLtN/
HLEGfiDat05lLcpvsJp+hggH/WO6qjzaY65UINDwMCN0Q0jy6T08pHCPXrFtgqfD
24kXVeZXMgY2ZT0eC5I1FiiAzWjt8q6FJFq2VWejGbHHv3wWsBBZpJzDvF2I6zMT
p/mwGoRboaDUH+HtAuhX/ze2Z2HVWxlEsAz2ecvxg3bbiRdV5lcyBjZlPR4LkjUW
KIDNaO3yroUkWrZVZ6MZsce/fBawEFmknMO8XYjrMxPgnzOB4jreZx+OjcmUsB2v
gYUEniutHQsKiaFim7XcM5raaIIWDGVEGHMPX0e1nzy7elnHDChV+56ly1mgLtN/
HLEGfiDat05lLcpvsJp+hqC1hka1FQgnoq77D8RFNHbUMxznJ1mWhk4V0DgV3M40
wVYnlMgT549KZiiHVKlfK9p5e4UrTZA3YR+l6yx2utsIQPWd0SUuPPkFjeVIL4zF
VLHY25pmQnqDm9MZ60qQxSp6tIBLEVGFGi4tJ/2QoPx/pOOZL6aPV+NIVc3qreKL
biCkUy5M9xWAH82CNsNjy/EwIKBf/mgou/HZpIvsZcW51FfuIiL48REQKL8YqxR1
/GrnJSAcQE/KdTaqvFsjPdd7s+dFZ/4j1AnURfUycBfUm1beXpPAYGkodv7ucmPk
L8J1OPtxva/tdA5s+BzHO+sVuYfyeEWlbUHRUyl13OGYWQ+SSosYo/p4bc/hpr+d
lVt844foRWnMDA/lxQ5AIWSNGVlzuAzwq9WF5sLTI6nSUHbdrMqvGx4xA0wa+KA6
7NjcA3iFyDZ7lKsk2UdmI7x6USzuuYcbfzAMjmI7I+AEi2yq0xV/6rpDGVbXm5Gp
2VGeEDn1eH6W9f3lbmmhDQscL3yhLkAlntefGJhW8ZaR3yoQpj6ONcxFsW4d+Wa5
f6TjmS+mj1fjSFXN6q3ii24gpFMuTPcVgB/NgjbDY8vKwQZ9Fp79D7kzPwevgbdx
YUQ4Q7TDwyg5J2MJqUpaNpHfKhCmPo41zEWxbh35Zrl/pOOZL6aPV+NIVc3qreKL
biCkUy5M9xWAH82CNsNjyzqfMjnynVgpAIHVIuEXUIoLHC98oS5AJZ7XnxiYVvGW
Vh1VCOjdAZQR3WqM6MhnYLx6USzuuYcbfzAMjmI7I+AEi2yq0xV/6rpDGVbXm5Gp
+YwsToZUrcHq6mdQIODpjCBJq4AFb3S724P6UPdcTwg1mzN8VJnZbNeoVpekFnxV
xZFBAZooZXn48a4248DPgtX0TCtANtUm965EdSYESsBtwb9TfvUQDkGEbgEcg+FU
UJK5x/AYUPhPOri/WsQtAj+eBebEEc0la1jmqN3BmjNU9whUXO9DRTm+BhNPNroN
u5dvNYKbeauASJq1KkRCP08NlWjhMySZw7/hZ+eLMbtf5VfxdaUQHqcIwb0oStIO
riuQKA/3DUBzoY51hHIBTfsD+eLsi1t7OB066ojFrBf6aKBiZmRqIfDUnollTbWO
4edNW4SdD4lEnXJ3Dpt6PjVClaaRw+vcVEmt/ds2EtJSLk0SlDz2iFmkscRqaXch
RYcbXjq2jacnlKCfU0AxmhjNXwXC0dv3e9wFa+SM4XMTIf63VCy+nEst839UgX/+
7gWXK9n7g7yU8V0F2X8lBzq5ay5BDCohgRXbulWMLIX5zB7Lw0AUwtH3euopksBS
CAf9Y7qqPNpjrlQg0PAwI3RDSPLpPTykcI9esW2Cp8M/ngXmxBHNJWtY5qjdwZoz
VPcIVFzvQ0U5vgYTTza6DU8LBi0TiWv7rdi0llvdV52n+bAahFuhoNQf4e0C6Ff/
N7ZnYdVbGUSwDPZ5y/GDdj+eBebEEc0la1jmqN3BmjNU9whUXO9DRTm+BhNPNroN
TwsGLROJa/ut2LSWW91XneCfM4HiOt5nH46NyZSwHa+BhQSeK60dCwqJoWKbtdwz
7gWXK9n7g7yU8V0F2X8lBzq5ay5BDCohgRXbulWMLIX5zB7Lw0AUwtH3euopksBS
oLWGRrUVCCeirvsPxEU0dtQzHOcnWZaGThXQOBXczjSCXJQHM+FM6XTu3av/4Hzw
dCj6Ev216B22s590grsQ6YXTVSitUwd/SDC+bPjs4Q5UsdjbmmZCeoOb0xnrSpDF
PYYTdHyqroeTKHtrVyOth6Ctvtsg445roHDnvC5EpiYFh5WKxAPzELtTpaPughld
aPkCkJGE5zhzm+hBrZapdbnUV+4iIvjxERAovxirFHWbOekM7UIjr8SqFyJFgfHi
JA1saHZfTcHAHvU/VC5Z0ZPJoVqBEQBi5S81qLVNsNkvwnU4+3G9r+10Dmz4HMc7
6xW5h/J4RaVtQdFTKXXc4YFsGQHHB+EKXSYss1fiF6TI2VNBR7DgsGBpR9uCS5Fh
HRopKVMqej/k4300qcfk4tJQdt2syq8bHjEDTBr4oDpiXxtpsxJ+g411g5sh3txE
9NUBfFfHANdhv5X6w1SfSs+dmiUfIiH4cYNGjV1+o8XZUZ4QOfV4fpb1/eVuaaEN
CxwvfKEuQCWe158YmFbxllpL8Qs3a2Ju6PM/JAkSreagrb7bIOOOa6Bw57wuRKYm
BYeVisQD8xC7U6Wj7oIZXXJGv/PhGHM/T2JXJzsOpRBhRDhDtMPDKDknYwmpSlo2
WkvxCzdrYm7o8z8kCRKt5qCtvtsg445roHDnvC5EpiYFh5WKxAPzELtTpaPughld
8mdcZc0DiMasIRtORM0NLwscL3yhLkAlntefGJhW8Za8g//+Gt2K/6LoXMVSSA4J
9NUBfFfHANdhv5X6w1SfSs+dmiUfIiH4cYNGjV1+o8X5jCxOhlStwerqZ1Ag4OmM
IEmrgAVvdLvbg/pQ91xPCLoSweDZSpLsVb4Iy6ZhVVLnINAM+Evb+3WkKq1CsSmy
cJK4+O0Ly0/+aog0Ou3HKW3Bv1N+9RAOQYRuARyD4VRQkrnH8BhQ+E86uL9axC0C
lx9EkgaM3RSL7+qqhB6ScxpY+EEZbQs1wlMivMezxywnC3GmjpJrpBUU1ATIOIRn
Tw2VaOEzJJnDv+Fn54sxu1/lV/F1pRAepwjBvShK0g77GtUyccZaaXblWCByjG8N
zPhmg1sIb4aOcA+mrfVA5u1lVELzpAG5TjlBQXgod5/h501bhJ0PiUSdcncOm3o+
cYAQTqhPDAZn5+GraqvcPYveazfgwuApU5yXY+bTPzXKEJupXtn4hrsTZANzbwMn
GM1fBcLR2/d73AVr5IzhcxMh/rdULL6cSy3zf1SBf/7cJ0pYrBDWYcsWgxyFoVzr
yDHZZNQHFWJ6UdqSsC3oQMZz9zfC4E6i4ajrmKHbRYkIB/1juqo82mOuVCDQ8DAj
dENI8uk9PKRwj16xbYKnw5cfRJIGjN0Ui+/qqoQeknMaWPhBGW0LNcJTIrzHs8cs
zgQX8zVkxaakVVpOM8gNXqf5sBqEW6Gg1B/h7QLoV/83tmdh1VsZRLAM9nnL8YN2
lx9EkgaM3RSL7+qqhB6ScxpY+EEZbQs1wlMivMezxyzOBBfzNWTFpqRVWk4zyA1e
4J8zgeI63mcfjo3JlLAdr4GFBJ4rrR0LComhYpu13DPcJ0pYrBDWYcsWgxyFoVzr
yDHZZNQHFWJ6UdqSsC3oQMZz9zfC4E6i4ajrmKHbRYmgtYZGtRUIJ6Ku+w/ERTR2
SWQ3mYWpiwP/l093xD3TECHYk7S+5anYo3MzbvZ23hXxig+f04+ERKNJ1eKXpjOW
MGhFwx9Eoimfow+5HY3W5nYCdw4zSxLnbrtkPClIk9V4IWjSkFqo6cZel1n/TqUI
e8CWIaZ2HYd5qJPjAs4Z5QKRwkjfYxZxT7+FHO2XzHQ1rV++E2Fw34NviMN0CLnH
