U2FsdGVkX19TWxZQievm8OTWNZptUkrd5VaOW+ZUOsTdmoB5FbRUP1pTTta7ziwq
K5prSpMaY71pbx07ACVh42vYhxqF5tC2Y5q9p5aRU4C0ocefQvd+clyWCmeoOiTu
OMAY1X5vF58VBQbhztgfu+d6WX3Yw4pzhZG6vNhQXBTDnBI7pfNivt8ORlCayiu/
lL3eNDeZeqL0BLdwVQmw19fBCqfRRD9Yk1jHn7EyuoVxV1ip8aMggQr+FRxt1pMr
HrQr0+g42QxyR50lzW6R6UR5ZiKZEMDxlYj6t7PYtOKISqW/UPT8vzlRoACjkoFz
jNNMKNvFrsObsVRPq9Bx6vYuGXqotKvTJlT6e+EQB1EBDN1p3WNEY/KDlCsRgtLJ
KPwRoHJqWM5p1f7zph7slCOHti7Cx89sAmVwcU+BHNIx+RyXLmi3sEPBicQMQe7+
g3sJA8a4q7jZVc5BmutfuU8rb71vb0pkrVqXUosBheozuEmTFOFN6b5EZ86MYGsC
1yAkHnN9pSHQZi7uwZhhlJQpYVrDcuk7iV5fV/r8XQ6yF7tuW8T/MO8CZ3UYkWC8
IQyrJNfaNSZp88/RsiHAnlaD/GkOZ18jgGmWoyCAtFaQ3/a7BkKfBGQcuasHHoWg
vxybcZYEkE7gx7xhhFOMSdXWFKx6rA5+wjV1BRlML3FvpuFROwpZVxrAFibcGBN7
1ACF8bNtBMkcBD8WW2YCDWre0/2XMw1LJUvdRROHfL3nrjqVpnL7Hoq3W6+niXjP
Wec5m6ORM4WhJP89LEq221Nk31GkSJFnKCQeWOMh8CPBeiq9anNuoiMqnMMYIiuS
4i4Ig1OkYQqiR9LoJnLx9jC5WYU8QcOGXPldUqgvadSKYjMuywfN20/xoAweRxtT
/MV53MYPhzD6nRu2BURuUpx8p30RstUhCZslC/7zfqJ1heHLx/OHiEJuaI0F3tbb
E70w1xyteot3lpDzbCZoir6kuXDLIjcVJTdyF+z1UlKvPZdJgJ6AD+1qo9mOBjcC
suvHNfpxzhHdT+rdQSitmte9vADYo7HT3lARRRlWRKwQypLJfsMO3cta7BcCRnNa
/Mmczlu7Kldl3+cmxPTyCMl0dwIO+DuBDel4OHXpfc2BckrjgMeej3JQiEslbEJB
acMw+VaoYv+ZJYx/NPhbOj8r9mKS+6APkkoHIWXHLR+Lx1MUDxx69FeTJcYka4C6
g1zhyZsoocHac/xnOYryiwuyRpNm1HNuNaO2iD5aomudxreo+WHb5PDU70pAYggc
eTnGNSYPZtY/RgbbWw2rSDC8e9TQDdQf8p+XTDwQp6NWRRUx8JQbQ6zrzmO6UvTB
m9ikXitgAQltQNW2MqG8xMjNS6aOQv/ZlI3w1ELhv55SYtPQxm/xVYJljeDsNeim
XRFI8zyX7G06xe8jDhTcAs2kxNv/oKY2bu+bXvbJY8oNBA8W2s88BeyymlEsAGMW
tc6sXA+Y7W+XzRZXy+MpfICnS5Yvvdmu3VpxsPEUwazmZN3k+P6Al9hCLn/iC83t
6Qt0vSYp1O0DIJxiuMpe/VqJpeP+32NMIC6cv8HI9ZWfu6jitUaDmDSg2haD98SX
g3sJA8a4q7jZVc5BmutfuU8rb71vb0pkrVqXUosBheozuEmTFOFN6b5EZ86MYGsC
ALTQKzSpeZ/3rVg/GIKfQueM7uJbRtmAZrXsHjWNwJDFMmCTffhhsrhN2asRtkgc
5yDQDPhL2/t1pCqtQrEpstLN/DnNZqk4/AB+Gc4QbZGn1pESLSZxwkzy4E3TwF+m
bu4cH6YZjtquB6tUwBmcNUa0nsglHXJTtOwUArkP8qV7ifBxCTFMIYTOFdhk2Dt6
UPTBt6XI5Ae3bjdzIT6TjMOvZUfwn4bWtGQUUvQk7iiqk5/ovoKXPB93iyF4jUEl
fPQXI/BqnVo9JfFo+WPtgW6gRa5oB6YmyfX2M8UopfcFlhBBYFUM5gcdT5/7aHEF
x9rkxc5+NHZmhPxYHcPuOHOGodvQH7reCqt9PKwJEJrrYkazX5XeKxrKea3TXlRO
el9QCAidTJrAc0voRud4G3AGrhveiLxHd/fUw27Tj97cYqzjTOHjkayE6iqQyJC1
9lCULWzIaqvyiIbCJpJ+bV55DvKz5aNB2w1EIM9rUqCSylzg2UPKYrA9WffhltS8
L869hZrudv+jdn2rKwjP6bHaOx7oVIjmi1l3fWeZAc4z3Jc9NLVH0t8qaN5ffphJ
MC5Nq/wrUKH+GbiGruv8nhzk6aqDZ2CRF6D4qmmQ5N/7xweam3+U0QW0rpUsiZfG
nAe3AHAGUf7tCLZZAhTqkTplMbW3ZHz6eo1NS72hxEiVigcGk6K2iCNxFiXMIiW+
WB5YPdQjg8F4J/Bc0J9Z44sswgV1pc5/kE7+5H/dQQJMR2jjZ34+ar7sL63PL5fl
j35lF9gXwD8gC8ECUeVq2yj8EaByaljOadX+86Ye7JQjh7YuwsfPbAJlcHFPgRzS
zxM9Ol2Jyb0UjoWjE3nQO+TPSAC+TZJS49Hy6yPlGnRFxKh5Cl3EGw/Bnz72LMip
7snzDe2KQ5rcx3HY6qLlEwuPXBUzMQFag3L3WLWndEl+eyNqlqjRBoEz7Wh7B4FM
95h6DDZcWD1SyP9BkJexActMFhmxHBm4mlHIXFbp9FeFY71fr3FokTO3Jib3+/vz
WDPesWgii5ZGyH9E1eDOHuaIgR6bc+MtYkB+Hdf7cnxtlBL2KMfoHFIf3GzUfwli
8iLB7wOifItCWNFpGOS8INE1MDXDcB3+FX7hZ+ByqqyOnx0C9pk+C/QvZ2v40gM9
aMmmfmsspwKrrZHqmX1IQOx1nzgTMKfiaSwoQuspX6Mo/BGgcmpYzmnV/vOmHuyU
I4e2LsLHz2wCZXBxT4Ec0lvayyNRb07f/QNDr+AG9km9cWFzZTE3qCY8GmbsoPcf
7HWfOBMwp+JpLChC6ylfoyj8EaByaljOadX+86Ye7JQjh7YuwsfPbAJlcHFPgRzS
zKnP7I7XHN8cb7EFLoWq92jJpn5rLKcCq62R6pl9SEAHroQo/gfLlg+dlArqoZSU
8iLB7wOifItCWNFpGOS8INE1MDXDcB3+FX7hZ+ByqqyuEjnbRGTn7vfyFDyWwbXP
iopop1nVcgB8mpU7CBX/tY1xsLzGPu6zWDULCfS4Dy6iH/FAbdpysytg+JNQZzkb
5eBNjw0N8a81qTecAcu0GkuDtiMMG69WLq0V0llZxswe4LPmeJkUiQ1x2Mzlamjb
IKFXh/LF68CKQnzQaiEweb1XaHU0KGhobgiuh9lHLaCTxcgqhnfx/cOx6gzW6yGL
vCCAuiv+ghtrqgG7X8Fh7MpcEYsfwJiklY7wtLLoTpYF+Fv5Uc6sDTTv0kTdfRrE
uoEscNELqhn01Vr+8wR1ihIHefIravTu/srksmqJXahMR2jjZ34+ar7sL63PL5fl
bZQS9ijH6BxSH9xs1H8JYuVDulrhAU0UyV93HstGQKrRNTA1w3Ad/hV+4Wfgcqqs
Mf7YdSHVzyIem8PjP/dyAyGatmaDf+df3+F9sLW7l5Ge/Qjc91TolQvOEdLobgmL
hWO9X69xaJEztyYm9/v78xlVsRYLBv7B9MYRNuABRS0XsO393/9/R/95lmxH7lT2
af0tnUln6cMBy9C4StSvCSChV4fyxevAikJ80GohMHm9V2h1NChoaG4IrofZRy2g
/hawommw6yXRX4twxWRFDpQLnlO8WsYsy5d617k0Xr5p/S2dSWfpwwHL0LhK1K8J
IKFXh/LF68CKQnzQaiEweb1XaHU0KGhobgiuh9lHLaD+FrCiabDrJdFfi3DFZEUO
55XNUeuFqCsnb0NNYR7cEbsWjxTf61tU+sGd0HfT0gCe/Qjc91TolQvOEdLobgmL
hWO9X69xaJEztyYm9/v78xlVsRYLBv7B9MYRNuABRS1MfGdbzdlCpTkUUOJWWleB
BG7MijGZmdO9qsMtG9haH5bvgXL7CAjojeiJCCWeXuk8cX6uhV2CFiOhQT2XMZgJ
0VN1cft70RrRYU4bVHAYF0xHaONnfj5qvuwvrc8vl+WzvU76w0wlw5ShqNzTtSHw
3Kdeuxqmq742cAkmlaygosk5Zh80a8pGGPnxsR2kTAXPEz06XYnJvRSOhaMTedA7
5M9IAL5NklLj0fLrI+UadMus19pSgS+El/aa70UWzOyt1qtJ7hFm3eJteYC/t/b/
aO7FWnSbh9pLWMx46R6agH57I2qWqNEGgTPtaHsHgUz3mHoMNlxYPVLI/0GQl7EB
nMYUKPlxIqL0FQP8VzFB6Ci20ggMoWI1/7Hi3NajddhhXXVYPLkp36LbyMoWfAaJ
5oiBHptz4y1iQH4d1/tyfDazYxPZgtiuZL8jsFztoivVFXvl0jTxYRpX2bShQZ+g
h2q/HWJHREqfPnZm6dw94Y6fHQL2mT4L9C9na/jSAz1oyaZ+ayynAqutkeqZfUhA
RsiwQhTkLkTdVxa/y/uVZtynXrsapqu+NnAJJpWsoKLJOWYfNGvKRhj58bEdpEwF
W9rLI1FvTt/9A0Ov4Ab2Sb1xYXNlMTeoJjwaZuyg9x9GyLBCFOQuRN1XFr/L+5Vm
3Kdeuxqmq742cAkmlaygosk5Zh80a8pGGPnxsR2kTAXMqc/sjtcc3xxvsQUuhar3
aMmmfmsspwKrrZHqmX1IQEbkWfnEn6RMpRZYl+9//JnVFXvl0jTxYRpX2bShQZ+g
h2q/HWJHREqfPnZm6dw94a4SOdtEZOfu9/IUPJbBtc+KiminWdVyAHyalTsIFf+1
g26gtJ0+fu+LK7j1jQq2Et7/GlEDfDK29uTNHUTcXZOhEgXKEXoy7LuB24lyFs73
S4O2Iwwbr1YurRXSWVnGzB7gs+Z4mRSJDXHYzOVqaNv8vXuCjTUHzlThjU8795YK
EamJZEW3G/kNq+ZfcPhvlfHAYydAoaPBmKLf/u+v1Fa8IIC6K/6CG2uqAbtfwWHs
ylwRix/AmKSVjvC0suhOlvLXUhpzqs888EI0O3vH5eoF8qeD4vLGkCrT7qkK5FQQ
dqXLKAyNsnkUs0DZKMis4UxHaONnfj5qvuwvrc8vl+UwU0m8UXtN4OmlJ5b1B1Ex
da1TkbwcwlV7Ccxa0I6ytGFlZCJ3C4rF+18JXHyGTzYx/th1IdXPIh6bw+M/93ID
IZq2ZoN/51/f4X2wtbuXkSLQWtz5tC+SKaiI1tDquTC6Y4kZ6dDf8SkmZTXLVRwR
Y479rvEsdcxwIa20S8NUVhew7f3f/39H/3mWbEfuVPZp/S2dSWfpwwHL0LhK1K8J
/L17go01B85U4Y1PO/eWChGpiWRFtxv5DavmX3D4b5XPsouyOo+M6z+7yNgQEIZl
lAueU7xaxizLl3rXuTRevmn9LZ1JZ+nDAcvQuErUrwn8vXuCjTUHzlThjU8795YK
EamJZEW3G/kNq+ZfcPhvlc+yi7I6j4zrP7vI2BAQhmXnlc1R64WoKydvQ01hHtwR
uxaPFN/rW1T6wZ3Qd9PSACLQWtz5tC+SKaiI1tDquTC6Y4kZ6dDf8SkmZTXLVRwR
Y479rvEsdcxwIa20S8NUVkx8Z1vN2UKlORRQ4lZaV4FINxBqJVoQZF84W/xsGWS+
zp0lzRtyDz0EfOHfnfbaeuVLzae0tJkJMgzSLzjTCd1p1KX+JIgfY7ZbP3NABCkj
TEdo42d+Pmq+7C+tzy+X5ZdVMBw03JIyyAqLRNREZNX8Q1N53Xcq4dNyfHdICml6
XFimVhaoTGGgJGFZ9cKm+IaQlgVKoAXw/SIT6p8QzFTkz0gAvk2SUuPR8usj5Rp0
GFP0ZusvcTIeW5mmLGqlw6UmIj+/NxrA/ESfUtCctWmHPDO0SxRiWhLFYTewkG/6
fnsjapao0QaBM+1oeweBTPeYegw2XFg9Usj/QZCXsQEVSKCzy/PjqY1xlXqvWhqF
EEz97hNGMaHAa3B1xfUvM2/V0FFhziNow+qF0Sp+8l/miIEem3PjLWJAfh3X+3J8
ZYci5msGuGfPmwaJm264yKvySRZ1NDP1bun7JHk9LuMkirwvaBiJeM/H7/muk3D9
jp8dAvaZPgv0L2dr+NIDPWjJpn5rLKcCq62R6pl9SEAY38y2P47Ujgmzt4OF32qR
/ENTed13KuHTcnx3SAppelxYplYWqExhoCRhWfXCpvirmiW7PUdmc93FFrehiwPD
vXFhc2UxN6gmPBpm7KD3HxjfzLY/jtSOCbO3g4XfapH8Q1N53Xcq4dNyfHdICml6
XFimVhaoTGGgJGFZ9cKm+J7SHzov6vmHHLt2HufUX6xoyaZ+ayynAqutkeqZfUhA
AJGiMbf8krx7izwMYvqJFKvySRZ1NDP1bun7JHk9LuMkirwvaBiJeM/H7/muk3D9
rhI520Rk5+738hQ8lsG1z4qKaKdZ1XIAfJqVOwgV/7XkLoJ5GN+p1rlrejHWF6fN
r2x926px5vRBmLRjhcaqFJWVpB0q0z45OZCYWzBARkVLg7YjDBuvVi6tFdJZWcbM
HuCz5niZFIkNcdjM5Wpo28FgF8TZ6nHiMFMqEhLvqkq1tp25UFQKuPC1l2vdoJhz
4ZKyCpBdO6toYj5SuuX3cbwggLor/oIba6oBu1/BYezKXBGLH8CYpJWO8LSy6E6W
Bcc0Zpr9zAJQLEwC2GmbqX7q9fC8RXRBmh0qLC9aRAUxzUZm1ni3wPaRDB1znDv+
TEdo42d+Pmq+7C+tzy+X5U+KtWNEH639dhgpD6pPn6uOmlpbqNahPYBoqMiJLMk1
VZx5xGPHxJPo3366gYjivDH+2HUh1c8iHpvD4z/3cgMhmrZmg3/nX9/hfbC1u5eR
1ca2rPjKfMurlmflB1SRH/S/wYHrwCl23wknyt1G4UbVK6oGCwMHGsP5/PIKkjbY
F7Dt/d//f0f/eZZsR+5U9mn9LZ1JZ+nDAcvQuErUrwnBYBfE2epx4jBTKhIS76pK
tbaduVBUCrjwtZdr3aCYcxMgSlko8iSZKW+MznREDNGUC55TvFrGLMuXete5NF6+
af0tnUln6cMBy9C4StSvCcFgF8TZ6nHiMFMqEhLvqkq1tp25UFQKuPC1l2vdoJhz
EyBKWSjyJJkpb4zOdEQM0eeVzVHrhagrJ29DTWEe3BG7Fo8U3+tbVPrBndB309IA
1ca2rPjKfMurlmflB1SRH/S/wYHrwCl23wknyt1G4UbVK6oGCwMHGsP5/PIKkjbY
THxnW83ZQqU5FFDiVlpXgSNYpUL9CrFnnNQlJ4ShYYrpeJ309iRrWebpG6/53Ipi
svztLZSpGITqXOhwGjLeOxLVoHAfcrR03qAxN5UWUYNMR2jjZ34+ar7sL63PL5fl
AKGnPp6l8JSquoHNvt5INgqf4eZ0lK934QYA+yGaqERam1E9yKbpfAugPxvAjOWY
GOjVoVs+MTnNGEnvP1kQYOTPSAC+TZJS49Hy6yPlGnTTlDHPa5ENzpdJLZ5QQdy0
Rbytq+nvL2hoj1F5A65+0J6a3TFYWvWDmwC4MHe9V8F+eyNqlqjRBoEz7Wh7B4FM
95h6DDZcWD1SyP9BkJexAbySTp4alfAhH/X53h8sMFMAXYXPUvImmksmxCCtNB2Q
Kp2IIRXjkcpst84okzUaH+aIgR6bc+MtYkB+Hdf7cnxlke4RtIB4U7yp5pZJfVPV
t7czUoIo9A6AHiNAhEPgdJSbo4fRB55FRHdMpXPcKO6Onx0C9pk+C/QvZ2v40gM9
aMmmfmsspwKrrZHqmX1IQCq+Pp1rpcqeKlPQMMHlD4IKn+HmdJSvd+EGAPshmqhE
WptRPcim6XwLoD8bwIzlmCJwX7Jp9EY422ZI13z3Fua9cWFzZTE3qCY8GmbsoPcf
Kr4+nWulyp4qU9AwweUPggqf4eZ0lK934QYA+yGaqERam1E9yKbpfAugPxvAjOWY
aRFmuxkIExU/t7uG9jmI92jJpn5rLKcCq62R6pl9SECdJQAA8djqSouLpWlfOZoT
t7czUoIo9A6AHiNAhEPgdJSbo4fRB55FRHdMpXPcKO6uEjnbRGTn7vfyFDyWwbXP
iopop1nVcgB8mpU7CBX/tUEU5wrNTMLOQX1zIaUYBbJ9iH/8L1WWirA9iBDWDK9G
PdIH9mEnKz/W1Tup1B1pZUuDtiMMG69WLq0V0llZxswe4LPmeJkUiQ1x2Mzlamjb
Fu8NICXU3ZDK9gCEIV00kk//TvtPa/8M0sPfpNoMAZC1TyWJlRHQ1hG0eqJx/x2I
vCCAuiv+ghtrqgG7X8Fh7MpcEYsfwJiklY7wtLLoTpbHjx8+3J4iVjx7Rl2er486
BmhY3Eu7KkQ4WHJerxysnS+PTNnb++5/mr4svqp2nVtMR2jjZ34+ar7sL63PL5fl
lt4st5E9WIw8Ujti1ypLIjA2aJWLhylW/sUdAGhEThZm7rfJoBbNghKwCyvSQi8L
Mf7YdSHVzyIem8PjP/dyAyGatmaDf+df3+F9sLW7l5FUU93cS8uXQ9DIcUiwhQ24
b4SrzS/8R6/CMUyKfRBBuK+p3re4aGE88zlxfGtTVmcXsO393/9/R/95lmxH7lT2
af0tnUln6cMBy9C4StSvCRbvDSAl1N2QyvYAhCFdNJJP/077T2v/DNLD36TaDAGQ
uBnx7JAeSJa5vk+iIla36ZQLnlO8WsYsy5d617k0Xr5p/S2dSWfpwwHL0LhK1K8J
Fu8NICXU3ZDK9gCEIV00kk//TvtPa/8M0sPfpNoMAZC4GfHskB5Ilrm+T6IiVrfp
55XNUeuFqCsnb0NNYR7cEbsWjxTf61tU+sGd0HfT0gBUU93cS8uXQ9DIcUiwhQ24
b4SrzS/8R6/CMUyKfRBBuK+p3re4aGE88zlxfGtTVmdMfGdbzdlCpTkUUOJWWleB
lCp+f7vIRoCeADJQvJ9YxBFpkXVtqlSgj7hJ6indMq6itJuL0sOXnKCreO+4JtLV
g7UhN9RsSKx7asjE2HiAof07IbHzzppCzc1kqtxCgr4DUX0LTdV6UcTqYaMZU7x2
C+ss7zXhzVxGnSppMOCc/CHYk7S+5anYo3MzbvZ23hW0cjtHmMEwbIZjBxUQj+mu
