U2FsdGVkX19TWxZQievm8OTWNZptUkrd5VaOW+ZUOsTdmoB5FbRUP1pTTta7ziwq
K5prSpMaY71pbx07ACVh42vYhxqF5tC2Y5q9p5aRU4C0ocefQvd+clyWCmeoOiTu
3Tng4dXDuV+1skgxBkeye9E0f+WHngaQiCk10Gs+n0MIt88/J2mcyEb1C9zLzLwc
Jpa5mKIfvOdCT1nlZPwrOczXTWPLX6/WlWF1DVR7FCktnv6w47+oTvJQjHxWrfEc
odqdSBIPvi9UnD5kFHzZ2illBRSMyPqdeMcndhOSNGWtWYhtB/3h8jy0tV84R535
nnWq9uEcv2mZUBctxRLEHHFXWKnxoyCBCv4VHG3WkysetCvT6DjZDHJHnSXNbpHp
RHlmIpkQwPGViPq3s9i04ohKpb9Q9Py/OVGgAKOSgXMDylS+oFzJIRx7eIzxPPrc
FqNUsK0rzANWSocMrb8lKDjZhI8Zg3wKniA50mwTcc+iH/FAbdpysytg+JNQZzkb
6UC27s8wfwdRLEDTfFQfHENLl6mdQD02e4Kl7X7wv4SJkxcgGqFNXHjdqiFShmsj
NksldcUqeeV5+BJ6tTNZb9n5OjnFIn+dLLyR/FuIsrJDD9TlTW3n2vHOR11RjIld
Cml0J9I3McmYN/b72IJhux8McozabIgnkzWEHLmyUcJLmVmWryQIiIcRkT8gSXsd
+Exf9sLN7e/2UaUWpY+K4r8cm3GWBJBO4Me8YYRTjEnV1hSseqwOfsI1dQUZTC9x
b6bhUTsKWVcawBYm3BgTe9qvA8cOGUTMPzyO8KDLIML/Cq5YTs50Yqu69twFU6Kk
I79iTDM3bB9FsUHUMA0am3kDpt1CqoMGv0wZlADVkF0inFA9qIJYxZ1YeY7kEia4
E3jKulkvJBzrHNoIx7ABlYN7CQPGuKu42VXOQZrrX7lPK2+9b29KZK1al1KLAYXq
M7hJkxThTem+RGfOjGBrAua+RSCQM07tElOgJfj3KkOw3+bWkY20X9L0wJe2eL2l
CLG8FWUwbIeo1JMbeGrsOe+HX0YC61GmoFsNkKHs+Z2uFb/6luaF5E+AwZzhrvg3
hbE278TcIUQKU1ZmSL3OYI3BQyTE8Doop03A5po6xT94ptj7AUp8E67CYYhXL89d
6AaxEd2ceibs20NV6WCrNq9sfduqceb0QZi0Y4XGqhR21KII1YgCiPibMVJZ+JHy
B6whycKcdg+2kK8JYkGMH2PC/AuOsZ1QDLaMMl6/BB+eu4uTkA0R5h4H5HbNm2HK
e3ctW2UTGC6C+Jn+JhmmSY6S7ZwMuSWKO+Ir/FeUo3/ic8eogc8b6CDSEGaWtnTn
4yWw2oeiIzolWWQAB2ysDsHG6e/0kcoLqMDjqoZ8HL5vqW8cEiJUpzx+L8ogYG57
JihPPw1rFECTR51PMtsbgoLhq/jMk8iU2ssU+3XmHQDl5vwQB8b/JmUbZSXjpwL9
aoUX9+oxWy8H6+tH+XHl4XFXWKnxoyCBCv4VHG3WkysetCvT6DjZDHJHnSXNbpHp
RHlmIpkQwPGViPq3s9i04nLkVYcwmUyQfNDUL/jFJ5LTFWtlMx0NtNAiBL97d7hN
MCBc7dpSmxERoNIAQ4t+i0W8ravp7y9oaI9ReQOuftCXnJIe1fwMj6RVxNJywr1C
mVpchvsf1guXimeoBAOld2aRmseTnG8XGF0mEWGmOBorumaOahme7anE7cZ7EQYp
Ph0rCTP5gTD5mCNYq/uAqWo32cHgYg4GEOVD1Y521r51xXKJBi329LJcLtd2aO6f
gOnzpKTzgj9ZaJbpSf2MXjTqI92RCzSNoNwts2W/03q+FlptSmwPlUeKxAq4iwTu
sNR1MiKRXdVOwP27zPrCWFoB7ij2b643ir9Qs2bdG5Cnt1xzrjsj4vikfw5FaDu8
iA7wR58jcKyFELqxG4eJkQVzfAf0Pk4zSNahDki29X3Ce3xFu+4sZ7HXw5/7gu4Q
LbeWI6Z3HQwVDcYl6uE3AIv5VYlowlKVSBWgtGW/r46XZbSFTe1eR/g2s1UB9tOS
8e6+AF3TzYYn1uh5WgOLvGsEccE8b+1lOln/zA/g9sc4UXwyqrO3CULvGuTyO7nC
lCp+f7vIRoCeADJQvJ9YxBFpkXVtqlSgj7hJ6indMq5epQrMkf67C6zkxdQyzbdG
1j2NcEUjRiufN8tHAyhQpWNj4B/HHzLKhDmNJs016TSxFMrPSnYdXAplP7b5qyLi
Sm+seUREIxiCfbFBBRhcSGk5YaO7RR5cS1JnPPRvYXVE2zFN/tKQoh2mNV14wcNZ
VLHY25pmQnqDm9MZ60qQxR60wTk5eE6r+/Nkk9I7nwopZQUUjMj6nXjHJ3YTkjRl
rVmIbQf94fI8tLVfOEed+VMtSmOcLmUeUzAvQblTce+51FfuIiL48REQKL8YqxR1
ZDpU2Eo9KsZ4vB3viIruqIqXhmKMFanqEWPVzNdVZVrK8I6PdpaT3Ly3dlWVbTKm
L8J1OPtxva/tdA5s+BzHO+sVuYfyeEWlbUHRUyl13OHDwiMRIHj3jYHNHMo56D9V
1fGztZBIISX8iEA9qJcJMtZkIIrGW3f+bb2EwAXSGaLSUHbdrMqvGx4xA0wa+KA6
vqxWp/2r3Gfrv/TolHyj75+UHV+WQ86C8YHmoqGQj3PIjPSiL4MGQ75Ukb5JBJwD
2VGeEDn1eH6W9f3lbmmhDQscL3yhLkAlntefGJhW8ZYwY8MEY8+Xt1EsjFDcdyZw
KWUFFIzI+p14xyd2E5I0Za1ZiG0H/eHyPLS1XzhHnfnvG1VngnVfqjCB+eXo5Wpc
YUQ4Q7TDwyg5J2MJqUpaNjBjwwRjz5e3USyMUNx3JnApZQUUjMj6nXjHJ3YTkjRl
rVmIbQf94fI8tLVfOEed+ZQ7DoSkayTic69gqgl4UdULHC98oS5AJZ7XnxiYVvGW
oz84EawkV3k+9VANTxI5DJ+UHV+WQ86C8YHmoqGQj3PIjPSiL4MGQ75Ukb5JBJwD
+YwsToZUrcHq6mdQIODpjCBJq4AFb3S724P6UPdcTwhdeQ7eF5uUbimEwBuwg0Nh
IiTjkwpsNivC/NE89CiufqFdaOvP4DA232H20EO3NJFtwb9TfvUQDkGEbgEcg+FU
UJK5x/AYUPhPOri/WsQtAs/HqySJ8PsfeqD9bPfjzzxWg/xpDmdfI4BplqMggLRW
Ej4sk+ZsRBx0o7lFvjFpxoNp/J+Url8+Ic9dyjHlgBYEcKv5wA/EZMWMCVv1AFjf
NgpP6FngS9AlpkNd/E9VrGk5YaO7RR5cS1JnPPRvYXUCV9YY4+Bhg6CxYPFe+1av
8bEzHozBaZGh0qkLKIusQGsEccE8b+1lOln/zA/g9scneDz1xwnLaoLPKTT8xFwx
lxgRSBxSELMQIsA1xcYEJeaGZgTqtQBzYqwkz1B9BfQ/c/r4iif9R0oSBuKWlU6b
1DMc5ydZloZOFdA4FdzONMQqrjs8kmKbFaEJUyKz3a0XEVso3GakbIdTUwJWV48Z
IZv10Xbz0ft/EAC5CZ3OmVSx2NuaZkJ6g5vTGetKkMXjWqDymnSRjerv/47NIil1
gFtWWpwDqT5YnYYN61r9KEDRKu820B0kRZ7YvnWVJttTLUpjnC5lHlMwL0G5U3Hv
udRX7iIi+PERECi/GKsUdXJWONz4Vv0hP9nUfiFHRlrrS95OTLcHdrd5mkeMd6j4
qrZRK5MZa0WfJyFVXTVkri/CdTj7cb2v7XQObPgcxzvrFbmH8nhFpW1B0VMpddzh
OEo8xBiBMmpCtqyseA6jwjw9i/rQO7VrHQr88Kvsevi07NM6rzdpTYD1U+SSNR0R
0lB23azKrxseMQNMGvigOghwD7asmGkgFFGQglL5DBMy70PxEIEjGl+72l8hT2/2
LCPETAzjZdFtE7bO3bnonNlRnhA59Xh+lvX95W5poQ0LHC98oS5AJZ7XnxiYVvGW
ejfVOS3D3qeAYOLdcyX8h4BbVlqcA6k+WJ2GDeta/ShA0SrvNtAdJEWe2L51lSbb
7xtVZ4J1X6owgfnl6OVqXGFEOEO0w8MoOSdjCalKWjZ6N9U5LcPep4Bg4t1zJfyH
gFtWWpwDqT5YnYYN61r9KEDRKu820B0kRZ7YvnWVJtuUOw6EpGsk4nOvYKoJeFHV
CxwvfKEuQCWe158YmFbxlqoe+MOwmMkHl72k19wABPwy70PxEIEjGl+72l8hT2/2
LCPETAzjZdFtE7bO3bnonPmMLE6GVK3B6upnUCDg6YwgSauABW90u9uD+lD3XE8I
14m1Aoxa2wzlqqipLnRm10jb1XQjAGxXnLEW6XbyfxSpmZpPB7Jvbmu9ZFf4K6t6
bcG/U371EA5BhG4BHIPhVFCSucfwGFD4Tzq4v1rELQKIQUXQpFccjzFuk1SXBIvQ
RkajvQBmHWByoUs2hiXdRzqF/Df8DWndanFLPQA/j/FPDZVo4TMkmcO/4WfnizG7
X+VX8XWlEB6nCMG9KErSDhiaV1yNKztgVnNF0bWjkwAOhUSD76kW/2aNGH5SevHg
eQlI0C8PBpko841CfQaiD+HnTVuEnQ+JRJ1ydw6bej59JCcA81R7cUCfTv7hJ6KI
E70w1xyteot3lpDzbCZoir6kuXDLIjcVJTdyF+z1UlIYzV8FwtHb93vcBWvkjOFz
EyH+t1QsvpxLLfN/VIF//rpX1O2hVa8KBNEKpzV4+l1MDCXTnC478u03q8aZ6TOf
AkzXIdCWdJiUXp1HcbtoBwgH/WO6qjzaY65UINDwMCN0Q0jy6T08pHCPXrFtgqfD
iEFF0KRXHI8xbpNUlwSL0EZGo70AZh1gcqFLNoYl3UdGdY7O3/89rVZDXmQsO0dE
p/mwGoRboaDUH+HtAuhX/ze2Z2HVWxlEsAz2ecvxg3aIQUXQpFccjzFuk1SXBIvQ
RkajvQBmHWByoUs2hiXdR0Z1js7f/z2tVkNeZCw7R0TgnzOB4jreZx+OjcmUsB2v
gYUEniutHQsKiaFim7XcM7pX1O2hVa8KBNEKpzV4+l1MDCXTnC478u03q8aZ6TOf
AkzXIdCWdJiUXp1HcbtoB6C1hka1FQgnoq77D8RFNHbUMxznJ1mWhk4V0DgV3M40
bS/QtCi0kekbb16AUXVd38GT2Q2hoQxe5eAlBRNw/HpoXvtjAiAYe11AGtX0V1YE
VLHY25pmQnqDm9MZ60qQxVZL9Xx+oayy55tCrtdHvPyvT/PQq3k76f7Q54TuBU8s
7UeT7URrZ6KwJ5a8zc3+Rd57XfCRQYZtXdhymNyHAh+51FfuIiL48REQKL8YqxR1
X2I5B6QCjgxXImpRLObdaMSFpeVZYu4/AhZHHekJnDKHBcX3DNo6itsm0keVIgFN
L8J1OPtxva/tdA5s+BzHO+sVuYfyeEWlbUHRUyl13OFpwBWuVyYDrpqBF7/8ssJM
auxniseg7aD/p/I6q90IOPY3f1/UCoZphR7T6HUu25vSUHbdrMqvGx4xA0wa+KA6
pAVmAOcCZfE2wYDrfyVA5c0jmiF+hHhGaw3H92WV5JX0EZZ/4cKDXQ7wP6QTNcKY
2VGeEDn1eH6W9f3lbmmhDQscL3yhLkAlntefGJhW8ZadE6euIBAraHTpOP5OZ1Xq
r0/z0Kt5O+n+0OeE7gVPLO1Hk+1Ea2eisCeWvM3N/kWn32triGNVJKAXxHXRbeV1
YUQ4Q7TDwyg5J2MJqUpaNp0Tp64gECtodOk4/k5nVeqvT/PQq3k76f7Q54TuBU8s
7UeT7URrZ6KwJ5a8zc3+RVWllhphGoYLxZDO87X1We8LHC98oS5AJZ7XnxiYVvGW
9jGYU5C5sZ7OrALueTxRlc0jmiF+hHhGaw3H92WV5JX0EZZ/4cKDXQ7wP6QTNcKY
+YwsToZUrcHq6mdQIODpjCBJq4AFb3S724P6UPdcTwjhqfvHM/XrGxpfHsTbDpRu
EEdU3JsCBQLRPz0UXVyYoXqoYCd9Ft7yGGt7Qptt5p1twb9TfvUQDkGEbgEcg+FU
UJK5x/AYUPhPOri/WsQtApBYUnRSEDzCweoWiZauY3V5OcY1Jg9m1j9GBttbDatI
eI/5H/2uNUhyzu2UNmiuC08NlWjhMySZw7/hZ+eLMbtf5VfxdaUQHqcIwb0oStIO
JV4eDaXbvzn8+fop/SwfbuRl2O+ndjFqAup+7jDw4LgNJT0Gt/Nxo/a6qYk3KLwe
4edNW4SdD4lEnXJ3Dpt6PjXr3Ijx9wayVRW5o00UkSda+x+n7pe+9+yuRHMZ3qWq
9C1LO7NKEjIpasMzSTGFwxjNXwXC0dv3e9wFa+SM4XMTIf63VCy+nEst839UgX/+
YtJeUFQ918HLgO1muy6JjLl5irGkf7Sogk3GSkC79HbjsC/Tu36wBobWuy68/7+s
CAf9Y7qqPNpjrlQg0PAwI3RDSPLpPTykcI9esW2Cp8OQWFJ0UhA8wsHqFomWrmN1
eTnGNSYPZtY/RgbbWw2rSOyeZUfKlgYl2+is3VNZkoan+bAahFuhoNQf4e0C6Ff/
N7ZnYdVbGUSwDPZ5y/GDdpBYUnRSEDzCweoWiZauY3V5OcY1Jg9m1j9GBttbDatI
7J5lR8qWBiXb6KzdU1mShuCfM4HiOt5nH46NyZSwHa+BhQSeK60dCwqJoWKbtdwz
YtJeUFQ918HLgO1muy6JjLl5irGkf7Sogk3GSkC79HbjsC/Tu36wBobWuy68/7+s
oLWGRrUVCCeirvsPxEU0dtQzHOcnWZaGThXQOBXczjTjGV6VIkCHFuj9tQg7Mp/u
+0ObGB7mu11ho9SVLHyzfeJIyWr0GwJbDFeZsrHRqhtUsdjbmmZCeoOb0xnrSpDF
m7GoRT+uDWXY92fO+OHh1BF/DK3NjwVmZkXObDPiTuKe8GiNlh74oEc+1/MN7ixg
/vCwC6MZmwGVdmY0KQGWP7nUV+4iIvjxERAovxirFHVLvl+j9cs2ETBqMtHZCPZm
xIia1DtrlXxZciSp0jVSi3c+XeBaH6JZJni9dxL17J0vwnU4+3G9r+10Dmz4HMc7
6xW5h/J4RaVtQdFTKXXc4dwnSlisENZhyxaDHIWhXOvIMdlk1AcVYnpR2pKwLehA
w1rxoo9wePwLP3qS2dE7/dJQdt2syq8bHjEDTBr4oDpxgBBOqE8MBmfn4atqq9w9
i95rN+DC4ClTnJdj5tM/NcoQm6le2fiGuxNkA3NvAyfZUZ4QOfV4fpb1/eVuaaEN
CxwvfKEuQCWe158YmFbxlgb/C2sV4EUe3fqcPouW2nIRfwytzY8FZmZFzmwz4k7i
nvBojZYe+KBHPtfzDe4sYCgVJK590S4ddOhLlr0EsBhhRDhDtMPDKDknYwmpSlo2
Bv8LaxXgRR7d+pw+i5bachF/DK3NjwVmZkXObDPiTuKe8GiNlh74oEc+1/MN7ixg
wgQi1+0qU/kP7L9ytMHnqAscL3yhLkAlntefGJhW8ZavFtVbmRbw+qPSuFSPhGE2
i95rN+DC4ClTnJdj5tM/NcoQm6le2fiGuxNkA3NvAyf5jCxOhlStwerqZ1Ag4OmM
IEmrgAVvdLvbg/pQ91xPCIShOusoemYT+bxKS1JNhxXyLpKj0+M8mhrJFop+XE1V
Bhy9dM5f+I7uEmGZaBbXv23Bv1N+9RAOQYRuARyD4VRQkrnH8BhQ+E86uL9axC0C
fKwo/nbJtZ4rTShTOArczH2Xg9InPV/sEl9PzJqwmR2bSHxz8YeFHL5Tb01pvORi
Tw2VaOEzJJnDv+Fn54sxu1/lV/F1pRAepwjBvShK0g5KyoIYv5M7kjN7zLqULhBn
xxLtolCmQqPbAUoW6CaQuT+qPWPhjyTnR70GcjzSyPPh501bhJ0PiUSdcncOm3o+
wcrunadjU78hOC9AeaedAXSlVz650+10zpRODRvFd5ohbG6NsuG9UtpjE98XEQj9
GM1fBcLR2/d73AVr5IzhcxMh/rdULL6cSy3zf1SBf/6EXZKvJKi/1GOVxGbmrLZt
qnhPXKIHceR8hHcnMoZPjg5VmD3FtZ+S/XzXcy47gngIB/1juqo82mOuVCDQ8DAj
dENI8uk9PKRwj16xbYKnw3ysKP52ybWeK00oUzgK3Mx9l4PSJz1f7BJfT8yasJkd
VE8r78UmTmB7xbugpuE/gaf5sBqEW6Gg1B/h7QLoV/83tmdh1VsZRLAM9nnL8YN2
fKwo/nbJtZ4rTShTOArczH2Xg9InPV/sEl9PzJqwmR1UTyvvxSZOYHvFu6Cm4T+B
4J8zgeI63mcfjo3JlLAdr4GFBJ4rrR0LComhYpu13DOEXZKvJKi/1GOVxGbmrLZt
qnhPXKIHceR8hHcnMoZPjg5VmD3FtZ+S/XzXcy47gnigtYZGtRUIJ6Ku+w/ERTR2
SWQ3mYWpiwP/l093xD3TECHYk7S+5anYo3MzbvZ23hXxig+f04+ERKNJ1eKXpjOW
MGhFwx9Eoimfow+5HY3W5nYCdw4zSxLnbrtkPClIk9V4IWjSkFqo6cZel1n/TqUI
e8CWIaZ2HYd5qJPjAs4Z5QKRwkjfYxZxT7+FHO2XzHQ1rV++E2Fw34NviMN0CLnH
