U2FsdGVkX19TWxZQievm8HjIM27AF8WWJPzjU8ryZaM77YQzedjkTe+1L4pcWi94
WFlTAY6Ms1dvAwU0XmFAkJ/kwfJ8KHaKeQGoKGybFVt23XrojUCSwY+tcJzFtEaM
9iGmpwqXdji07xshgCllUm5WE3Gbp3/aUxHIE+Eh5boWjBYwNMmOWaKajsP3cMUe
9C3xFVEIpwMAB+dsqeqkvgMn1KE6G4NOUmpe196osqCrY8sUaZLAnr+rPfXj8e6X
fLUngqBmEJ5kBYzPdavDpKeitpbWoeLrE70i4ceELbdSx070JXIPOUgHp1i/V86Y
tg3IFpANWdvdLL5H4yZuVTOZ8c2qGhwKbcbGQvH31nQ/DvkFlQX/ccltmboRUBVR
rT83Ak9qqo4pLZMLUDwbRyABv4UL8Wn3ALmfIvK3dcixQSY/J+ZUg0uyje9VZIjf
YEnnT/xQWr9PTYW5/JTSExmz7ciX3w5dg6yuF4jvXTuhT90SA1ZmDLSNNclFVGTs
vcGJslThBnPl5XwnzWf0suKnBfaZ0Gck8KnN1hjGq19p53WE8Kj4fnnHceXkGDLZ
saNpWOMquAXwJ/5lrrmOWUmZiu+MxNR+VSSRosNJcgTs0Kqcu+pYmlJ4BkR6G0oS
u/kDtK1yW3Yum9l8Lp7RqniljA2qWdiXFTbSFmiMALyAHxgMLJiRCrff0mEUSTMj
Hf3SEMsn1hQxSVpdm7E6Pw==
