U2FsdGVkX19TWxZQievm8HjIM27AF8WWJPzjU8ryZaM77YQzedjkTe+1L4pcWi94
WFlTAY6Ms1dvAwU0XmFAkJ/kwfJ8KHaKeQGoKGybFVt23XrojUCSwY+tcJzFtEaM
9iGmpwqXdji07xshgCllUm5WE3Gbp3/aUxHIE+Eh5boWjBYwNMmOWaKajsP3cMUe
9C3xFVEIpwMAB+dsqeqkvgMn1KE6G4NOUmpe196osqCrY8sUaZLAnr+rPfXj8e6X
fLUngqBmEJ5kBYzPdavDpKeitpbWoeLrE70i4ceELbdSx070JXIPOUgHp1i/V86Y
tg3IFpANWdvdLL5H4yZuVTOZ8c2qGhwKbcbGQvH31nQ/DvkFlQX/ccltmboRUBVR
rT83Ak9qqo4pLZMLUDwbRyABv4UL8Wn3ALmfIvK3dcixQSY/J+ZUg0uyje9VZIjf
YEnnT/xQWr9PTYW5/JTSExmz7ciX3w5dg6yuF4jvXTvGMxmLfSKk5V/D7IW4dZim
dyGf/yRfxW5KLLIbWZ9i+yuy6q9qhK8iqswmQhhNxyrj4NK1Gh8sMxNuGAW7zGc8
WSGRHAEymm8NawY9nE3kyZ7qic9Xn/vgIc+A7aDbRI4wP9zML4E/A2kVBnN7OXlm
i2uPl7V4nZOxqiKWxnYPTH18UR8w73hE9IFRy8FmjGWqZY8OPefrvSqcJdwQgqCp
et03HS7uHFVY5yK9VNHVazQrWxzcJBMvM7ZzVftAKRZgiyOS45f6G7NO2XEr74G4
c2ZQxidDSsjwSGVCUmLgJaJqMAvyivxe2ecBlJ2AyFGTjoYLQKHWadl9D0ZwAVxy
bmLDof298a3vXoW7axfUKG1702jzA2BldXuO8digBEOAe/NaeR/uuzJn74cUFd6Y
1zDD70N4783wJ5czJHGm47nftZgQssyPsVenoSjONjhtjS908eLo1A67ijBwN7FV
5WQPf799um07gJV4V2X0gzhm/qIIaJr3c6g4+PDoqK0mO/hHEltSMFNGp4bHGwAv
tE5G53bGca7TfD2lPs68zdLIz8WdXDXyW1CdD2QwFh5zBYT/KJDTo1SUBEgorPoB
BrwsiDVIZotupsQP57gY2KvtRTNdr+LZrg53Yy0JuRSTjoYLQKHWadl9D0ZwAVxy
DhYjUBTp838ctwC+YGrO5OMtXXZRglBfUiR6l8DPEHGYMqfiv6CyRf7kSJ5eM4eY
