U2FsdGVkX19TWxZQievm8Kn0kKZx86YDkpoI0WXG4u7KfrP+sU0Ra7AodGP53bXn
zP1GzRV+Agwb+r6XXu79H0uBrQGT5Ror7ofQzh8L1iWS8aH1kGOCG4ckytl8rY9f
O6DcedffoRwUaKCAhGSzNuloz3rtQMNT2xDbaJyCmfXuSTvQjNOPaf8sstz7o+xD
hq/FafHiOJCUdk2jeOsrlzZSzUoS1SEiKzgmyR74t14IDEBe3ylqrW1seaJ5B3CK
hbVNPvZyNRmXCNsmP+PwNlalBTX3SL84IiKZbYlN8YqcG+DIjuxGOmcJGuWKWuzV
+LGvDXq8kskssAGpQBMlEaf+7HnmVv6IObxLQmfcbF7AhXqE0OxagsEMZKo3vinU
9d3lTuLlRyJ4D2lqd4P49Lf/wVd1eW+pdXEjEX9vKHmc8Z5z+diTkwo9vpj094dC
Is1A09dLMef4r9Sj7mm4lMa80jDUJ8erA224ohHH2lVQ7GWAdZafRPfKYopVQiJb
nCwhCXW8L7V5MPuykFmkgkcRNjSkmr4eEbpogugB5+XHFXjbGrVfAY23vke5PTte
YrUBwlTvtsy1FEPQFv5TNX5pJV0t36RZwDPSX+iN1/hLghaLHhXbakE+sTUDVm+Y
0+XPvAUCc88kFOdm8vmkoBwp7QiHOBVTPnNWlrRkC4dHETY0pJq+HhG6aILoAefl
xxV42xq1XwGNt75HuT07Xkxy2jariDLaCEMR0p+Y4Vt+aSVdLd+kWcAz0l/ojdf4
S4IWix4V22pBPrE1A1ZvmNPlz7wFAnPPJBTnZvL5pKDYJKIzrnmclBCqnKA7gUzf
RxE2NKSavh4RumiC6AHn5ccVeNsatV8Bjbe+R7k9O17BXUt1k8W+hsGcaE4H6Ta9
fmklXS3fpFnAM9Jf6I3X+EuCFoseFdtqQT6xNQNWb5hSkU6Nc3SDb9nS9/Op5rjR
rae/ODuO+tP45OS3R1SgnOCq9W8tLe4Q73wlQIpAvSzxEm+w4cU/frnMK9n5NkHT
vjZJdNa9iQduzODByhDYIDpfOyTh9PAs7/BUJyWdbYv/ObuTx3go+p9XYCj7gOca
o1uX6tvOxc+F5b6aszs50Uj0rJc2cMdmQCGdpJfm3KDE+7d2OGS2PlMcZMAU7IuG
KGngWS0okeN6XF4lB2M+1I6lCYBn3Fl9+5tjGMVjc2+9RieSJBSW7SimzZKq487f
5BHuK8ou70b2BzKtzTBQpwzYmS9oNDJbHhz4lknSGCcp9UigJtrmeGjBTgHWpW5+
SmHzGZfZ9qGDBGCwqZXabTjqoZ5mH4hGmlxhXqzs4BpS/z4xT6XDPgV8mgsYgdgc
wI++vSrtWqYvkkGoAqEbPO4tFmeTITiKu2+Yk+C+Q1FlcS2anJl8oX10GKaX4pwZ
OkOd1Sy6tJiwys9VC96qLjjiT7bcw+wc7T698oA4IRU4dV2KFICDswEcdPnRc8bZ
y8rK/TRAL40Pyzb3ew95KtFLMrvDNwGhTqy/lXSsTJe7ZTxV5hCsXeoV76mV0/uJ
g/t/EQUSqx0UiFop5Z38Jy34RpCFlH2Gk1Ml/vB+DTrLysr9NEAvjQ/LNvd7D3kq
FLgC7hfM8BTsrZIzKPhmr/Ia4b3vGKcLNgujhmSCAJIzug4cv8ezp1TW7zxVqrgx
ZlOml3LFtY04abdviQejP8CPvr0q7VqmL5JBqAKhGzzuLRZnkyE4irtvmJPgvkNR
JGHtrHyCaSAy0hfM2kd2QTpDndUsurSYsMrPVQveqi4ZXD2TiLiD1wPSKfcnVHZa
IwNBCwgUSngTHLh82g8zPpN/TucJSW/UhnuBGzy3DP9r/kKhMrwDMYvyhD753lxP
5qu/Ge9q0Smw+DxFt6D2D4IlpxlGgpghTdRJLPIFEZrPI+Sy9uOkpHIA5Z1Qa9nw
pH6+Inb1NH92qblxEAuXfQTzDGV5CUC837R27yv1cgFJk0+EI8zfw4MSF1rBDeBB
y8rK/TRAL40Pyzb3ew95KnktE0lR6vrF5NdDNvmJLF1dYbQFYf5d2XlWPC0Ci/+V
UTFQIRnAJ2Im2cLyrJrYZCaFzkCu5KKycCUdgG/0ptgkUAmdpTwHvDR1vGlLk8F/
4TSMjnIRNKFwJHKtdS0nUNpKH6vbTGq34wiLHCNNKKcK5WzRRVpozqrgUPWFZq3r
rP946gycY//1V12mpBN9KCPQZc9+C3ehllKjdQB2tWDQjAY4g6b2fej1QlBDNge8
p5MbFVyJlyz59WHbCqkVSk3XRhmGS2U1mS0Wo6nSmih21nVPIcZq9AfWa6lNkkRt
6ErpWIGmdHOF/1Cre3L1Bh8m08xvKNvohdoVqmXfmPfGg6nkjImjJnnCnam2UySG
Gyu1/yjeNusc+KaUhYh51EirEL2bxBzfAHoxqcMDEcrw4VhlXmoKvPqOztzMIm5t
UG+UZ43Hg3A2QAamOJbD9uxJq1XOs7uDG79jqiIMrfb+AbiOQfgLCRQOIx4Fo54v
qiWPA+B9lGaA3t5A/NsT9PoCRS+N0ucPT72SWVS+FrY6Q53VLLq0mLDKz1UL3qou
WOi30jYDLUpqdM/jBfYaujheu1/ISqOo1C/avoDsWlYpOjuLufRnFCV2LkwJ5hfZ
8pzBC98WMbOX8EXIzq0vgx02+EZSk/oY4Qp9mnEWBdzV6yga9EcWQ8HEBrvxJYje
gC9vhOZulYvS5cXh8k9SvuifTMIpqPQd34VppTjKYv06Q53VLLq0mLDKz1UL3qou
xKUXou3zQnE5nlvT77ZE5jjwwrU8CuMRkUXoI382CmApOjuLufRnFCV2LkwJ5hfZ
8pzBC98WMbOX8EXIzq0vgx9P8MFkoTvuOZFe1YQ/LFjV6yga9EcWQ8HEBrvxJYje
gr9JvQD8LwEhaVtrOTFHiLPrApGp81j1HTADMLPZvhU6Q53VLLq0mLDKz1UL3qou
fZwH/MG0XV8IaZRbnnEAmrtlPFXmEKxd6hXvqZXT+4mD+38RBRKrHRSIWinlnfwn
OYBhiyyA8CV+m+vtb2fUccvKyv00QC+ND8s293sPeSqUf/VLBV7Pt9hcwG0D1HFg
/y9U519BR7X8G1MAzBZZluiJnOGkBK9dxCVl/lfVZQguKEmj697igY9tok2lwiTK
5qu/Ge9q0Smw+DxFt6D2D4IlpxlGgpghTdRJLPIFEZoCnadGB2Lch+Ai7m3bVFT7
pH6+Inb1NH92qblxEAuXfSaxy3ivIEmd5sTG4Dd2G3Wd6voqz97QifC7TPwe39oP
y8rK/TRAL40Pyzb3ew95Ki83fTZ52wXTQo0lKRSMcUX/2JuYYdrMkH/we2torE5H
jqUJgGfcWX37m2MYxWNzb71GJ5IkFJbtKKbNkqrjzt9GvimzZ1k3TivgnVe6zqEe
mCbsg0SRPA6cAeq45pITYEfj652RuqJCb1tQtlmIqbqbc2yublg41nXl+KR118dr
wd+n0AGHLaAvNmFpB9Z0Z3Cf2nXHtQtY9tUa+ZJOxQHQjAY4g6b2fej1QlBDNge8
p5MbFVyJlyz59WHbCqkVSkYs7aLWbnD2C+gVsI9FF9QeDH/V8ANZV+UzI0lrJfrk
2KB11zK3PzKLnvb3/a+qCZMlmYuEiaX63jO32f2GFDzmKej/5xMjp0sh4rlszqT8
xQOjTPYNbzsNFmI3irm1WCRFlCUdxOkmoEGtELhmPGFFEwQRRB9o+8T9Bm6mxWoU
Vm7uIxqel/jrUDqvso+G4OJP151JEcizeyIAw8fYYH24/fXry+VDaKWNpelm97+m
dWivbkof1ygkfMj4airLzH6iuA90JOeRD8j6WTpNFwr6q8JzaFJPcCIzF/5Y5oDx
3MeGuptHSHqUBBdmszzF+ooksAqq9jw2SSa3g8+fIqk0uMf21HvOUxkQcVd2sprL
hIJFEkzUM5MYKQwC6vYpzTZItnudvUnZz2/rHhlOj/jUZwAxr5R4LksDwr23czyr
kZKPQnNP0d8YbLnws15S/mvhYmWVAfGKCegIW+Feg/6G3JnWWyX5KumSuP2cQmIR
o3aCAj0OOmczClQie8kuhYLjnVkN3fno7CkhIM6Pp1NF9mNqsOIu3qH9IHL3vdeL
EI5KbRwTJpMBviSm0R4pYclAaM50SKcHVv7+KPt2FiENkMdBbj4o9V2TPlZ2Jf1h
rmr5l7FTYICPSjzulLoF17VgNL+AjZ6kDfR8di7NCsIYJdGpw/9osBA9MioZXdGH
qp8IggKuNF6SuEhlSROeCAsCzod1owyFxsL6zFrS7JM4XrtfyEqjqNQv2r6A7FpW
KTo7i7n0ZxQldi5MCeYX2fKcwQvfFjGzl/BFyM6tL4NpmCKrEleH8k/wLUWA7YSj
a2k07u/GXdy8XtM+ac74PBM/yTxxZIVcZawyDPJ1McdHiqWBYNVnCMe4Tr7dPbc5
vhP6BuxEhtm7niTfUW8g0r5KMBr5qHnyR3DPzppOsyVzxcsjoIQsx4sUMYSBM4Aw
yx9qpw6hlWfGbB5CZ05KdV4xCnaKxzNiYshinzcbac26lmT+uTAfAGQxq7GSQdUT
HsXDfKrPsb0DMpCbtvaBLiA4y16xtzvQp8FyV69uFRgggOjS1utJ7Pbh1+VIfNaj
OHzkRvD8C2pFSoncbmcMB3pyk3NdvEBRRbIhsOY5//C7ZTxV5hCsXeoV76mV0/uJ
g/t/EQUSqx0UiFop5Z38J8NL1AukbcUkkyDKPpe4TCy/r7sUiHgGC3C4adqd9qG5
Qyn1gqrgIKzjkFCpAU9UQnsFq5Ns9wznAPwRQQeXItT1o9hXEWHvwLN2U4UUAkaC
Rdka+9o4I8lIGej7lIRDe3Lb6iilNAO3CGbzg8SHMAGcho2AZfckKlht3TSRvAns
A/i6ujQWQKkOoZQp3FLqynGWjGmHseUDRT49fc5EpFnFzzniTanMol8jfeuo4/gl
o+Ygy9guHqEytu2l+65k11cHNK1T7bFevRG+9DVQTw09QcigA1N0kmf+Ql11aNFQ
5da1sTqJvHqsP2xk8LEEucHchHQd7yNkYCdlvZrBJky7ZTxV5hCsXeoV76mV0/uJ
g/t/EQUSqx0UiFop5Z38J1UUCDyQrv7JSagq/4j7/2i/r7sUiHgGC3C4adqd9qG5
J7w8hyS19iBOQIpvrjlx+A2kSuCTtfnnrP4+0eyzHmufbkeajdybr3P3zvVbHjta
vhP6BuxEhtm7niTfUW8g0r5KMBr5qHnyR3DPzppOsyVzxcsjoIQsx4sUMYSBM4Aw
yx9qpw6hlWfGbB5CZ05KdV4xCnaKxzNiYshinzcbac26lmT+uTAfAGQxq7GSQdUT
HsXDfKrPsb0DMpCbtvaBLiA4y16xtzvQp8FyV69uFRhhk3AYNp0LKTqsho1SOFCe
nj2xjhcCZSbQeFdKn4iTNVJwa5uDVM/mJ+aMCe+dUfwF0YlxitZ07d0S6XQU5DmT
p5MbFVyJlyz59WHbCqkVSvMRzijsI5XnalOShM4VVipon3dLhGU87GZJPXDsyxbS
Er3UPtk7BityHpAcZM68I4z73VwuTA43gl51UGI7lJ96NYtnnHVU+MGlNcPMrNSA
6V8Uhxyt3qpZaMUGglaKSaWNTHHgTWBlBCH+Rhnm72rJrFPobKGXQdlL4CL+l0I3
giWnGUaCmCFN1Eks8gURmuB7S3GaLlNVOywN8fK6TOBQeATYPSLTSAhGVvT2oByt
1uttEMgXoE064qAGC1DOYl9spoVp7O9gkdGDqNeJOw6n5x6HL9D+iEorJu8UTSlE
zJo99f7fQY2dogjEG1shXfUOvARrUw8yfq8mN94sXtbw4VhlXmoKvPqOztzMIm5t
UG+UZ43Hg3A2QAamOJbD9rbobdlI8mBvaGGkrVug5iYuoaVVg8l83d/SQjv+jd3E
WBduAZS8tynb1a7pjo6XubY8vrY3e8WPpzn0EVQGXC8kVrIV7L6HJCNR61YN1q/n
EM3M9DJUh41pCucLp2p3I6IcwXNjucOP+J/Nj8XUpl5Eat12lLaDvjzoDvk6H+PG
PEwPREj6L5Sw9DTlHYCEyvYLnyLSV+tfnMBvxnEMmREh4LSHd/RokJW4+NrWoshj
mMWX4jP4GyQ2nynL8ShniVmV7k5yTMIxMFUuMox6yRy5QOnTekzUfl0NAZImNKl1
hFw/54FAIHLkaCHfW1OfhLtlPFXmEKxd6hXvqZXT+4mD+38RBRKrHRSIWinlnfwn
GA8XsyOdof7m867pR1LBGkTwsFM7E+YlpNQKiI6zwWnpXxSHHK3eqlloxQaCVopJ
oSUBqxNfCMUC3OQ6GLP6/u7qU5pExHY7RQNYMWekpKTWl0Wf0XIDugPSO/IupQNo
covyTpIq4jOZI7DdWT3NZ5yGjYBl9yQqWG3dNJG8CewD+Lq6NBZAqQ6hlCncUurK
u0VyCK1WAkzWNVRV5KBp10hqeMAVges+hVU2fyXFY4cxssqH7ij7/n7laoJALac/
0RNyGOGqX2Eu0+c+kTiw6tcdJfZPJSmvsXFq64jSeVzY22MPHHmXhN0lhcad5knq
5qu/Ge9q0Smw+DxFt6D2D4IlpxlGgpghTdRJLPIFEZr3f6KDznclXaxBH62jBIBr
ymtJM+8o6i9Lv+weeJXeiUZAbDg4zoTsCu76xv2P7b3NhCgEyY9PPqzgPHHBHuG3
XeaFWQxe6Z8hL+Ych/TR7WzdgsOxRPeDOtwrrifN5dNdYbQFYf5d2XlWPC0Ci/+V
UTFQIRnAJ2Im2cLyrJrYZBJnb1cPpzSd5Ln+bgRdLpP/XcGkcDuO8+MDQkz2kTTF
ZCsYyL0gAYGo3E7ZpCzaABsCWpeLlwZp9fyxd7PkdI0qt+vb8pYG1wr10AYpXKVj
UiscP8UShVuk9rxsYJWeFiI3oZjOGOJx7uGoemtYrgq7ZTxV5hCsXeoV76mV0/uJ
g/t/EQUSqx0UiFop5Z38JzKEVfUb7NK04x3OCo8EnXoV3GwH/eMJWibgfelHfvLG
nURpKk75VFD5CTCZKaTSO311jVwmraIZSNZ6JTGmWetRlUhwc4ZF3vVUVrbYHDIl
qDNILEEnlHLYnyYdHjUVEWy80VVGhoMwtEB0q6HHkHG/a/qWhgtVz4AWdiSAupir
T3J53k9mkn2C9sL+e8mpaa1XekUqc0e75n5KUPg6hVqiT8saWUjABKinqboOUhYr
eHZB9XErVGJu5riCUaRcQNiFmqCKCm5jwyl/nxkdz5wb1PwKuYD59ToU9JiguXXT
5dUztOfZSn7/p6rwOpmPHbozuLyAv97w3S3R+T/mBrI/TL7X6waLl01O+9+ZnkvS
nSOQCWIYPZFgJC49BefnZ6dO8hkxf4ZWjnUqlFTfAmVOu24PqhUZwVkjcPo9U/Cu
S4nPIFexDcVFpcd4qAWYUv5x6nKiJcVCX1WAZYr1+Xtq4gt5rELiT01fliHABLqP
THW3iVQ2ZCyBIIj5wiaQfsYdwEJKHTWz1bWqxuNGcMydJoDDcGK00S3QEwn4N+08
ri4C94ckhgmAbvmX/XBDPo7SEk5FKV5rH1R1ajS945Gn2I6U8AhlCDnvXzTzrC3B
mVyKWGUCz0hOQPblTP4cVTCDUq1Z2TYfEifuSdTAV2s17UGtCVqsZNpcOazJz2C2
8UqWYjxZgjPiMfDWQY1XphdhW/ZZyj8DDccSVqD8e+SRJ3qes74YWZNXt6kJWP2c
2EtUk887gvKNGcyIEbk1uMea50j0UcFshTYo5uUkoeBed2QlLvY1XsxEHvxc6GgJ
gzJKgV4QLU/1yJt7MZwt5065xR+2CAMCbtr4a13OjTDgL6etxo1NzWXVojITqhkM
nSaAw3BitNEt0BMJ+DftPK4uAveHJIYJgG75l/1wQz6O0hJORSleax9UdWo0veOR
p9iOlPAIZQg5718086wtwZlcilhlAs9ITkD25Uz+HFUwg1KtWdk2HxIn7knUwFdr
Ne1BrQlarGTaXDmsyc9gtvFKlmI8WYIz4jHw1kGNV6YXYVv2Wco/Aw3HElag/Hvk
kSd6nrO+GFmTV7epCVj9nNhLVJPPO4LyjRnMiBG5NbjHmudI9FHBbIU2KOblJKHg
LZDLKOEgeoDPUPC6wgX1uoMySoFeEC1P9cibezGcLec9OeZmmBkWCdfv5svqj39+
CIA5oIxgIQVLdWdtWfTV150mgMNwYrTRLdATCfg37TyuLgL3hySGCYBu+Zf9cEM+
jtISTkUpXmsfVHVqNL3jkafYjpTwCGUIOe9fNPOsLcGZXIpYZQLPSE5A9uVM/hxV
MINSrVnZNh8SJ+5J1MBXazXtQa0JWqxk2lw5rMnPYLbxSpZiPFmCM+Ix8NZBjVem
F2Fb9lnKPwMNxxJWoPx75JEnep6zvhhZk1e3qQlY/ZzYS1STzzuC8o0ZzIgRuTW4
bxz+s+1BtAfMHiWXgpF0aTqEZ8RjIRTiDI7KtyfvgkODMkqBXhAtT/XIm3sxnC3n
hd816KKkTsdkYt6VLVGO4BIjcMa9P/Us+i3Ba9YtLrz3Hig4LtLIPFHyhfOsRjx6
a+bJihb1CdG0Iz+zwkGwEZow4Fk3YBtSeehLsDQL/ZZqAIEncfcdpQpCD9oVzte+
bLzRVUaGgzC0QHSroceQcXP2kOWF4kE8jJ/F4n9cezIPHgSf3yDuieQnyLap7Tjs
CsrobyfFEpl/xeV/aXZaXha8hWBo1n50wHyfQ8Dyqt9p/4xew1ii7DpYyrpUDoTe
WN+owMiLBWuMBdYJCY0+UCU8XSl+UF0wpgQwV9rTf8Cs/k615HHaTF8E0f/lXSeb
KDnCV6BaZK9E3gAd+6EkSmbW9jBQjk2634AnMSHG76XI6Wtog2cvxmh+OxFjdAN9
E8mVbDRQED+3G0LujA+I1MCbm1jBzOSnjfZmG4Nb0tCWjeRzEP/OzUoFnyRxrnST
oANFu7QLk0SsZR3UKLmxDr7eLKVYkT5Ao6KhNMQQy1EQCWms/85SBIgEkfnVfCYQ
zJ+X+Cm3fInUHwmwS4Zan5HfVbq0I33ETVsArBZOfP3E83kLVEZv6l1WFUlt9mJP
ZqU06OISq5jU1uyEbxzx9S3LwifTrvhfcPCPqdpn3AlEBfARUmzlsHrGB16Ff1kV
xq6c6XTnkhwXQmXHD81fzA5I01+jDZ/JL0iTkHxm9nhRsu6515wkXOppntLpdr4v
CuH2BzK5hQ7QIkgRc7bXzbhnk3cXOU3tnJgRJvsrVfL0soUnyc4bAKl5trensZxM
bLzRVUaGgzC0QHSroceQcTFmvh0mA7UMZHIHG37QOaGHv84gfqZnIc6GM7BrlwV0
K7oN1z08GOK2VSKtEdAoYcbw1pt9LLjgjqS4K9ublE0MzhzTupTKKFMB4zMWSByR
CXTovKJVqbnwUrpCZM37mx1ebO0J3ejvnNrilsQCnGzOpxmOlR8W83Pw3PnV5aSk
oRlqiq2Yz4ahdI+paePx3zyAtnBxq/g9CPX6mGXEC071kAAvJY/p8O0VJ2fXBJH0
9hx2bCVDCrLl0MUnpzIF462dymiK5n0ZRelZnscQUKfGqs30NJZN9Nw5Wvv8hSdT
WIxQXI1tpsEIQqGfsS0+Vb7eLKVYkT5Ao6KhNMQQy1ErNpKfZa6VT1lGbhm43xCm
GX9AcU9DibAnD/qZNFchN8BixSYxL48PlDdB6ibyr4SKg9B/SgBW3xyMQOUTwG3e
qJwsqOdRO3So+LON2zJpnfFxs/XjbLgJqbpzlelW1ERn3JsppgO2HYqAXnahVCk0
lyeQUS77RHyU5p3YAjaI93mlX8BgzH96VegDB8f9eGon00kXSrH8aq/4NmY5BY8y
MUb0WBNHCiV+1Rck6VxLq1Mwx96gMBakCeYOR5a3ytD/HtyfNwMZKew0mm62VzpZ
PaTbN8SIRnuCxMxFrcW3DhQYJjjE/LDBYF/ang8WDDp8LQ2n1yFwXRz7zJxuexAV
W4lsfx2LPnwRdfkS9QD5sm2Qm0Hi0YkpMJnnCuneAk0HiSl4+mw/VNItGmut1xNo
dTmXhcw9hDC9hgOFCpPnVy4vAHu1nImJ6uv+tA9ZcUKCLGJ9+WvZu5saHtjMo6NW
RE00C2SLM24dld6KinrFOX4tE+3amQ3MvODdGhWXq9srTKMc+l6tSnBE3KC/1NeJ
AQUp9TldNC/jAPGixnL93LlhfCCJV5tfv18p7hhCMpbiiVWFxtVWFK5GHAn6C/EI
O1r6N4B3uL47sq3AcRRnTykOkAPfAAMAwABw3mX3uG5oSUZGRbyg2gxlmAjHy+jh
G8ene6zDehwjMZ5TtLukSs7T54ANSQ8r2KSBnWkE68HRxoKDMQspGwCFkerTDwxv
uo1om3iR2m6AzklBl77wMYvAQbte8fcuxIRdOU50PZYJTifz6mtapMTIpviqFjGW
7dGWRljmnhtBSeWB0a2p7jKlvaJa8QikfpPBS+HZnhKbSj3wkH6WMf36J4guVGvE
vCBz1CgjsR3JwCqnk/EFqMb1hpTRCIAAM2GYHg55QG6TOTiYwNN2XdrKRFSoSMmg
SJWLHz3I7l25n1ywDroPP0rMAeVoPl9Hp9hUE7zQyX0zrOdlin+PHoe1Vs/Z0Z/k
yCrpKnVGOo/8xHn1GVUvKwilgVZrmost+DATAdd9KUTQ2bJJZrHxR+Bcm4KpWNWR
qp9cyizciEvoB+MbNW3/Chsskjmi9pIM/Pa6K7SdkkYU+83Gm7JTKGWpKddhz+uC
ea3jLNg2V+QpUjRAx8zi/1B4BNg9ItNICEZW9PagHK0R8WjhmOQ/t3Td7r0Snu4Z
pDhEZgTHUxn+G30tGUW/jdrWCRfIY4c9f1jRkwmPDK4yBcFpHeSieuS2Bey2UtwC
+jeqtzrCH3Mqtmn+r8oqxD1t8Vx3x2Xlwc3B2rw61mYRZlYq0W8EwMxgVPzU5UIT
CRwY2pC8TgXCHOJLgnnJSPHbIwE4I+LNB0gXY9qC0mntuk1c5y3ZNVqa1/AKc3yC
y8O8fvebmDxPWbINfT4xkt9agluGukkBybJDVqfQUJ14HEij2EOTGcosCKqlomqB
m7GZv8sQspRQ4Ocd/f2Mh9OIN/ZgbYl1wHZPBhllmnG1hTbXc5jWDHwJXQLwnmum
1JUe6grhb/zse5aIfXtlSAPDilmBtajRtzrg+HWeUG/XQSi1fo1ZFQzsnaVQhA1T
dmoR5Cf+rtGbVcPKA58VC1YgxpVmw2+1ML790AJQDm8yI9UD/RBEfSXULdNYz/m4
2GZrLMvmUTw/sOItk9WEoem5XDHbs+k9RxN2Sf0OUFRkm+maYg1p83FQA4QjxS5O
OeREdL1Xk3Wrp5E0OPlXbOJ8SHIlCaFw6xjSUR204I87FkNY/4Ar3XLNfnE/TenZ
gg0+QEYZ4VdWkH1YN5ZjiNOIN/ZgbYl1wHZPBhllmnG1hTbXc5jWDHwJXQLwnmum
1JUe6grhb/zse5aIfXtlSAPDilmBtajRtzrg+HWeUG/XQSi1fo1ZFQzsnaVQhA1T
dmoR5Cf+rtGbVcPKA58VC1YgxpVmw2+1ML790AJQDm8yI9UD/RBEfSXULdNYz/m4
2GZrLMvmUTw/sOItk9WEoem5XDHbs+k9RxN2Sf0OUFRkm+maYg1p83FQA4QjxS5O
OeREdL1Xk3Wrp5E0OPlXbOJ8SHIlCaFw6xjSUR204I87FkNY/4Ar3XLNfnE/TenZ
eLgh9HLpSBqG2Ci8tpLw3NOIN/ZgbYl1wHZPBhllmnG1hTbXc5jWDHwJXQLwnmum
1JUe6grhb/zse5aIfXtlSAPDilmBtajRtzrg+HWeUG/XQSi1fo1ZFQzsnaVQhA1T
dmoR5Cf+rtGbVcPKA58VC1YgxpVmw2+1ML790AJQDm8yI9UD/RBEfSXULdNYz/m4
2GZrLMvmUTw/sOItk9WEoem5XDHbs+k9RxN2Sf0OUFRkm+maYg1p83FQA4QjxS5O
OeREdL1Xk3Wrp5E0OPlXbOJ8SHIlCaFw6xjSUR204I87FkNY/4Ar3XLNfnE/TenZ
PoUoB9v6OklFYRZs2xDSGNOIN/ZgbYl1wHZPBhllmnG1hTbXc5jWDHwJXQLwnmum
1JUe6grhb/zse5aIfXtlSAPDilmBtajRtzrg+HWeUG/XQSi1fo1ZFQzsnaVQhA1T
dmoR5Cf+rtGbVcPKA58VC1YgxpVmw2+1ML790AJQDm8yI9UD/RBEfSXULdNYz/m4
2GZrLMvmUTw/sOItk9WEoem5XDHbs+k9RxN2Sf0OUFRkm+maYg1p83FQA4QjxS5O
OeREdL1Xk3Wrp5E0OPlXbOJ8SHIlCaFw6xjSUR204I87FkNY/4Ar3XLNfnE/TenZ
TSUJLwFCIActDTsckP9mDtOIN/ZgbYl1wHZPBhllmnG1hTbXc5jWDHwJXQLwnmum
1JUe6grhb/zse5aIfXtlSAPDilmBtajRtzrg+HWeUG/XQSi1fo1ZFQzsnaVQhA1T
dmoR5Cf+rtGbVcPKA58VC1YgxpVmw2+1ML790AJQDm8yI9UD/RBEfSXULdNYz/m4
2GZrLMvmUTw/sOItk9WEoem5XDHbs+k9RxN2Sf0OUFRkm+maYg1p83FQA4QjxS5O
OeREdL1Xk3Wrp5E0OPlXbOJ8SHIlCaFw6xjSUR204I+zm3FMCXoXbHaXLH/fpxJs
FN9qIuaXnHwKpCm8ekqHWOXOziT61iRuqQqBgacLa+c14mED2/lWX/6LVTaxjsVl
UHmDuxLbhbW5/aBRR7vR+aNbl+rbzsXPheW+mrM7OdEm8Oa8ZGzEh8mzkoblEUQd
ervM4CJY3NO5y2PRGx95TDTUWHJI+OzHNVVZ+FmlvvW4ZKPD2jVXbUEji3LRf5m8
apU/9m23NFZPepdqh6cZr4GWXIabayClQObBFf7NgHSS05gzFIHuz9x5v4xM+V+J
WwcCwtSLJpwH359olwBIY16UKsIbPWKssG23hbe8lYegLbIIRn3RXWGIO5z33nFf
X8HI7gMve6bJGtC41Pt0D400u05Ndz0wO5Uy48Of6QfD+F+x/DVbRPANto++rBZt
blSUTkgl0d1G6lriLl3VasT7t3Y4ZLY+UxxkwBTsi4aiHMFzY7nDj/ifzY/F1KZe
RF3ULnKHpwACkRG2S6XPAd3Mqu9+6AU+a+ZVO34O7Nm02cL6fpOhnf2typNrr8vl
ZA0piH3qpU6XR8l9CZyx5gP39fCaG3z/uUYySbQSHtwHkc7nOdN7B3B3MaluSnQL
NinZTGIehYwDX1vmrThbbxqZ+Za9yk0OSCLqJGkOjMbqYuDXc0xFbHF795riDDIc
uZdqq1bXg3RaRQOYeLw/WwCxcsVSziTUHNOvBh7vrkeZCmE0XagSflX4U8s+r3D+
dknO80O8+guE/iTISHdfa7n9GD3Zf80IHwAeTbSmpRw+DF/SgA2NUvRFdyCUw6nZ
TayYK21a160Nl/m3S3RKscTcOa2j4FTkvwG8D5V8PyM6SS3ltUakrXpq51zT87Zw
pkwohicPzwm5tqIQKqEFLP1euyeDqTB/sr31OckGXN+iHMFzY7nDj/ifzY/F1KZe
RF3ULnKHpwACkRG2S6XPAd3Mqu9+6AU+a+ZVO34O7Nm02cL6fpOhnf2typNrr8vl
ZA0piH3qpU6XR8l9CZyx5gg5RltiGqBad6G7bECxIGZNShE9ekKTZmGqQ6HUCkbQ
Fa4tpOAaYiAz6ejKWZ/CoUOr7sjZYIDVlyMIzbUKjtiHJYQt/1UoLmKrmC9wCIdq
KddBXvkWx9K7hlgQjJlYVVB5g7sS24W1uf2gUUe70fmcNF6QcDg+W4Z+ddPr/i5S
fuVWxhIXYQKHVrxBri1seAniDThL9shslb97ccVQbwVoZm7ZFSNYdxwUINwcoWdS
84WKmLQynpDYv92t587Uk3sq4M9VhoB9B/DLAA7cPdj6HAh1oq3LDiKpmR5EPYdn
y8rK/TRAL40Pyzb3ew95KnM282uKnrw11DiuSdA/6bJXh/jtmTTm9YBkBDJWtSUz
xLse8UMLcAlwNeHXtYJWQpsa9xU56pK6GS+9RQAQa3gnj0CdQ3Mp01/JLoj9bDK4
Ggp2Xlikb0cx2t1CDPN+R/YQ9dS0w0Ow+jKNdGBb6/5NShE9ekKTZmGqQ6HUCkbQ
Fa4tpOAaYiAz6ejKWZ/CoctSrhDJD75DDMJULcueRwRRJlhFbqY1XFVhXpv59bbE
1TYlG6J8YOt6ag7+e9ASXts8k6D7HqWkGK601AlimNArrPgLO8rSY8pbyq8+CuzS
ithUBbYT4+s3uejl49p7tWmPs/Ez2thgKSY7QFDE76yEBpRydIg2beH4RLzl2cgs
+HAa9XYax092pmMwasr/CWZ/qptMuhq/+C1NhTuqzsW2KVtXGvuZpie7r0rUpiva
4gKc0qYQcyfd6KM2oXM4NeE0jI5yETShcCRyrXUtJ1A3aMzO+l56sG0KquP12lUd
Bc0NwBpSwPB0CqX4VMaEx7nBbksp95fXdN3a5uinoUjCROmU2vzafCJHgZdDnpg8
iFs19RohbT15D8WmVD+k4W+1ehld90HxXJ9D/I1aQ+Cm9C7E8w0qCINP9WuErm1K
NLOE8mIIBdNi1KWiPMNEj2wRmynTvQESgbt8rG++9YfS4ExbkhW4oNL/ggTiOMnp
MrR0jZKI6xC+tm1b5LPoIbmQS2wVngvX7be+/LckJdm3PUCK9acBXg1GsApgqVH8
JKqrMvV+cetxgazyYv8rq+lYmCSTjz4FxNw8id7QbhYsi5RZvHvmbR8UEMxCYukR
J1XHBJIMnX79SzdLI7vYHn8T0NLstKLLCEQAQneF/U81FN5PjVEhx/kDNaXJia8y
OaEEodHKG45Z6TZnSu9YkY2jggJzJyuLu5cZfVTKx7B8CK+IDaWvQtAKvi7eFj8R
GnF+qUqRnvglQu46n7mtRts8k6D7HqWkGK601AlimNArrPgLO8rSY8pbyq8+CuzS
ithUBbYT4+s3uejl49p7tWmPs/Ez2thgKSY7QFDE76yEBpRydIg2beH4RLzl2cgs
DrLqzGJU/OP99g9hPrdjnQeRzuc503sHcHcxqW5KdAs2KdlMYh6FjANfW+atOFtv
QRJQLVmpteM0Ra7EjfXhJ86y+bsRIl5kxbL9Im0GkHKorsDgIZido7KkvmD9w+vy
uGSjw9o1V21BI4ty0X+ZvI/TY9ELvSzlfMnwvgl/rHGd9Yt7eBEqcjuzVnXD2gfu
SnT/n//r8ea4jy9uaUxz0kj2dXy8cDDe+47rpOdLSIPcO2Pq74xkPFuhxkWfnqCB
vrU9synKgCkC5/3WorJsq3sq4M9VhoB9B/DLAA7cPdj8I2NztvUzfwjr6RMQykeg
y8rK/TRAL40Pyzb3ew95KmxLtT7I8y+oPWlMeTI6Sx7CiQrSp13KZNwXCt2SNnZo
A03EdwLrOSlalQ7464nZjk1JoaWS1q5T1C23Lk890Z8AimYhKEmJv2BH2rUIMiIs
wo9Z1W7K5dNz7dgzpEiYpkey+oGlnxzuI/Yqje7JlQgfURQ2xZhIosgxoCVcWsnf
miM/uj8Wyam/DpaU1zW9pn6ZJucV7ZJh3VWfKCxjUdyB2LmEPId9BnQpO7ugWEv1
TJaAHnOd4IQaFef9VgCkYmxxVgGDzqvyFSOAwpbwWRQFp33CCuCBToZOtmitHw+k
0z/4YIzwr396Zvv3mRTWSZtYpjByNsbqIEYsijiH20H+Fc246YLegB8fdIIcqLMB
Gi6nN03RbrTFMVm8+61UhxZ1ppl4+eJWCk4JfKANhBAFDlfvgGG+S+mgmm4YTnfC
6Imc4aQEr13EJWX+V9VlCBsJslegRazwUT+rglompPe4ZKPD2jVXbUEji3LRf5m8
j9Nj0Qu9LOV8yfC+CX+scZ31i3t4ESpyO7NWdcPaB+5KdP+f/+vx5riPL25pTHPS
SPZ1fLxwMN77juuk50tIg9bf8HDvfidy4ZPfMt9xdtOZf8lWdNqlB3h6U2nZeYRm
OWhEpnxIvXHOwF53GX5l3Fpf3Zec8J4SZxhHiXgues2l40rp4X5A/7iUMIxp0wde
LZsFm7tS2w/tUeT32WfzCgCxcsVSziTUHNOvBh7vrkeZCmE0XagSflX4U8s+r3D+
dknO80O8+guE/iTISHdfa7n9GD3Zf80IHwAeTbSmpRxDRCI7JqPM9m4gXQWg0Y9l
+YhiOttyP8Eo4gYP23XkxzUU3k+NUSHH+QM1pcmJrzI5oQSh0cobjlnpNmdK71iR
e9RVtu8TGsMc0+wxx3F1PESwo+7Ny1qeohcpF3uutZvWja5yPo0VObXLtolUZZek
ohzBc2O5w4/4n82PxdSmXq0cFIHXjW1zT2R+QhKY/cbTP/hgjPCvf3pm+/eZFNZJ
2rrVMElTJgRy9nVp2XlVwYswuremABUwSOWnjrHVzFHFCU69J+8sxt6DxLT+VpTp
bTVlMe+uQhuiZiMxDeQErFbXBrp11pmJlvpsWnrEnbwVgv39nhdpJU/3w3vMHib3
1o2ucj6NFTm1y7aJVGWXpHRAvHmlHsBehI7J2G6q5D7AUYdno0/AV13SjmbXsb9x
DDkacXlJ536irfT3Sj+m1HI1rWU2UGflAsJ5h/TRt16fUyMoA5EOWUg62ZKbu9I3
wokK0qddymTcFwrdkjZ2aJCcJTgU5Yrpap/ZMgFSOt9DX8O+R00AQH2F61jWV/Jj
P8auFr4kGv2qvuaTkMYIGFKGGVtCWKYBuE96oaFpMVUFeETYa7wxk3y78pTC9APg
KzfmTOoblpBVW4+FP5bZqHcMHcwuckbjEq/vUxwlYnH3yVyshU96javqRhc/z0sF
iG6h3nmHkU6k1bgQaWvctC3tXYGQq8UUwg4Lcfv0PxrriL+SwWaHaq6gmNNgM5Ua
5lLOp3Au3dh4+9ai3pvfF7hko8PaNVdtQSOLctF/mby5ytdr1saTT0hWEXMy28lJ
fBcV891mAoAetmztrRgW1yPUQQfQwHO+djVGIAITghcUcx73DU2WJfIyYlMHSHMC
2nkUtoz2qM+NRq75mc0HnToALqOjQaQ7x30t49m+J3jUm5u9rIgNtNmw+sDAQUIw
iu8sHtT3F/V+KTW895Slf/J65SOogKYEryGwUGR2gUKTA12EgsWRwp2FEMgllMfn
V5DMxPHEpnlnP8YjvFRePNs8k6D7HqWkGK601AlimNC76OXKau/zpiHC5nE8ipR2
CBoOW9aminZN/an+j+bR9/vdTzMrsTKnGZLYHgcjRv6wa5N+ydGz5O1jAP4AJE0p
XpQqwhs9YqywbbeFt7yVhz/f3DlNKtkNw3Ue2Ohb0luNNLtOTXc9MDuVMuPDn+kH
w/hfsfw1W0TwDbaPvqwWbXFpT3A78W6iJ6Q7Bez+iiyjPN0P0sAtthjPSw7I39/M
ohzBc2O5w4/4n82PxdSmXq0cFIHXjW1zT2R+QhKY/cbTP/hgjPCvf3pm+/eZFNZJ
m1imMHI2xuogRiyKOIfbQRXByIaJVfugl/z0xeyMAUhNShE9ekKTZmGqQ6HUCkbQ
Fa4tpOAaYiAz6ejKWZ/CoZ4bWbkvyLjdnkWpb6L46XbaJFCYxM+9CQyAeBgp3mP7
MRdFezjm0w6bdbUscyMSQZLro5KGfYAqsWECh3G/oq9qGWVM79UnmU90cYNqLoSl
AIpmIShJib9gR9q1CDIiLMKPWdVuyuXTc+3YM6RImKZCv1J3niLVoaHSaGeTTu81
B0cVCsehrCglb+PQ7M2QXRZ1ppl4+eJWCk4JfKANhBCV4+SFqjf4MxropQQnINmz
LqGlVYPJfN3f0kI7/o3dxII0aQneUEyrh2mBgSrHVRe3PUCK9acBXg1GsApgqVH8
/46KQmYxaw1FJvDherAn5gniDThL9shslb97ccVQbwVZcp23e9NvBjkM3qCu6ZHd
0qXxymAdi0cgrnYWZfeZFDloRKZ8SL1xzsBedxl+ZdxsUYjxMnJuAjn2KiE+YIcr
9gufItJX61+cwG/GcQyZESGPk1jZMQyyp8ZNW3Bo4PzCiQrSp13KZNwXCt2SNnZo
kJwlOBTliulqn9kyAVI634hbNfUaIW09eQ/FplQ/pOFvtXoZXfdB8VyfQ/yNWkPg
U+V3ourdK9mxEfpQCN51ukUKy2Kaqsghgf9Mr5AOjjmE2mGKdfwccIeuaY9lp/QS
aJ93S4RlPOxmST1w7MsW0iJe+o2bS7h+t+1uTNnlgpu4ZKPD2jVXbUEji3LRf5m8
ucrXa9bGk09IVhFzMtvJSfq3sRZpaZSCvkkTirbs8YIiTY5xKGBxP+fR0PC/idGg
db5fgXtn+I45trYiZwWyhjSzhPJiCAXTYtSlojzDRI9sEZsp070BEoG7fKxvvvWH
WDsaebGMfeJVmPAlWFtDeTnxsldLjgb/OC5+8/3wtvuSdRKh513v0dz/xZZbY/ts
UHmDuxLbhbW5/aBRR7vR+QmnhkYcz5mgmHW1YocIaeLV+qT97SbbWQxBh/mUV2tE
xxNJ/t9K0gJSU6j8gd1JGgoTYP6ND8cNKk5enrmYcAl7KuDPVYaAfQfwywAO3D3Y
eMUJ44Vo1S+v55LTEs40wr+vuxSIeAYLcLhp2p32oblLpaurh/hzNr3KhaUwWv9N
wokK0qddymTcFwrdkjZ2aJCcJTgU5Yrpap/ZMgFSOt+IWzX1GiFtPXkPxaZUP6Th
RsyCHh10fhk/vGoZR2EETGAB4uXpnnYBwxM12Kh1bObJ3MSPU0nkQYG0oaNRJy7w
xmw3KJ2uk7Wo9DUA/XOCGHt3haPPHnt//gTC/TlWYAyocciZ9CRjgyT+eTSVYLSM
2zyToPsepaQYrrTUCWKY0Lvo5cpq7/OmIcLmcTyKlHYIGg5b1qaKdk39qf6P5tH3
+91PMyuxMqcZktgeByNG/rBrk37J0bPk7WMA/gAkTSlelCrCGz1irLBtt4W3vJWH
HacQVtpY/5swloGBrsO7qI00u05Ndz0wO5Uy48Of6QfD+F+x/DVbRPANto++rBZt
lS7fGbkFaAK2FqVAq8k1mp18Qt6qNDzA4l/By7iIRlwBAKzHcTBqZyOUcWSd2CHd
2zyToPsepaQYrrTUCWKY0Lvo5cpq7/OmIcLmcTyKlHYIGg5b1qaKdk39qf6P5tH3
+91PMyuxMqcZktgeByNG/rBrk37J0bPk7WMA/gAkTSlelCrCGz1irLBtt4W3vJWH
pi35gIazBQo1C8NKT4/R37SW0Lfj8ul9jFVAwo2XUxalfgawF4/pOr0DPfsKF1Se
R1B6JCG9eiKL/1IYBWBNMnNQivdtgR1sAgeySwC7qZIexQXh+qiixOfFRiAoYWDL
ALFyxVLOJNQc068GHu+uR3NuSzNyuGJrF5Hl2J+nT6isjjsJ1KSyocYc3x7I69fZ
DSUN7og8ElQVzNsC7UkXy8R2IGwYc68U9xB4Bg2eGHDhV84NrIvi8J4rHDcTy1Jv
BWqafo6n8JNYiszmYcGjlvkq4ofGWRnj95Xjw/UMsn0s4lXN5r7VPSMmFDdltjSR
MS9waTBXv/2cQej1t3cgo4mdSiqu9sIsizv17fFrKAhM41hXoR+7dL6T3UAd4Ce6
Bc0NwBpSwPB0CqX4VMaEx3NmKC1PH/y5bMISsmoQiZquYsCuBDz+qooNOh3Irnba
SEdEvNWPDqknxFlLY+4PaVzJ+MXPYCHFvGOvQRRGVCFxWi+PnB1jmL+ywcQGMemW
qrK4noMrMlnDIDaiFg0oTsmDUmH5G8DwzXZ7d9SH2mMhpbS2GmcjllOcoAVXfVBX
o8Pz/76VdoTg92ms/YdDN+RBd3leSZEj1KYkGfoveZRammfdjb6mtsKSLFzSI/sY
Bc0NwBpSwPB0CqX4VMaEx7nBbksp95fXdN3a5uinoUjCROmU2vzafCJHgZdDnpg8
iFs19RohbT15D8WmVD+k4UbMgh4ddH4ZP7xqGUdhBExEI0hUqoL/IAxWPrjdLrgs
siWT2gqbjJs/Q0rw4n/lFM2zgOPRwV+k3G4xqhHHyBl0WppU2gp9R3hGS5uAnAjl
9LZgivWkpX5PeyqgwHtCVPTHAM5bt0uIpZkd6gwZDuMxnKpPAT0oM7eRqOR3H9o8
FVxoUZidpFYuuXdSDwLWQc2DnAvdNWbiemR06CFTmJKWZerj/NJh15mjDWeVrLhY
HyBFwlpHTGwe8CfRioMpOps9zheTvpTKp8jaBH/Nyte6MQ5G8/Ndbknp2AD9E235
nd3efTu8VZyPkOdFSvcF/Pg9f1YsrI+jyrjmRrAJSueuKDgYByzaQ1NGfy+DaPQk
V4f47Zk05vWAZAQyVrUlM8S7HvFDC3AJcDXh17WCVkKbGvcVOeqSuhkvvUUAEGt4
J49AnUNzKdNfyS6I/WwyuMm+YL2e3czBfiDbMfniRxUzwnynSKY+LihShQZnRtYE
Kg50Oj5pYllqdBvIVFpXgxZ1ppl4+eJWCk4JfKANhBCNwzATq5qBTbYZ00DniTY5
O4QAbhkihf3IqiHnfhwB6wmxghZVKW95zmGHrxED32TCiQrSp13KZNwXCt2SNnZo
A03EdwLrOSlalQ7464nZjk1JoaWS1q5T1C23Lk890Z8AimYhKEmJv2BH2rUIMiIs
wo9Z1W7K5dNz7dgzpEiYpkjWrtZdHwBM/oQ/avoMViE0s4TyYggF02LUpaI8w0SP
CtrQqppJE3Z6U0GkRU7RLQqd8+ZrkQlvec7DlezyuGndQym6sDYwKUNzbQxAxKMZ
+33RluyJFcnsiwmpW6iBYcKJCtKnXcpk3BcK3ZI2dmiQnCU4FOWK6Wqf2TIBUjrf
jgn8w5HAdb+hq2WB97lbF+QDSZsfqgQjgnWQWnrSoAJsNeRdcDKHrK9mRTBghp6D
dEC8eaUewF6EjsnYbqrkPrDn2DBecX4nmRPhMx/ETpqyJlqaeICpMe6t7+bpSeOn
Izpn2wd1OepUFVFrCkPPDhFCMdxMf+ZlyTFTi/leb5BXh/jtmTTm9YBkBDJWtSUz
yD3JYOzx0gaVtg9X0SRun7TbeXme/7bpika8cTAugONrivlhkKD4F398fvnSYLlS
kMc4hwKaH0xXSc/Z72boHAJCtQ1t8gDBIVEE3TwFdGeLL6pC76Orh4JsEQ/WSsxm
PaZHUtKSq9gh5v6Y63bx5Ck5efEHtddqUXxmp9WBa887CBobpxEtpA6VJQOftCOB
ji/Y/pzrFD8K7reHmJj1/NaxkO1t+4VYXPyOaoQS5lxjDBbBmQR9mOEqxxhTy3qt
KuncfdGpsRO+GUUCvTOXjNQkUCJGc8o/p1vcNTuZojjiTvG8fL1u/4bc0SZvHIGZ
AkK1DW3yAMEhUQTdPAV0Z4svqkLvo6uHgmwRD9ZKzGaliDATKR4khXwZaShhSubL
KTl58Qe112pRfGan1YFrzzSjGbY5pf9qAV/uEn8TschMloAec53ghBoV5/1WAKRi
/369bIIe7YaPgPk00J+NA0p0/5//6/HmuI8vbmlMc9L5Kh4vGp0nXj41RpF1ByS6
2GEBrcAwcZPuirScv8yci/DpjIk/OBMLdBQQh7N7jfO8Er2TAFyoXPAGtt0CARWD
1+iGFRqqdo+p523eZdtShvKGm/us31csxZYayJ5sIHKhQxkAB7ybjS1ThMn0fA8d
QWUN61sLOK7epS2z3YUdo1B5g7sS24W1uf2gUUe70fkJp4ZGHM+ZoJh1tWKHCGni
ILkM8cZ31z203s0mt0es8N6XyjxPLLIO6MWG2DOtMKEYOwN/nWjXCqzekWAYp4CR
bjxe7JJUeC4nHFjpnxPo3GC6LbJduAoccZVHJD5ATCwzewtMixywVxoWD8Vkp/Xl
n77No6YvKxFLxvtGarJzT9psFn4DQL6tKkNZw00V0MKiHMFzY7nDj/ifzY/F1KZe
rRwUgdeNbXNPZH5CEpj9xtM/+GCM8K9/emb795kU1kmWDXbmMD4Ejq9o3/R8YsKo
V2Y4XqYyQ8Hrdc58Mq1fb9psFn4DQL6tKkNZw00V0MJ0QLx5pR7AXoSOydhuquQ+
pbaXwgRqdG0+pXclpkuKK+x6cPGk/fn83mtNHTn4okaooyVRlevrDxLldzyFJqA4
kNfQLVw0wokc6Kbbr8ygDVOW6+IEYf11ezH8qVXUrSIRdrvwV0s9Aaw3ZPo9/uFD
1Jw38/YhTKSE9O/bOH0mjx6jO/SwymlFEyCHkX3f8TWXsa3I5nZRCTiEonv2b1jq
JRDI3Ipw6ePYymctfTjRd2nQU5ufolgyHR5bGs9MdI/D8xrKKIFx15D9gj39l59r
EQ3hEJdBDiUWq5fXj6/xnYtQu0YEu9eFLPpN/k0hShe0JdgvZ+2e637BSnKPFTbj
64i/ksFmh2quoJjTYDOVGkMGinkjabyg5Wm4INsXZ/jSxkzh0DLZdyxzn57MIlco
1ZyWt6bHV1KtiTxIKO8kpI2FG4WRfEm3TGBTgjhE4EHpdkih0oES2rYZaTjXN8eI
0+WNOPA8ayphm6JT8JhIgpB42q+4bd+WclCiev+xNUjJ7SNA3vCSPqH0TJ/+5Tf7
M2Jdsd2QJebgCejWjgNBXlGVvFuJyNElUyD700HJ3h1sGfMW5ZxPCs8J60T35gAF
/+Gbki717SnZ7cxweL2zevwBpmZUpe6O2/eYVICqtmy9+mjBbawLH+aHpvL3GbL7
fTu1DqxzhSPKzWFuiqSbixSfXWtiBifYcuf6jakmqk8GsCb5GmGLs7s6JsTmQtUE
CdBCy0c3CBzbSF3DrNhIiz2ZLGO6Z7NzDqmbxI6lFnnPPNucmlV+S3jLPVbSr9Os
qsjt9bVh7TCPN9h5ZS4Y9vqAQPYBgkaPVGXnX44egUS43zdq2Ki6YCgqzMWW5XRr
dlPCEbebVXVDb4fIv4knDulfFIccrd6qWWjFBoJWikmljUxx4E1gZQQh/kYZ5u9q
f/6H8I6K74hpM1wgp54I2znkRHS9V5N1q6eRNDj5V2zifEhyJQmhcOsY0lEdtOCP
n96XsKqAKzMXvYzk1Ddr5EOiZ2deiLJsn7NdHhpf0ARknBaFyai5xP+k6Ig9wWtY
CAjDQZXC50EBLZgapnM5IZ6ff0w00afcDZuDWQAzfzyfQlOnzLKBXX5puXdpkXHO
lvrDccyxLRlRDuznSud7uHNqBvmSvwWhZC2eECXOBLszWWvG0d1V1bks3ZA9D8ye
pvdfnBRGh7liXuXFReX5Nn9wMlANLN/wnpKIsGFZLvcnt2Sks+vkC6KiyKNLKBwm
3hXTC556dSl5G23vv6NtjYl4lMABxbDyLefYfx7GOnN0EJyrHKMTIYUvdNMLp+MV
s965ZaHXlyUAVCm0muvQfIa5L8+rYsoB9XH7mfzY3MLh0rLOFcT8owtY5vDPWW0c
K+23CWTE8o6cst4ujdMkUedMEyIl2Bs9wCujRaCBOO1QeBo/aGWi0hRP4PLonww0
Mzht8WfBYubt7D/wNqTb9UQASn9M6iSmqd9rC2ocd9M/OL6EuK5aknsqF3RDU5DB
Lz0/wNoJk7VqWJUau+HkrRcHMfNHDw/5ALfk7EKnxCIexcN8qs+xvQMykJu29oEu
qGPka3ZxRnntZxobgwKU33B03rfALA8csMpsmVx0QF3dzJSL6D66kHHhF9OiCCq8
77DbYDrRiO3U5VapKdDOLTAD33BzgAEukdeJAvp0Y/e6cyqVsxLA5ColkSjwdAPX
FGQIVUatMj8LmMmW538fkkQ+9Mej6OiWH7z3hCCJu5TQKIX2qNf7Qz2/aSyVEAyK
U5br4gRh/XV7MfypVdStIrojPB5bPPLFQHKu6pjANGnRtBhv/4ZtObH+3eeJ58Ap
23p9OGY0XwtrQ/UBodVYzwQpCssFQx30JvdiGOJqi7ee0JTzDQqzo3f5w2Q25wjr
1uttEMgXoE064qAGC1DOYgfI1vPdX3zlGLjb31/HhtDsSfJHZYADu7baT61xs+lw
nYm3eaVTnCn4TRt0Tkm2S5MAlEteuHMTcvqGADzRJzJkKtr5ccd84Uq5IdFfbedq
ST+ec8HXCFbXldUTM36Q5uxscjm4QgEgT7u2nKed+x2MiVXSgWAKo01YZQ7QIygI
YlADuq6umYrqB3d4gDkgz9dapurDxAMvJ8gCbHqPszgOssbLe9yNzx+Ckhe6QZUx
qDpGof82pvtFjBaEnvetzehhsQn1btzqUk84GstEctKsYvV6q6XZVzIDTn8X7dUI
tCuufFgDa4d6f/AhXrvPXUXZGvvaOCPJSBno+5SEQ3ty2+oopTQDtwhm84PEhzAB
sO1wBy518UHrkaz24RFMm6AbUET9Em30Sa6EtLlqAZ6OAQfsLw4oY5mf05wcXlDJ
/ChDpxECDvR96rvkdagsG6sBbkMywvh2zTBK/x60zYprNvzmc82NCgptYMTZMAyF
qDNILEEnlHLYnyYdHjUVETkx5EbBT0MGnJOmzk5pkPdt/q36VIZoBU5CE/LVKUvl
tJYh1u0ei4S4kwU/1ysLOc8Ga+RhT3wPnkkNgewhX+TEWV7gs0+QrFUjDCvbwa9P
WedHu9cQ3ZFs2d+XM4yXML/dMk5o4X9pMuQUbVDTZlaFEUsIYVn0hH7jhdr6ZJCs
Qvg+MAjJ1me+1+Vl45eybMHfp9ABhy2gLzZhaQfWdGfkRNphEdU0y/V7x9wm3EIW
/ZzDHtcttNDLK5mm/i2l+gWRF8Thj5yvby3J2kNMWcuSAk1XX0EJLK6RukACJNyz
yLoygSymSbNLFo3VNiEFEgxzQero8SkqfxSBHVwjgsuTyT+f9vVvrcTCwih4UFbE
CIwPQMCgdanBRt1pFSkJvRl31GMTP9i/owebpkcKkzaYPdWO53e5DVgcdWQBQuaY
gixifflr2bubGh7YzKOjVrLXLne1s7MYV9TGuje3x1+AUo6fuNqMmKvpWA8dJn1d
kPb44t/GeD16yPbCYm0s3H0fzcJ59XrrzuqA5N5e5RSEZ9GnJSuAcqBlqAE2DrXa
IO2k4fjySmYFvjSgr5GCP88Ga+RhT3wPnkkNgewhX+TEWV7gs0+QrFUjDCvbwa9P
YmLXnyhXhDgFGU/l9vCg91B4BNg9ItNICEZW9PagHK3W620QyBegTTrioAYLUM5i
MHQxdMavKJKoBbeQlYNtBFRAYrr6Lh8/VENPJ0ai5mvuaNi2nYdXEa98x87peJHK
vSvH2zh+JIV622N95pzA8Xt3haPPHnt//gTC/TlWYAyN7cXB6ZieSAemaq6maMX2
cFm4cFSN1MPY2KK65n5bS2vf3Qs4h2egArrfuIg4eOz7dwHXwmg2cWapDH4dLVAQ
cf5VLMXqVUaTSdomekEJle1J5X5kypT1TE0G9bW2ffZk09Q1XycttMRpvyUm7cSu
v7fsQHyzHa7aM1VyxpCbiTnxsldLjgb/OC5+8/3wtvsl3Qc+cVwfCCrdyzHhK/N5
5Dg7NaXwkSBSX7uW/wHEjiGtW2Ak/52KKrZSotbx55luJeNBW+TVxTnbozlKGPox
Tsm2fBudkxkCpKgVzFzi0pN/TucJSW/UhnuBGzy3DP9ipyXLGM+FEjsNj63tNeAW
cqP29JA2HFgT4SSz7Hh8f1jYXcdanwLo5bc8UHMB2w47fUohIwOdrOZed6Bby5tB
V+MjSDqPrzRCVG48VzW4ayxYfa4zRCmyZ2n1XXJwUJEoySJQIc8GNKUBwB/7mFWK
rscRhC8EyA0EUk9sbCCUyBd3DtAX7ZEkbO7dzgdVQqY9PEDBVBVJmi+h2tY43TXB
cOyDB6LY0bPf4Z0qb9DPZhp8EWQsbZOcCXxX7iw2ua+wvBHaw1OehzgWD83SeP5P
4vz4cQwfa9Lx9v9Q1+qzs0qYWDF73CiBBGHh6wVyJ785Fp3LfDtAjq6muxeJ2CuF
+9k+JdkopxmYP9OejdfnVMiwgusT2jkQJXULSWlPBv46Q53VLLq0mLDKz1UL3qou
5gzQNWCekOXI9xQCgcSJkteL3Y3DvF66QRE6NnHU/cUFkRfE4Y+cr28tydpDTFnL
Cyq3cQmzaS2/1jT5GHA6TEVtR/DvJYwqVC/drPp4ukTFRUitCM+RAFLEIyKhCJhQ
alBOvBfr1WAnbto2SYua3hXcbAf94wlaJuB96Ud+8sY99LRe+vzOd91I9gh8DMqm
B0QQUxbECLNTixz4ZiLfX/oc0WZ7RgR6iVzQjc81dgNZ24VD6QY5gF6+rzGAd/kq
KMfd1Uv5enp90We4lDZsbJgm7INEkTwOnAHquOaSE2ASANOoKOF989X+WzhvwrNn
IkYftMfbwNM2eh3ZLXjuiDsM+iQaz2VwNYGTfGPdxw/wlcH3Jf1Jurgk6b/4ryDg
w5tysgv84BH6M1mgPlLhCEU5oGiR5PYCidB0pAkUC7YBPnZ/dXR/4pSxy73gooQt
siWT2gqbjJs/Q0rw4n/lFM8CgI7VzFoCw00LGgUEYMdqq1IVcV1+zmGop4TL89wQ
ysfa8esYjCsZ1a21TCdr4dSGzrTGG3bwGcD+tShqUtTq1cBIxBLV3M3L4Itajpvi
/Qbs/v1Bn3WkVQ0zD9A4rlGJQNFU3SWD6PJ3UNrSC5fFOlbZqny2qi3VCOQeVWQZ
y5Qx8FQLGhOl207RaMDGDh8FGcAvGgkMwNtnxCoH+FwU6fkXMZDpLQzOgINS8J0V
YI9M/HYwdkGSHLryLjxECYzB2PrlpO9PlWq8dy8DFnpcLGjDEWWzb+3gvej8e+hD
d3Tba2kdKTod+/gIpeEpl+OFNoF8o2Ds8IP7BXNgYPggYf2KLYRMkC9IIupQjJG8
eYkVswSrPSJiuD0KU3y5f0Muz7yiGbskpYK1eNFIKQvVmAequ+Y6nblwD8y6HHyG
KGKldqIZclHL52XUcN3YxEESUC1ZqbXjNEWuxI314SfOsvm7ESJeZMWy/SJtBpBy
J669tx7P7KormjrndDXQK+YefpJ3+I506kyeGxJ4f5F3qQvRHhAAq/Yk5FT5jq3k
qvgspHwCKpyfs6TjZsLlU8iQMOfhua63LhAwD2Rpsg4cXr+4I00T0qK0chSMcWGi
YBg9BZ0tBi+vB1VW5G4ivsh2SR4UQ1gUzgfm7DhKQhuCh9TerZuXKEOqxeg/aG8L
vhAeui7CZUfaffclTtyqcCh8sgPSeOe7DU5K+BA+/Rqz82FWrQP+S51+C0LE5CnP
nR19Rx7Uvi8pFnGUpuMvV/YLnyLSV+tfnMBvxnEMmRF3bwyBUXbmAF97+5ZD+7uU
2LUoXC9qaQEmZth1ao1z1cijzwLxtjBUZRVFHb/geZ0A1B2GkexGGMlioL41uwbS
YyH76f98wP5zKKPZ+7dV5/YLnyLSV+tfnMBvxnEMmRGfxHDGfQFLSQ6Ri8daqAj+
1Qq6EpKiMUyQjsW14YfRIheiwl5pZFGoAwYfrr1aB2irp3UKCEUMWs590Pcvck5K
3XeN2GSSEx/tuwCU9pRAKhpmBn8UztHJcKTIeigJ+I00Dha4Jy7raUhp9qWW2+kp
w3c06/LiMB57DVOtjcgl2Q32jvD5LhOD5NlSHnNR/1tmr+g5uHxgsCfDcD5hws0e
iwaCJ7MSaM+9Udwb65aIJHR6T56TSz6UJCMHWbCtr4Rb8H1DE7u7rk4w3viBW1ZJ
qvgspHwCKpyfs6TjZsLlU+0IX8bgDL9tKJqj/ctMRdC/3TJOaOF/aTLkFG1Q02ZW
M7VZ1xEROGNU7dCjhBFvAch2SR4UQ1gUzgfm7DhKQhuCh9TerZuXKEOqxeg/aG8L
ESXBiIVgkU3Ggm28vUuD0gTdMR6fcJkPCOJO2lvSoL8a0S64ym8Hw1kTroGkmDrL
BC47OO57tQimBhNKv0Zhj5VeGE7pgB4RuBZMfsl7Lnm/2RgG/bxn+XgYNEsabUWv
+7J7XNZRP66mlvQhTu7svC/5eIgOrQj79LaKxWpA7rvpe4gfgUxS0F30N+jFukTy
A7vFakDi2zp+pY9ZhEcr2lggitsWekQI0v9yhUQ6vuey7DwfbUCimI6Ooa8LLB2S
S3cstRPCUA57Px1OfToMByQ1XLH5YfklxyPrbaTUKZxCMcz9UazSZLCk58VG3jxG
yadCGBDfrATEMWzTFmzNlZQRGEO66CfgRsBfLxHgV27mor+HuVuKvl0Bu65daS2X
UgM2AFQHJZ/Pgvz30JjJrM3p8ESPxQnwZzAyta/mnzoEF/A7s1uR0GWPKINnDDQR
vqzwf9Rm78TRWru3krKCkoFZEM7AmMEXuOci/0HPOagslwjOpF0Zsq8DYwGBCsGw
2Ghy7ps97lGxja01TpzqITNSsS+5hJjJ4lXbcpeddkPhkWkZJxU4K/b4hhT2Wge1
1WQiTEa8E7abPTL0h7WI2KADRbu0C5NErGUd1Ci5sQ7bIUyByZIDKa8bWBllwFdo
wmRMWv2dKx1hzfXyX6CiqtrlFARjiC122QjV4Q0yyo05c7kKTZK+2wxSdp6OCjve
7wEZhNdi5ckwEsuDTLwJ5GzK9HMjnxV0GQk62qFjWRzjVHCR6w8DlhBSR3gTrPqF
kfyYi4uBf5FBNM2ZU6T+QOrRvYrXW7W1hby2pMoHCkPv65Cl722eej6j5Sfmd9E1
TBULavvJB+7KepnBMwPcIrvYdzy+0yTSAD/ioxhoTZ73nJR6BOO4jaGFsD61Agxi
145Zqc0kHCXTYqzp89Eyqo8K2NmR0/FFq33OnNCQItdFCstimqrIIYH/TK+QDo45
CqVCKrjLeD8eKwwLu81hbu2kyJZcP3oBZeQO1+P26PaoM0gsQSeUctifJh0eNRUR
GwXIrRE+R9S5+YLMhBz4jXgcSKPYQ5MZyiwIqqWiaoHFwppSYkxqApufct4lJohf
RnbhHCPbmdksMXxt9dFqrxGszs/JtC0tOQ19ilI3MO8mLQ/fJ/uiyVJetMBrkOAw
R8GTc0rEnUoCkn/5g85vh3O8qt4qUOj36+NC9N+y+0tPGdEWpszQy094Dd27zmvG
oxHzwj+iTLayeJHWr84T1soZ6mOa34hYfWmWC6zAl5GU9peHm7/IUPwgG87F4Obz
Ur05rZ0kIunRIpIRZsnLgaW0gOGnFMRUJ/r69XgBEL71cwFkIk3b/vK5NN/z15iq
uJbL4wECYRi2DVO2lCOhwd4X4lSo0haPF2MmBjUS6TNmdCVHhR4UWZugJXUNGtwe
bxZI8dHZn6hq+jIwa2l/yWZTppdyxbWNOGm3b4kHoz96RoNXbMEzHS4f6ewNAZ05
dtZ1TyHGavQH1mupTZJEbf0K7wGjHZ8/fPmMDb4rNT7mdY5TR2utfeuXOP4tARiv
jGAlRQyB52oLXzUAlW0ecTpDndUsurSYsMrPVQveqi7EpRei7fNCcTmeW9PvtkTm
Ur05rZ0kIunRIpIRZsnLgd7Dv9z0M2TqFqgABcv7Tt4nP8WRDGwfbh8XsDSeLuO9
U+mRdnRZgBBUBOJrA07uot4X4lSo0haPF2MmBjUS6TNEDvLgoPGlLC1m5Bb5A50w
KsIWV9ZA+rdH7sHrY1AzKakDcHOkqEqIgPEE4x+7QpJCWacnPvaUQJ8mvy1HoY4a
txH1I4ecuFIilO3b9FI0HonhnzhnOAQZJLCbGZd8k+XtnQm+LpkDJFrO3q9fMgZ4
0RNyGOGqX2Eu0+c+kTiw6tcdJfZPJSmvsXFq64jSeVzY22MPHHmXhN0lhcad5knq
BvK0A8Mh5YBNKuJjdIypQjnkRHS9V5N1q6eRNDj5V2zifEhyJQmhcOsY0lEdtOCP
aPTrZK51OzJS6gE0/FxXiPu1xCiQ5wZBdwT24FQsdPvrLE1Mr6Jfx7Le/CECRMcK
KX1OK4xNHRIRE2U9SVSZsNl06hQD0nzsFXhJwAyyxfOLyilxBW9gDVLU5ol/oVxw
B05H/1pzZi2+nbqhh97y3GE+qBP/E1j8lLa/7O/xogmO2eL+pyCWG+RKWhZd/nm4
m+UigN0E+KWF3NqiAWCk6U7TUN4MeKNvs99UtMJd/g6gM9b8TONub1A4igx/jNQ2
1B7c900rFMKP92jwBxd2QVqO30tIT8YmifWyPzawO1tISIgyrSFUtlJF/A7KgEEp
VTu3x6N9aXhNvgvJChjhiuSnDJOP4DLRyPDwxmMkHi8CvIdmoZ5MaVQwPUWhY3D1
jTloNFZvl+odJTPnJP6KH+ekkyuJMTd7FHgdRKbj6NOXqUdhVLOPSqxP8f8k97xr
KmJ/N4h5vZTTye7XDEmaYIRn0aclK4ByoGWoATYOtdrSxkzh0DLZdyxzn57MIlco
QZIh8mipX3VrWOvY7Pp1B2JodoKWIFU3oUPFS/ookpxvAd6ba16ck30s5O0Qg/kp
VjxCmPX/BKErNQUsndtP7EZBhrpRR0IlVnOhiLoJT0qJLdSQicgT+5AoeVsvz6Th
w5tysgv84BH6M1mgPlLhCDtZ0M5/JGENqXwQWIwl6l5r5cocr5lvrU0ESW9VhKqC
hR/o+IoahUU2oHlhLrI5tNOgZVtQAqKmwZ0V4xuWdbOEZ9GnJSuAcqBlqAE2DrXa
ujbK7/q7exeeqTQAoFpyVhSV8/C9bcYR9jzQDDNcca4tA3aYdRo47Ol0AihKP9Qz
Q4rLZ/FY5g8UUdLfBQc29qpy0LhOutuIewFuf3IjfbHOVc86ppNiXl1wtJ0nYb4n
NSc1zjlOs+qASYyjCKVDlt1i5u5/zT9WuAk7LVLJEPzk/v4H0yK2Bf3if92I3HxV
o9gHb3ZTZpd0BoaI9nBrSDi9kMmWvxuQRqjnByQRo7pn6i3rGE3cnjRmwv7Vkk0L
kwNdhILFkcKdhRDIJZTH586WY6ndgUxH0RdjgybF4Q4zGuJKwZE2XfOzASv0EIPO
uiSqmSpHAlhwk6WTE3wXrNfBR1NMBTyXuvxR3f4eJMMCwCwJKrkgTo2gi45fV8v5
eqVsl1QL+AbgLkC6khb89GY/+UPfc4aKLofuKh58h35dAFt3sOfg53M00Xmrwiic
MO+rJgp2Vk7s7UYK7bIE23rv6xNq75lpdsZ01bC+7IH07kZjOiras2zayvSkAdOl
tjoxIvOar7pydfigeBIz2EN6f1h/Zna2VuM/+imHAZuENGnx5dBbAjsSG0uKbPO7
mQIZ/xZg3yT+oybW7Y93wT+/w2DlAmAD2oY64iF5yV50RgZpOolM02EEywR2Xc3G
ajGhIaaEIOnox5G5m4+9qu2YrQxpt28WQxcH5c+P/99Bah+hBdNQn3Jpzp49CMBu
jC6MwqQfbJ6HRG1+6cWVh5niiPPVrMRJfI7Ap5Ou1ucddRrZ0wy1b43KxXOcL+bZ
hR/o+IoahUU2oHlhLrI5tKRBzDrXr3LdVN45lGkda20Un11rYgYn2HLn+o2pJqpP
X7pryJAAytRQNmMe7PY5sObmlNwWagp5ns16aaE72pEG7EY7fKbfa9o8OfS6ivxP
jC65y3JmnxmNnEhNV2r0ZR0oNCAy1HPEbibzwRq15xNr390LOIdnoAK637iIOHjs
50wTIiXYGz3AK6NFoIE47USR876USqbUfWPWSAuqeCEROOm2K+CBB9pSpk1h/cR6
WDQvzhF5Yl9hzrSQZ8QknS9WfG7U0kiSR8fzCltIhSPmmbLm6pqW6KicUWPClBYx
QMe17/huq91tAEEVjCikkg5Qb427QvFJHS1QR+2A8fCDipSzYjOVCp52QOovLkTm
tqQlZGy8MD62LM38LFLHRZLq0vZLNiZWUWp2toC+KkLGPnNypyH8PoT2gToQwGiM
pwJYoLSaW1pWBm4jX0S15tsjnr/mytSBKO8iPg3WxxOBlA84KPl40J9SecimUThn
v6sSpDFw9RxYr8dsyPil59hk9FQpaaq04Uqi9NGc0HTj+nBu9ygY5e0D9Uj6IUYh
NmjbmNglrzuH1k6tGV+DC9igJE30MNNYJ1CBB8VcEgPpU1jWjqaSmhobsi/ePlLE
ejvPLh0ICtSXYLiv6E0FV4Jwq2XrLhJbAHcJ7pwbcBIFJO4oC2E6NVkA2oZNBj6f
fo6vesqcorhisfi5Psmrj5NGst97idRq98zFX0feXzA5n2ZTc7uvgi8MVzy1ZVwL
qLu+xRrUv5HyucFp9/+Ead2bVBK1RdLMgT21rZ33Xuw4qGL10UGBmtOetwoYsLXa
iL2E4WU6x5BpJxoM+jWVauhOBy5NdY+LUjdl/Ry9FStTW6SMbHEcT6plowih1Nry
TA05pfbr/5KCyH52HJltTT3r3uBNQssqMs1UkOvem1hyTb/5Jz/Y1Di5o5Kb0dJz
Sn/2fyzGXt+H1y4qeAKKxueC5vSvoWSPL4xcAXj7AmXnTBMiJdgbPcAro0WggTjt
RJHzvpRKptR9Y9ZIC6p4IRE46bYr4IEH2lKmTWH9xHpYNC/OEXliX2HOtJBnxCSd
ERMnxpEDPoFz+3EkADH2GeaZsubqmpboqJxRY8KUFjFAx7Xv+G6r3W0AQRWMKKSS
DlBvjbtC8UkdLVBH7YDx8JnX1C8rxZbUVIWtVyLh9OL7hzVcNy/cfltQ5yxVssff
AsAsCSq5IE6NoIuOX1fL+a8U6cYa+udW6jEg+GIWxQiSTI1URQy1gaVDmsRndV3W
XQBbd7Dn4OdzNNF5q8IonO8/qE9NeUjEfGjxFLj81nR67+sTau+ZaXbGdNWwvuyB
9O5GYzoq2rNs2sr0pAHTpVlUz+qv6eecL6Izv19BUtxDen9Yf2Z2tlbjP/ophwGb
hDRp8eXQWwI7EhtLimzzu5kCGf8WYN8k/qMm1u2Pd8E/v8Ng5QJgA9qGOuIhecle
dEYGaTqJTNNhBMsEdl3NxvpvwqlmLzb1tWDPjCj2igztmK0MabdvFkMXB+XPj//f
QWofoQXTUJ9yac6ePQjAbowujMKkH2yeh0RtfunFlYeS6bYTFbYSu84h3R3XTdnh
antOnebBIlVtQsiYq0P4DpLpthMVthK7ziHdHddN2eGWi/XHUAgdaMpWnP/B2cAb
k+BBqYBtw8nudau0ftOsHLxDwr95BW85rFvvSkXQsPpjIA+xjWbHj5vb8MqeS8h9
eI+U/aqK1L28sZgagsI0aiSgczkQho/IlJgxDeMwllXaRWYoX0O9QQxuClB0snbu
VMgzJMN5cEGjjAwsfGuZhrD6gCcBDjIgIU6KQWkodxNMXcy1/iD+0TobfGwoXzFL
jtni/qcglhvkSloWXf55uJvlIoDdBPilhdzaogFgpOlO01DeDHijb7PfVLTCXf4O
g4Su36FAD5qN2b9qJOdz0YFt64vL9XSxVIm0fwe03CNajt9LSE/GJon1sj82sDtb
SEiIMq0hVLZSRfwOyoBBKVU7t8ejfWl4Tb4LyQoY4Yohd1G25c84JteWKi6FGW/U
AryHZqGeTGlUMD1FoWNw9Wee+f4bfDmazD7ws0a/VcCi9W5NxsAKioqj26C5LqYV
l6lHYVSzj0qsT/H/JPe8a2fREmFjBjzuHwVA00LLwrWMt5Z1BZrQv/C4BwT6YVzn
0sZM4dAy2Xcsc5+ezCJXKCo1u/9vk8S15i18rPtmqKf9TSbUJF3k3LS0KSrE00v+
zH7PWZS7ARyow953JwY7KSkKWvBVrge5PKDQ51++8zxUwAZwmuTXs5fbInQlSyqk
4MZ4X8XTiET0RNz3VF029uTBSGgWqu/L0v0mxYCz7wBYjFBcjW2mwQhCoZ+xLT5V
yKKjl73d64cqSHDMv2OLevOYYQXIIVw83mozhcQL6ygQki8NmexV0U1ewXtpD7um
JkUncgtikcjYsn88bhQqF1hWZUCgR+ev77NqVXAb7Sl41xN2O6mSR2SqHBRUIlz1
wHratq3j9etX75vJEQBt5fK6fiYYh4hddtalvqPayubCZvllknnCe9ijttE2Mr5Q
VQEo2BhXrTEcxaRZcjhIFPRyeBYyVQ6M5AmkiP+W3yNJ0RAifE7c5zkXoopG0xOh
VIqiwoDrLkAm7FaoX4iuMrAs/4T5iAL/RD/aL5EtKM7nTBMiJdgbPcAro0WggTjt
RJHzvpRKptR9Y9ZIC6p4IRE46bYr4IEH2lKmTWH9xHpYNC/OEXliX2HOtJBnxCSd
5hHczQ1eO5gnXtHYA2a4pOaZsubqmpboqJxRY8KUFjFAx7Xv+G6r3W0AQRWMKKSS
DlBvjbtC8UkdLVBH7YDx8EAkJG3z3oYfg++qIefE3N30EyvMdVCb5vqaWn2j/kA/
4jbFXZ1RpA6gtaZtScqguPGrIvK0jHdS6JZIandC30hq2CX89JRDQdUxur4M4e+f
H1kIpojzFBfqTqfllkgOgN1O5zkF357slZFf8nvWwIBePZUZsfb2VsFMJLm79AGP
DVE6iRNr+jaBjsZ348zlbLbwUgKHTRahHXx/s+t7HJrmFKxI1ge61tTEmuiQFc4Y
26xtKE9r/8PcHEUIY21uKCshbtDD6zKsdIf9SUWuebl3CmgSEOBzEyxwEYYY97uT
JkBPeMocaMxBY0XLgeasX7vhGXe/KhdAAWOac+v0FsxJtjtHq3CKTMTHc9qkT9Gp
bFl9irNKR2vXE8lHjSWn4z4wqfic2HBOANxBI7MC5Uk3FBu825/Uet54TlvzqcTY
U3JQal/TV1S6zKfZW7tFRC8yn/4hYC5i6StScDcVg/wjNbVvFKz9C19HYn1ZB5ap
waHmefjbCwWmQv4KbbLjpuCTm1c/pq6yKlNYFFM/BA5TW6SMbHEcT6plowih1Nry
TA05pfbr/5KCyH52HJltTT3r3uBNQssqMs1UkOvem1gk3RiMnpDqmvKVnbJSMOQK
xFPb425Ce5a6w27jouB3nnTwQnxTTuZpor4GOBclluxU9JpgwDbxvsR6VSVgtHNj
alZ4EGntJ0t+GHwpVdyPvQrK6G8nxRKZf8Xlf2l2Wl4WvIVgaNZ+dMB8n0PA8qrf
PowD0mn1tIRT8tkiHy0CEw15tZfJO38ryOB0i5jLeQ+qsaneTkLF9fhVjQua4cKy
VD2a7D9LBaD7fVHYZs7qsBNtpWr5LD44w+JYR7d6gr1kH/Yx8Sk0RWFo2juF+Krk
qze8ZZ8R81ipR9+MCeA19vQzYbNkmH67mt3sy7wWNvyqJoJf1JQHXSg/CRsUhCVd
Y3O8MnjXHHUIHjvg4ZW7urWgza9SgId4drgwmvz4fNJK5JOr2HvF3wLaOYRcMHXA
wy2Y+4txbvQpYdWK+/NcwEbeBFSzDOwLJecTM+cb9QERYHzN+bLaYZ5lqUbXYdLW
4oQA6Ucogd404eSunw9ISZlCx3ajWbwH+1TOAhJi8l5e093+BTkRUZ1w99KU0VCe
fsJT9akPfucMYLYkZuFo405TLdzpDhmu46dfhDwIICLDTjn1S80qLMKu+Qp0eMw/
ntCGO2gY9mhptTs/eNod97pNfCpy+NsCKp271MzpS4t0s2nMcqmEzebOpBJOAY2Y
56STK4kxN3sUeB1EpuPo008yLnSgAGB/ktqKQPbrgiTdJ3ESuYCvsQuiLD3mjIVf
UHgE2D0i00gIRlb09qAcrVuTJCD1yL2H5Z+YsTxUgc5E87pI52nMYuW2jrN+pQyo
VLI084lDcrtM8gFvC+nb9pb3SEtaZoypUYTD7N+PghzVrLfi0cG6kZJRb5SDNg5U
kzk4mMDTdl3aykRUqEjJoDO6Dhy/x7OnVNbvPFWquDE+dbXDGry+dvqs4h/1ci+q
XndkJS72NV7MRB78XOhoCYPPPK4u/rux5Fyfqe9dG4zXscEgunx52pcvhLq0ppXr
4/pwbvcoGOXtA/VI+iFGIflfot3OnmUmrkGDp2n5X8+9ZXfJqMCVIp8NRkV7b7fD
LfzrRibwZxFaHgB08MFlRc3pbjCDn/wg7Gi0li5a5y/jTj9PqKMrhcQ8BY+1QLZm
WBtoOGzlJzYDN0v2b+KbhhXw05rW1tZst5Q6ldWWPFLEOOT7E1nIl58IEiEyx/K+
JTy52FToSvHdTHtboZWHUmXTcgIfd9Oh/8IUhBbzVzeJ2rTIWPrzo9OEQL3F5iKX
msi44/zAp075Yz51vswG2nYG2C3ht5B6bIOl5ybRBLRPN53bV0ENq+lzkc5pgLQq
qDNILEEnlHLYnyYdHjUVEXaHAoHM5gE/rEBl2NrILmd4HEij2EOTGcosCKqlomqB
uUMTuHEv055WvaPvG41m07KPdJkbMCcB5kt28SNvjsJCjZZE0VRTxy5ELRrjCDfu
1fJ6JOdgaA2tpmv0nxgxBUfBk3NKxJ1KApJ/+YPOb4dzvKreKlDo9+vjQvTfsvtL
TxnRFqbM0MtPeA3du85rxqMR88I/oky2sniR1q/OE9Y/F7h/pgbkska0Mi5gvN1n
67I9Su/R/C34tNCszryU1t9H28XnDFMj83BwmqoRWlKI7YzK1dQ65Q1ON2WSGdcZ
6mLg13NMRWxxe/ea4gwyHN+tT8R6aeGFBxmlOguy6YyxyUQL38m+hQFxc/waYdIp
m6u9qrUb9Eq98MgmVe9CxIWADU0URh8PfxXoGdpfYf/fR9vF5wxTI/NwcJqqEVpS
As0yj7u1UGWaoVulJn3J7H4bLpSUaYUThfqMCqRpwE1R19Uu7OP0xWSbH/wocbLR
sclEC9/JvoUBcXP8GmHSKTxYAmUAiSlcuNXwXgXUlR/VmAequ+Y6nblwD8y6HHyG
lCcpscQeFb+Vog4J6sYGazIzvQBf2ZmH4xuobVPT7c/Y+z/7BAWFFVDl0ScPRfum
3G+Nt/8ipafjqm1r+jrNUQ25PB8/qR2oU6zLVK67dHA97B2vnnBKDi1FSyziERxD
1x0l9k8lKa+xcWrriNJ5XGr+IRd5vbkUpfUSxdrulRcD2RvKsbz5vpASJTP9sLpE
jD1xiEs7oy3OiKOX8ICvCVwsaMMRZbNv7eC96Px76EMnouGXOVZCvEajiv7mevUX
4LxTIIDagyuCtlPB0nZbq0XoeTzJAq3JW5tycjTuwN8fQxEcUPCw0IPFpGsHeAG5
30fbxecMUyPzcHCaqhFaUt3MlIvoPrqQceEX06IIKrzvsNtgOtGI7dTlVqkp0M4t
MAPfcHOAAS6R14kC+nRj90FSP+233FG2iHu1jKy9DNJZhDF4cEgLKsMpJLxecbNw
ObepWAJnqpi6DVYV+FEBP5G9HXRrLdcOFQpD26N+S+Ozy2eDdSaqEoCIbGy6kTMT
lvrDccyxLRlRDuznSud7uHNqBvmSvwWhZC2eECXOBLszWWvG0d1V1bks3ZA9D8ye
CRmmQ5tO5UZePFfryQ4SsrwP4Rwez59h9GCsKMptLrzp+wWTYZHilKZofocHn460
sO1wBy518UHrkaz24RFMm6AbUET9Em30Sa6EtLlqAZ6OAQfsLw4oY5mf05wcXlDJ
sysKe4SL1NdD0clUi9SFGJbkOudaxfB5ly4+QGLuXbHJCxwC+TcHEmD0GV8pLl6w
oANFu7QLk0SsZR3UKLmxDqQDlPgBsExK5yrZpyXJBRq6IzweWzzyxUByruqYwDRp
0bQYb/+GbTmx/t3niefAKdt6fThmNF8La0P1AaHVWM8gT25h1vOF19BCq8+Iy1SW
Ws2D8k7N+P3NXEil3qB5umTy8YmFSYNBlcS2T2nnpsStga3jWm0HMYc73ce53LdM
ne/hRuJ8R47TY5WL/bH27popjLE/79ezlK4MczKPaBDZ48d1uzfEogO69/TK5AaV
VBWUR6NLrbV5sdEnY5oj0wssMmHDIYievtSVTjO3jQAKWUImVKTOWxNNsIH6TPfA
K5V7PCMLp1kphSbZpye54kCji2Yk9D6AeZpEzsq5OenTmjF6eCo+T3v9/DMEc+mH
o/lzqM/yFTvLw3pkwGunZaUuWZS1Irz2+1i8RpkNUR4NkKk4fnGHabxdGmRzu2Ek
LfzrRibwZxFaHgB08MFlRZgjft9KNfKsmzu9QUi1NR1sSLSj5GL7fQaUKqXcFVRS
nYm3eaVTnCn4TRt0Tkm2S5MAlEteuHMTcvqGADzRJzJkKtr5ccd84Uq5IdFfbedq
epTFLl5xHK+CWpTo+qVQyqXekzN3cPB8Vs7Bj0keCcoemBpXdq4DLakAWfLbOC7J
tuhpx4e2Y5Zwxc1SLmHZMjM4bfFnwWLm7ew/8Dak2/VEAEp/TOokpqnfawtqHHfT
Pzi+hLiuWpJ7Khd0Q1OQwS89P8DaCZO1aliVGrvh5K3rmA6Lffo/HXC+45FNGOsz
5urdWmJpLO7Jhk15H/BOvRjzg2zqbZufGX9lCV/mKrWAxFRNkvEiudQezAQCsvPC
wbfNDpB9oGNnncN7MS1HkZMkexkdPs9ByYR6AV5MTamENGnx5dBbAjsSG0uKbPO7
OeREdL1Xk3Wrp5E0OPlXbOJ8SHIlCaFw6xjSUR204I+f3pewqoArMxe9jOTUN2vk
QSqNu4NPBv6jcPU5/O/O4bKPdJkbMCcB5kt28SNvjsJCjZZE0VRTxy5ELRrjCDfu
1fJ6JOdgaA2tpmv0nxgxBUfBk3NKxJ1KApJ/+YPOb4dzvKreKlDo9+vjQvTfsvtL
TxnRFqbM0MtPeA3du85rxuNHNujFcPKcElk8DIVlVaJFak9N/7CeorCn1r8nay5d
INsoOiTH0Ut8MMYudtJ8n9VdqJTbSUWv6pkKEJ1IlrPlD0NwQziUAiqhILgOgOob
zzQWzdQkLBqInO+3tvmq+iHn2b67XAq5tzp6PsAaiLNsDalME84cXd5asobbvE2m
xm43dzSbh3VP0XXHj0FLH8siULlF/WzPJzhlZ72iLVYq2O+F1V1aV7bRnHA6Ti8x
K7vQQt/jwF6MHfu9GOqRvMW5yeB5pALAIsIDEGaoomCcLCEJdbwvtXkw+7KQWaSC
RxE2NKSavh4RumiC6AHn5ctP9HmSz5pWaRHCqEFcA/3mY90eDC0RcK39pD9vLJMj
gXBoHwCEHJDp329pLNGwi8rCbiTv4SK2F20iOiOxnzz1kAAvJY/p8O0VJ2fXBJH0
AIqyy2pOgmHsIHDLHpcec/M7onoCoDCUNfCVWEHyNbXB0Oxgvi/5uLggZCyFtbAK
nSaAw3BitNEt0BMJ+DftPK4uAveHJIYJgG75l/1wQz6+wCHYZQ2icd7RC5UtWjZ/
/IRwGLoPEiWI7BZUFySpg8Jnd288SWidfDCzT4R43U0Rir1bnkTuLqYpxRa3mhzo
oANFu7QLk0SsZR3UKLmxDsiio5e93euHKkhwzL9ji3pLpWbkh8itr10idf6MquIu
/by0haREA3/psX2ZziuzsDi5Xgg/vFFCRLb1SipIF2jx0y+pYq7OJCxWngO7jpo5
cMQCLca6jdODhffOPnidjpMuaT6n16yxJFjFRJEPKCI6qJOdWQfaVP77ERBktHPD
DiO+YWYpK4EjWTicMpV1cGdQGDTMP05qqLiyvrkSPImWklb4tlkaVfcGQX9lfUKJ
yKKjl73d64cqSHDMv2OLevBdQ96uNUUtdY49Vs1eEjOaiQC8wOnamHHhdFOdT9Fv
EIVk8Qqc+rXfWDwzAHB88ve8/Ypfdfp5ei8dnzhtnR7j+nBu9ygY5e0D9Uj6IUYh
zgxwqXAn70WXiBZxYCtxhgiKAJdI3XfaUjV9KNmFtyptbWkEqtWHn9NHhzngIxRe
qQ1veVXtdwTn+tI3F09EMxIagj49+EVzP6WcPt4ltuqdWIeT7Z9Ky2E437u71Ut7
A9RZF38X/cXa9Z+mdtFFLGMkm0kuLZk/zK1TGwD95KwwRKCSutSjJY9PBT2WyNlb
+byCsp1q6BwO/vtr9DVrp55ln7qhhs8n0SorSUwRRtXY3ugx4tUJN8DV92n2Xp4J
s87LbLGIKhPQlIx0fDudKzps6ykt2IoLnVDoXDZmbasOwStcK7iHTRJTHrHVKZOo
Aob+PwYNCAoYMq3n+lNdKwPUWRd/F/3F2vWfpnbRRSwbx6d7rMN6HCMxnlO0u6RK
D7mEXt93V/rD8TgNmdepmmMjXz2FFHVvGuTyTCv6SHMBlO/ohN9l3dA5Ng2HUL6y
fo6vesqcorhisfi5Psmrj5tYCHtIatcrM35OAYvTua1zAcmcaqolbL7wgz6cAm66
Exb/qsbT42eTq7ArNnnDk+5jUYNVeKU8HQxrCkt/pUwUZAhVRq0yPwuYyZbnfx+S
DM/OHKE3PjRWYsh7/Gcuy/mkm1jwGqO8Xb850UhAdy/nkeD+oIsCL0/0n/SLPLu6
wJubWMHM5KeN9mYbg1vS0JaN5HMQ/87NSgWfJHGudJMCDY55RWD5F5A5PsJTn6Ap
mWnyIEdyy1mQ3+drmTKxjk7IPPZhKqqFXHGA/ULce1K2g43G21/2KwIb/PeStSoA
ozzvWzcJ8slFFob4/C4ykUW1ie5zFJv7OqxPS8c03u8W0AoYSeDGpOag+MJ3iamv
gDJMkGY03NiB6o9gEi+Ttq+WXrrjbsGaIewFqqzrAY6dG8S9t9tY8DmWS5WJFAT2
4znlu8RQzOyi8fTPavgWCGgPngXJx9N9oXbQCnAfKMF8LQ2n1yFwXRz7zJxuexAV
GjjUpo5EFpeM5jcNsz9d8mKOSHmxlQb70p0kKfp86nQU4chQA1bRfmztSQewBsld
VivcdXqk9uShqC9dkWrmNHh2QfVxK1Ribua4glGkXEDb0FU3r8Wf3lBkkKApYxdt
s8dFncc9lijKNT3aY8GGAnOH9Mb1DJ/zyQvudFi4ybXFzzniTanMol8jfeuo4/gl
YCOE1ZFDGVR/5MG60hq4pQgtfgdM/UKRAXgxECWyOWhUh2O4KZFKAB5nS5wojbVa
a9hdPtd6305x3Zdzzy2qa7COwVKuroDnlqbEK48xK3sdAhYYOmF0w5RfbovTaizQ
sUTIe0uLz6gamxlxJ1AMbkm2O0ercIpMxMdz2qRP0alggzWhAEx5oneLsxEIFQem
6MMAGUWemGAvi5YBDBtnkRjq1hHOfjPfxHNjAVJLQpswZa+3PFWwKPbf7dMCPa6C
/nHqcqIlxUJfVYBlivX5e5oOHK5La1TqWnqSrzDMeOKIcYomijUlAbCKQcFbmWRB
B3ANfZ/awRJhOqQIQ1nS8U7j7efxj/r/3KabU0YcVgtsvNFVRoaDMLRAdKuhx5Bx
AJTkJ+rPXM2ftKSIZPleE7AAv5j+tBbh7y/N/4UIvztUd2vKr8iT99zgBK2wQV+w
CLNcPm6jSCwG5+bxnjpfxY7Z4v6nIJYb5EpaFl3+ebhWK9x1eqT25KGoL12RauY0
Dz2mz6ZoDeaDTTS+TKGRK60E6cMKI6CCrmM8AMyGNJOHJYQt/1UoLmKrmC9wCIdq
PuLWeSq50cU/WGo8GcaN8PXyLh4anMEvBrQdqGIwP5ZWc10MQ1bKT5m8RqUz0mNS
G8ene6zDehwjMZ5TtLukSg+5hF7fd1f6w/E4DZnXqZpbp0Xflixna1ZGEKS7Pryf
BSTuKAthOjVZANqGTQY+n36Or3rKnKK4YrH4uT7Jq4+bWAh7SGrXKzN+TgGL07mt
cwHJnGqqJWy+8IM+nAJuuhMW/6rG0+Nnk6uwKzZ5w5NNxs+Xq8qYfXnMZ6q90aDh
7dGWRljmnhtBSeWB0a2p7qBHv5oXapCWb5YrZUgMdcyQTj6uX21iwHzytHLQnM6d
jBK/zoldWlmMDSSMe9QFJuL2TUIC7+gFXwijE7n1l8WWjeRzEP/OzUoFnyRxrnST
S13GWjlF/ep2y+VluZCGKlXlCCsc2GXuFStoRU75FncHdtgzELuMPtux9E5nJX26
toONxttf9isCG/z3krUqAKM871s3CfLJRRaG+PwuMpFFtYnucxSb+zqsT0vHNN7v
2MndgunjipJN/f6LS1AruQdOR/9ac2Ytvp26oYfe8txhPqgT/xNY/JS2v+zv8aIJ
AqA2XRtCwKOXfWaUZUWw1ADAxXeTkJjD9Y/cmxDdqiZiO3FGsvWqBjW2B1aVf/vz
vt4spViRPkCjoqE0xBDLUaB4XdRzDkdVGDvWSrgwoD9qK+/tcR+M6iUOXtBNwRGg
3ycxk/jwQSXywNFFJe0XyWcAcyXNkuYWEuSLw1uJ4Q6sdebuGgH+B7U6JIxuJuFH
1oLKkm54L9dNNwQXeZLySPoQQdWHankD1DOgIiVJ3GgxW5OXM7LHf/LMt2ppZr6V
YPWjeAtGf7iIymhtDgVNlYOC2zzAQmjX6inezjykS/5RcNt0/sVQztnjljd/O15A
U2+bl9rS0swn6mjmCeXft99H9mRsZYwbJKtQ1FfYYnyL8A3n6W36UiiI/433h7Cv
bxJg+4qZPNS4IaKZiOA/KM0j0ormtMr97EbTXbSVnFg5tMX1bKkpftpBVKpYpAy+
aK4sRW9aaCNMjc1HYS/uFcbr5c58kCX4RbJNr3uDid8LSJ5K2eIaEFmtahWGc5aF
1kOduhPoJ7svuHKE8ggfNH7rVoBAb2J8vLpjHY6h6A3deuM0A0bjJtKP0Iw9jHy0
R1GgUhppKXAAvReK2CVXB7rHBNchietWuySFNH+RQVE4vZDJlr8bkEao5wckEaO6
vgigN8tlEhxmwyYdEXLSswSUSTygbYsd1X+fclVWdJUXKqu2JwTjIMKtcDRlrtI/
lwQTxLwGK1XMVIJ1CTQjREWyTFx5i4rAIWm+wURY7XNW/g+Ul9ZgTMN+c+5CRb2s
U2+bl9rS0swn6mjmCeXft99H9mRsZYwbJKtQ1FfYYnyL8A3n6W36UiiI/433h7Cv
e14UFywYINvi5lLk+3125s0j0ormtMr97EbTXbSVnFg5tMX1bKkpftpBVKpYpAy+
aK4sRW9aaCNMjc1HYS/uFZanqxSHT4c4u7KZOjBHA3cbectU6uh4nJ+FQJ7mT66o
duA+5ZR9W8aNA87nnKEsnQDJ2EqI8Ut5Dg9NRGz+n5EcAympJnXdeV6/yYvvGClc
i+D7cEGGiLz57241DsdHcCrx1iYyv7BlEwFhxkH+ND/i9+v9iTZk5ivmb9cBFSWx
eIDL2r27bwkhJcVyOvfmn3PJVEujT/qJN41Jo5rzZGMrrNiRagVjowR6sB2hjca8
Xtou/v3JLYEFMqCebej7GQZd7Mgq7VVU0tMxMlPhvc77O5GIuBVpt3a8Xt9AcBnC
MQxp0UjU6QC+biefw4uDWY9pyTPxh6AGLaxyEfP8qBk+vlLf4ZY9oKMuycAVNsKz
4XRdM47PgEYoWh9TncMerLHdVydqiOwqRXQxSjeWs+DT0ObkWoKXDYCc9dZMM6Qe
uRNvDcYimt46rWXWoqXjJiV/libfGIr2jGp9Bcu554kda3lUg9pNC8VF0iF1B8Td
LTu+g+zm/kLw46jg1RBvm9JraS/dKIzktoCN83WCnbFkQEtco3YkIDlYT7Q78S6r
qiAIerUO0CqAry0mKTH0pRMw5QX1ggXXaRccfLGuxwpzkhfT9kVAiWW9zcZsqQ0C
+lg5RaFqOuRbUZ/87tWO7GZGk5+1fZm080jPHjsWC7eI2nI3uS5nYS+L9O1cI17S
qlbBQN8U78Ffq8prIkSrYryf66zShPRyynTL391qauirbs6dnXz0dhVwHjqhtnGx
oBNtuqyx9cLeUcDiFi9PwRHmaz3uT2a/+++VGRM4qsSbBg0X/P5tUmTUirtBl0Y1
eT+5zI/dA1jJhMb3m4q5HzptgayQBgjmfLWYvT+GM+j2ivMgAoAYI+qgFlMyaVis
ZQuAjO2WWHvJZ+vd+Y4fFzeScdVmsxAKXT1TbLsxT0xRyWVTyyhBPrd/7RQu6ToL
1gWhHMA1CC4aSVefyMcjmuQe6Vz1QPLObKvY+00YKHiVXhhO6YAeEbgWTH7Jey55
v9kYBv28Z/l4GDRLGm1Fr4vg+3BBhoi8+e9uNQ7HR3Aq8dYmMr+wZRMBYcZB/jQ/
WlHVbXj8MYOcgrDlzEI9tA7Xi3cx/JIp1YLu2Wg+9KWJm/argDrX7Cr92XWOO6On
UDVu8uBLRWQtKMcWNaEuBk3zoqHXCPGCrFzRl6+5d2hH2hCpJo3n6oTXr67GOGhm
23WQUmV98+jeh+oyO/ksAMdlla8hRLhn9D8LE/tfUrd/vFLfyuLoLOPpD9aha5D4
bHiokzbnkSw4hqJ3+q+l/h1gUl9WAb3IRC+0bANTcwIZhFBkV8ytOPcJRb0ueiBJ
+arXA7DO9m/zQNZ1E0FB+E27m61uM3DVB7L9MJgKgiqDHfechBGx8UMm/74T1SpF
cLtcwfceuXIpV/qbjcn2f4wpiWXKK+Fyr2BJZ9rX+zLh5e80k+6hCYBF+hLm5p0B
1kOduhPoJ7svuHKE8ggfNNUistRnnHGkbaPNVFUq14UQrS9+5ewxQY3UzjUmQE+h
R1GgUhppKXAAvReK2CVXB7rHBNchietWuySFNH+RQVE4vZDJlr8bkEao5wckEaO6
vgigN8tlEhxmwyYdEXLSswSUSTygbYsd1X+fclVWdJWn2w/j8zBmCULB8oLmpXcV
1ed2NdBuL9IWk+vI4ztsR9MrLz5I1U5BvclD5KPmZLyCoU08ufpvFg6r9opw0lqu
h4AzBSQiSfp7rmBKLTN2HeY8YDoYAxKMdWROTE29y9BKh28cTE7VTEHIPv6KIZsV
O+XdJnvSnZsMzAR0i9sNhmjb3SMq7EdbipuU7TE/MNNmsugDENdInPJR6NHUvW3g
qi+M2sDowEOgAHyII0bzVIPdePIWmWLak6h0zr9OeGUdJW+9GO7bLnjtyPx7n1Zs
zukmo1TvscRx4ntO7GzoRjoMVAOi2d6iuP7o0fVMXPZ5UEngw1bmROaFzwPrrAJ5
dSQZdNQq2y6nWayZvjbK/CAZiEEsIpB17NcC6P2CbMFgvFYNXnGmrCYSZXKj+82t
ByEXuGw8oUv9KPkxmKwxdUeEc90CsQWA+YCV7h3zZzveJE1qsrnCerzmBPt6Yb8D
JZeHIsIiNCN2DkmXngB8PWeXwEzr1jOFTHhUrNuuX1BQLqSUwj87XiUmn6q0j3gZ
MfUq0pc88URQKx10qSGEaTSOPesMywzMVByLUeGwG1k7MmMYbKJIrhtc9hFs55eJ
dA0Py4xJLSxj4xB362gumCY7dyRjM+FhvwcZGvJtV4BxILAIC10KPjltF6IZdmmC
suw8H21AopiOjqGvCywdkspijpJM8XYOL6/5uJ6n4ybMe0yq4WEY9nC2s0IUKFwm
R8ieK/viAoEJzPie7nk6D+TPqiYEzb7rgxIjSK3BD4lF8McaYIfFILaMtQuRcZTe
Vjymx7Mh+E85KChSXlAsOyB6XXQUwlRNKYVhQ7nGMsG7Nq16AGzNq9l4r+kkYu9A
6BQ4bpZsdjjYFOWpQHpmtOdMEyIl2Bs9wCujRaCBOO30OB2OCo1wuymQgiX7zwcs
dmfcqLAju7VpF8xVpYRCmsBbWO4U2/IIxyDfESdNcrgQPeHmBW3sepr2O1XMnSrN
8oab+6zfVyzFlhrInmwgcqFDGQAHvJuNLVOEyfR8Dx1W/g+Ul9ZgTMN+c+5CRb2s
U2+bl9rS0swn6mjmCeXft9DaiW7ZfCX4f8gWLe3ig103Gcsupbn19oozLZTokwne
s475zHpIvODDImJ7CnKu/niAy9q9u28JISXFcjr35p97T/4hkui08O5Qa+LhIQ9k
ZQa1XQNcmaSJwZlS5//9UF7aLv79yS2BBTKgnm3o+xkGXezIKu1VVNLTMTJT4b3O
+zuRiLgVabd2vF7fQHAZwjEMadFI1OkAvm4nn8OLg1mPackz8YegBi2schHz/KgZ
Pr5S3+GWPaCjLsnAFTbCs+F0XTOOz4BGKFofU53DHqyx3VcnaojsKkV0MUo3lrPg
09Dm5FqClw2AnPXWTDOkHrkTbw3GIpreOq1l1qKl4yYlf5Ym3xiK9oxqfQXLueeJ
HWt5VIPaTQvFRdIhdQfE3S07voPs5v5C8OOo4NUQb5uWXzssZOmviLTwnB4CcbSV
7DE4o7xItDWdUAxzhwYhwKogCHq1DtAqgK8tJikx9KUTMOUF9YIF12kXHHyxrscK
c5IX0/ZFQIllvc3GbKkNAvpYOUWhajrkW1Gf/O7VjuxmRpOftX2ZtPNIzx47Fgu3
iNpyN7kuZ2Evi/TtXCNe0qpWwUDfFO/BX6vKayJEq2K8n+us0oT0csp0y9/damro
q27OnZ189HYVcB46obZxsaATbbqssfXC3lHA4hYvT8ER5ms97k9mv/vvlRkTOKrE
mwYNF/z+bVJk1Iq7QZdGNXk/ucyP3QNYyYTG95uKuR9UglozgyiWW0uFJeW43KSv
r8vcOjOzugj8spm9ZRpZwGULgIztllh7yWfr3fmOHxc3knHVZrMQCl09U2y7MU9M
UcllU8soQT63f+0ULuk6CyTh/0vYeiBH3bP/xYxXcYTQoa0Ybi5p4//5Up6eGudR
cURRIrjYnyCejwqKH8x/W+ux2ZTHiCfa7MgJQuWkYkHCo7N9Cv7NutUqj9oGlgZB
KUqC/jSCMDWcxZfiBKbGA6/L3Dozs7oI/LKZvWUaWcA4JZ0UPjRbR4ksVsijmWEA
mg2C24uZ1x8KzHKWQYEqdlG+HJWMDzAv0S1ZDcwgNhGDHfechBGx8UMm/74T1SpF
cLtcwfceuXIpV/qbjcn2f4wpiWXKK+Fyr2BJZ9rX+zLh5e80k+6hCYBF+hLm5p0B
1kOduhPoJ7svuHKE8ggfNJ4YsghzICzMa82CR2stbz5orixFb1poI0yNzUdhL+4V
+sHPxPCjvjRuIt+cVr/GqctFdPIOKantg4eeQNjhkAxRY/+u0Pvp5n225nmRUQwc
8ZvR6oRH4r90RuMgJn3wBWP5MBNhZDluFa8oFnBK6Z0gxPNEumgqYLidNymkajy+
5CnsP6si0izu0b7xSjiDcPcvxxiK3FlHVvXwyrR1rOxTnRI/n2GC+sIXiDsq22+7
g6WlI+dyCIWnQNqvt8NmaXLLLFZbFOKvHTVpwPEdCI8dJW+9GO7bLnjtyPx7n1Zs
hzIDptD0fIW4g/0+tiZXR35ezJLY7RGb1kYHnXIS7f6RZ/Nb6jinVkkXN8lmUDeS
Pd2tn2/mlf9GxOIGJxQHaO3RlkZY5p4bQUnlgdGtqe4mH3jdelvOBWjtXoUKHDVn
MfiXq48vjq0O0IL0C7FOOVppmcJfW2X2mIOxzasVnXpmaDtdpx7q5z3fD/brEMD5
TB/Rp+hDq6tVAmq8yWMchgMpDsNviC5e6G8/fU9cFnK+piwx0eE16RSkHN+TdaSM
UHgE2D0i00gIRlb09qAcrc6WY6ndgUxH0RdjgybF4Q4zGuJKwZE2XfOzASv0EIPO
uiSqmSpHAlhwk6WTE3wXrNQJP3pgmf1RTuKCJvilEwzeH5vddcaWwlNLgD+h8svV
LlFGM2BQ1bpGgHRmlkw0R3oreCX3bN0uRS/GQOrEHpwMHrN5CTt7K1Zdwi2EcXxO
uU3qCc4ortF6nlYe6a9JhgnemlDclUUZNLZvRaFe1bDk5+CH99n+D2h7sHkKj/w4
UHgE2D0i00gIRlb09qAcrbTY5fsQSPew1aMW5VWXCkNAVEhZLlvXLxpx23xIJldu
TS/elR9Mz1E6TNXfSEbu5oIVgkjWF/3OOu61f/51fbOWiEI3f+AKc+wmbIbOJttD
5tfL/P2g7qSNmlqOiMFB2xITPGOq2C2KGQxQGxiIAa/oOh7kPchrmSuqPH/uMU/J
uqRe0qLOc5aixFgQRmh9fT+/dsXE57s7SaSowlRzxCegx/FY0MxfC5D2XQd00rL7
0zsH1AEmz0u1fOTsWjmo/d4fm911xpbCU0uAP6Hyy9UuUUYzYFDVukaAdGaWTDRH
eit4Jfds3S5FL8ZA6sQenAwes3kJO3srVl3CLYRxfE6OQhkuVCizTjYQiP9TL6z/
Cd6aUNyVRRk0tm9FoV7VsGQzcqx3VDo/eqCNnc7UGzWTA12EgsWRwp2FEMgllMfn
tNjl+xBI97DVoxblVZcKQ0BUSFkuW9cvGnHbfEgmV25NL96VH0zPUTpM1d9IRu7m
ghWCSNYX/c467rV//nV9s5aIQjd/4Apz7CZshs4m20Pm18v8/aDupI2aWo6IwUHb
q1U/ih3+c9KFDNSAPRfYIklFgC+ArZSc5R5AxpQvt+e6pF7Sos5zlqLEWBBGaH19
P792xcTnuztJpKjCVHPEJ6DH8VjQzF8LkPZdB3TSsvujbirRePWX3qt5M5clpuET
3h+b3XXGlsJTS4A/ofLL1S5RRjNgUNW6RoB0ZpZMNEd6K3gl92zdLkUvxkDqxB6c
DB6zeQk7eytWXcIthHF8TuajORwjvL55qE7kqjfuKWwJ3ppQ3JVFGTS2b0WhXtWw
itwdp7hhiD+0WbIOszBd7SH8DYQGlKdQaO5i23RD+A+02OX7EEj3sNWjFuVVlwpD
QFRIWS5b1y8acdt8SCZXbk0v3pUfTM9ROkzV30hG7uaCFYJI1hf9zjrutX/+dX2z
lohCN3/gCnPsJmyGzibbQ+bXy/z9oO6kjZpajojBQdto290jKuxHW4qblO0xPzDT
EBVjjxJOiunEcE/pqIMgjbqkXtKiznOWosRYEEZofX0/v3bFxOe7O0mkqMJUc8Qn
oMfxWNDMXwuQ9l0HdNKy+3GEyEtou5YmLQ5qQ82rk+xf4Diexc+oJIQJ0A/n/Dsb
o3cnTwP7M3Q3vmONpiTWO1/5fYfVUbxiL+JRIG0EtAxse5G3Aq4fRDFHb3wfqjBQ
Z7FXhTNsHJ7jZIIUQiKtzLxDwr95BW85rFvvSkXQsPqtlLyL82koDlMDSf5aXAwR
l15t5aq7RTNqbi2E6jwLdmHGmvzcDiJjP8M1Sar6Hm4G/N8aXoPNLl1L7RG4MqHa
wWg0RF4D+d+/H1IgYTponcgSSwNardZKIt1QCBRp2Ug3+6Bjg+2b0ou0mjErOUwf
YHf+b4GBPo61W3hcfJJBzniAy9q9u28JISXFcjr35p9/wR2jCi7d0pynhs4k61Hw
2gJlXJzmsof2I5Gl+QK0ycCFeoTQ7FqCwQxkqje+KdSariBgOUH5oOBv4e9czUvq
906LSlmye3etQQhKmkhBqKhmF0IRXe7JHR4WbSHwAa8bijm7Jlwa6snju8zSnvye
u32t2CMx6SGsqDC2fWrDHkyi8yJPNpwHFPktw9yevZ4s5n9b2vxKGg/7JgqIdtna
ovVuTcbACoqKo9uguS6mFQ57jKRXrrGN/KQtyo1+pUYYVu41fHIaMAW0VR741tcL
NIP/L0ZwDCbXMbRf6YLoAo+/NuzSraCf35MMzbxmFt43jb2+RG8PsMIbkrG8WMXJ
nw6kbFxNH9KUAvzsHQmVSOJe5ig1WqHOhz0miQrFZiIe5vaHavrSM0rIzmwMMvr2
vY/46U/VXMgAhuvCFamejtoxticAbwGtDjhXxr8eurW3vJfDCzLfwg4TsSVuzyjW
PNgGu6u+u4+Shs4yGiY+I/zdahsH3HbpfCxnbVQCEdXQE9KX8gr6luFh7hOp3YLM
CFxGj2Ag/rlEiJ0Qm+xcy7fPLgSZPNr12tnz3LfvBJUrnb/HCo0Qme4+lIqfS3pK
SPdz7nxZCrFBpYDvoBLfroTeCx9x7C0eEhONotIiOZowVWpZf6+lhgjJS+Zzg1UX
qV0ZvYV+bP39cfkPwpQaNVi31746NlQZGT1ZfFTJVEELcbVcCRos51RhoNGcEQAT
4v2C/ggH4tXWdMp9N0cd71IAXChRdCr73avwKeShZpd5pwvb7f2F4NlRTZBaj3rY
83RKarNqQLOzBVB02BPqs8eY2CTgKA1ZvY50K+o9nb+jcz21BLCuXDC0qTmdXgWs
cvaFvAjvO4WxYr9SQF3wvv8+M61cDSEYIlyEXQ36+8OcLdcFfZ82hDBPiLk3z/Fx
354CvBgMXBwUKs3EnwgstbsJfihrcDVmLNt1I7KNrI4kq0fB6rnm05B1k4J6chuV
yKnYpK/MSOFKv4mRJW3v6oINWXE2S9U7A+i363wW+DNO01DeDHijb7PfVLTCXf4O
arSGOFiatk8Y3lYnG6HwpimIqjwW3TjObL6Pb9oSAFYx9SrSlzzxRFArHXSpIYRp
QBmpTEtQXZVZX0rD6VMA7v8+M61cDSEYIlyEXQ36+8N3B2Ub+G6LPz0uILDEJ1U+
KAr3Ruwg+X9V/R38MzNWeNWrzRo5DCiWQPaKPA1y07xiJpv5jhtwUYAlDRSuO+A1
bWv7VgX/4+CFBELuSN9twXdtYUPZl0gXMkodwpHlkHieGLIIcyAszGvNgkdrLW8+
U66Q959AzxHYVBI1nyhpHVJkAWqngz7CZOS7GY0RNO40ke9IfAj+RuSOdNpGfY4I
Ne1BrQlarGTaXDmsyc9gtvFKlmI8WYIz4jHw1kGNV6Zyp8/xdmAD6T/AW2ZojnjB
3foHCoVlvE1LKSjJXWD/lw==
